// !$*UTF8*$!
{
	archiveVersion = 1;
	classes = {
	};
	objectVersion = 46;
	objects = {

/* Begin PBXBuildFile section */
		6607F95C14D0CD7F00F1E7C6 /* Credits.rtf in Resources */ = {isa = PBXBuildFile; fileRef = 6607F95914D0CD7F00F1E7C6 /* Credits.rtf */; };
		6607F95D14D0CD7F00F1E7C6 /* InfoPlist.strings in Resources */ = {isa = PBXBuildFile; fileRef = 6607F95A14D0CD7F00F1E7C6 /* InfoPlist.strings */; };
		6607F95E14D0CD7F00F1E7C6 /* MainMenu.xib in Resources */ = {isa = PBXBuildFile; fileRef = 6607F95B14D0CD7F00F1E7C6 /* MainMenu.xib */; };
		6607F97014D0DD9900F1E7C6 /* PersistentRootWindow.nib in Resources */ = {isa = PBXBuildFile; fileRef = 6607F96F14D0DD9900F1E7C6 /* PersistentRootWindow.nib */; };
		6660E23614F84A6C00D2F319 /* TestItemDiffMerge.m in Sources */ = {isa = PBXBuildFile; fileRef = 6660E23514F84A6C00D2F319 /* TestItemDiffMerge.m */; };
		6660E23A14F84B3000D2F319 /* TestItem.m in Sources */ = {isa = PBXBuildFile; fileRef = 6660E23914F84B3000D2F319 /* TestItem.m */; };
		6660E23B14F84BD500D2F319 /* TestStore.m in Sources */ = {isa = PBXBuildFile; fileRef = 6628FBA6142FA7840072767A /* TestStore.m */; };
		6660E23E14F84C2A00D2F319 /* TestPath.m in Sources */ = {isa = PBXBuildFile; fileRef = 6660E23D14F84C2A00D2F319 /* TestPath.m */; };
		66E22EC91421D47100C00A98 /* Foundation.framework in Frameworks */ = {isa = PBXBuildFile; fileRef = 66E22EC81421D47100C00A98 /* Foundation.framework */; };
		66E7783614E6049E00D5DFFF /* Cocoa.framework in Frameworks */ = {isa = PBXBuildFile; fileRef = 66EB756B148CA9D300C2114B /* Cocoa.framework */; };
		66E7784414E604D300D5DFFF /* UKRunner.m in Sources */ = {isa = PBXBuildFile; fileRef = 66E7782114E6041900D5DFFF /* UKRunner.m */; };
		66E7784514E604E000D5DFFF /* UKTask.m in Sources */ = {isa = PBXBuildFile; fileRef = 66E7782314E6041900D5DFFF /* UKTask.m */; };
		66E7784614E604E000D5DFFF /* UKTestHandler.m in Sources */ = {isa = PBXBuildFile; fileRef = 66E7782614E6041900D5DFFF /* UKTestHandler.m */; };
		66E7784714E604ED00D5DFFF /* UKRunner.h in Headers */ = {isa = PBXBuildFile; fileRef = 66E7782014E6041900D5DFFF /* UKRunner.h */; settings = {ATTRIBUTES = (Public, ); }; };
		66E7784814E604ED00D5DFFF /* UKTask.h in Headers */ = {isa = PBXBuildFile; fileRef = 66E7782214E6041900D5DFFF /* UKTask.h */; settings = {ATTRIBUTES = (Public, ); }; };
		66E7784914E604ED00D5DFFF /* UKTest.h in Headers */ = {isa = PBXBuildFile; fileRef = 66E7782414E6041900D5DFFF /* UKTest.h */; settings = {ATTRIBUTES = (Public, ); }; };
		66E7784A14E604ED00D5DFFF /* UKTestHandler.h in Headers */ = {isa = PBXBuildFile; fileRef = 66E7782514E6041900D5DFFF /* UKTestHandler.h */; settings = {ATTRIBUTES = (Public, ); }; };
		66E7784B14E604ED00D5DFFF /* UnitKit.h in Headers */ = {isa = PBXBuildFile; fileRef = 66E7782714E6041900D5DFFF /* UnitKit.h */; settings = {ATTRIBUTES = (Public, ); }; };
		66E7785214E6062100D5DFFF /* Cocoa.framework in Frameworks */ = {isa = PBXBuildFile; fileRef = 66EB756B148CA9D300C2114B /* Cocoa.framework */; };
		66E7786014E6073100D5DFFF /* ETUUID.m in Sources */ = {isa = PBXBuildFile; fileRef = 66E8776A1455FE67006CBE7E /* ETUUID.m */; };
		66E7786114E6073100D5DFFF /* COPath.m in Sources */ = {isa = PBXBuildFile; fileRef = 66EE5D3914637418008AA95B /* COPath.m */; };
		66E7786214E6073100D5DFFF /* COType.m in Sources */ = {isa = PBXBuildFile; fileRef = 66EDFD95148EF73200D0DC0B /* COType.m */; };
		66E7786314E6073100D5DFFF /* COType+Plist.m in Sources */ = {isa = PBXBuildFile; fileRef = 66F39B851490A8540097B7D5 /* COType+Plist.m */; };
		66E7786414E6073100D5DFFF /* COType+String.m in Sources */ = {isa = PBXBuildFile; fileRef = 66E503891495E6EF003C69C7 /* COType+String.m */; };
		66E7786514E6073100D5DFFF /* COType+Diff.m in Sources */ = {isa = PBXBuildFile; fileRef = 66E4BE5A149713CA00B7024A /* COType+Diff.m */; };
		66E7786614E6073100D5DFFF /* COItem.m in Sources */ = {isa = PBXBuildFile; fileRef = 66EADD68147345B9003181FC /* COItem.m */; };
		66E7786714E6073100D5DFFF /* COItemPath.m in Sources */ = {isa = PBXBuildFile; fileRef = 668DA35E14E0E41A0062E6C2 /* COItemPath.m */; };
		66E7786814E6073100D5DFFF /* COSubtree.m in Sources */ = {isa = PBXBuildFile; fileRef = 66E76735148B3D1C009937E8 /* COSubtree.m */; };
		66E7786914E6073100D5DFFF /* COSubtreeCopy.m in Sources */ = {isa = PBXBuildFile; fileRef = 66E8E93414D4BC7F00CBE2D8 /* COSubtreeCopy.m */; };
		66E7786A14E6073100D5DFFF /* COSubtreeFactory.m in Sources */ = {isa = PBXBuildFile; fileRef = 79297308148C94FD00FD35A9 /* COSubtreeFactory.m */; };
		66E7786B14E6073100D5DFFF /* COPersistentRoot.m in Sources */ = {isa = PBXBuildFile; fileRef = 66D516AA14E44F900055A6A2 /* COPersistentRoot.m */; };
		66E7786C14E6073100D5DFFF /* COSubtreeFactory+PersistentRoots.m in Sources */ = {isa = PBXBuildFile; fileRef = 79999F1414DE597200FFBC99 /* COSubtreeFactory+PersistentRoots.m */; };
		66E7786D14E6073100D5DFFF /* COSubtreeFactory+Undo.m in Sources */ = {isa = PBXBuildFile; fileRef = 66E2FFB714899C7A00C66578 /* COSubtreeFactory+Undo.m */; };
		66E7786E14E6073100D5DFFF /* COSubtreeFactory+Pull.m in Sources */ = {isa = PBXBuildFile; fileRef = 79F8202C14E25D85008236F6 /* COSubtreeFactory+Pull.m */; };
		66E7786F14E6073100D5DFFF /* diff.cc in Sources */ = {isa = PBXBuildFile; fileRef = 66101A0914D09FAA00B50075 /* diff.cc */; };
		66E7787014E6073100D5DFFF /* COArrayDiff.m in Sources */ = {isa = PBXBuildFile; fileRef = 66E503931495F9CF003C69C7 /* COArrayDiff.m */; };
		66E7787214E6073100D5DFFF /* COSetDiff.m in Sources */ = {isa = PBXBuildFile; fileRef = 66E5039B1495F9CF003C69C7 /* COSetDiff.m */; };
		66E7787414E6073100D5DFFF /* COItemDiff.m in Sources */ = {isa = PBXBuildFile; fileRef = 66E4BE561496956200B7024A /* COItemDiff.m */; };
		66E7787514E6073100D5DFFF /* COSubtreeDiff.m in Sources */ = {isa = PBXBuildFile; fileRef = 669CADE71491844000D0CF5F /* COSubtreeDiff.m */; };
		66E7787614E6073100D5DFFF /* COPersistentRootDiff.m in Sources */ = {isa = PBXBuildFile; fileRef = 66E777EB14E595F900D5DFFF /* COPersistentRootDiff.m */; };
		66E7787714E6073100D5DFFF /* COPersistentRootEditingContext.m in Sources */ = {isa = PBXBuildFile; fileRef = 66EE5D35146355A6008AA95B /* COPersistentRootEditingContext.m */; };
		66E7787814E6073100D5DFFF /* COStore.m in Sources */ = {isa = PBXBuildFile; fileRef = 66E877561455F0CB006CBE7E /* COStore.m */; };
		66E7787914E6075B00D5DFFF /* COMacros.h in Headers */ = {isa = PBXBuildFile; fileRef = 66DFAEC4142A726100623060 /* COMacros.h */; settings = {ATTRIBUTES = (Public, ); }; };
		66E7787A14E6075B00D5DFFF /* ETUUID.h in Headers */ = {isa = PBXBuildFile; fileRef = 66E877691455FE5B006CBE7E /* ETUUID.h */; settings = {ATTRIBUTES = (Public, ); }; };
		66E7787B14E6075B00D5DFFF /* COPath.h in Headers */ = {isa = PBXBuildFile; fileRef = 66EE5D3814637418008AA95B /* COPath.h */; settings = {ATTRIBUTES = (Public, ); }; };
		66E7787C14E6075B00D5DFFF /* COType.h in Headers */ = {isa = PBXBuildFile; fileRef = 66EDFD94148EF73200D0DC0B /* COType.h */; settings = {ATTRIBUTES = (Public, ); }; };
		66E7787D14E6075B00D5DFFF /* COType+Plist.h in Headers */ = {isa = PBXBuildFile; fileRef = 66F39B841490A8540097B7D5 /* COType+Plist.h */; settings = {ATTRIBUTES = (Public, ); }; };
		66E7787E14E6075B00D5DFFF /* COType+String.h in Headers */ = {isa = PBXBuildFile; fileRef = 66E503881495E6EF003C69C7 /* COType+String.h */; settings = {ATTRIBUTES = (Public, ); }; };
		66E7787F14E6075B00D5DFFF /* COType+Diff.h in Headers */ = {isa = PBXBuildFile; fileRef = 66E4BE59149713CA00B7024A /* COType+Diff.h */; settings = {ATTRIBUTES = (Public, ); }; };
		66E7788014E6075B00D5DFFF /* COTypePrivate.h in Headers */ = {isa = PBXBuildFile; fileRef = 66F39B861490A8540097B7D5 /* COTypePrivate.h */; settings = {ATTRIBUTES = (Public, ); }; };
		66E7788114E6075B00D5DFFF /* COItem.h in Headers */ = {isa = PBXBuildFile; fileRef = 66EADD67147345B9003181FC /* COItem.h */; settings = {ATTRIBUTES = (Public, ); }; };
		66E7788214E6075B00D5DFFF /* COItemPath.h in Headers */ = {isa = PBXBuildFile; fileRef = 668DA36114E0E4210062E6C2 /* COItemPath.h */; settings = {ATTRIBUTES = (Public, ); }; };
		66E7788314E6075B00D5DFFF /* COSubtree.h in Headers */ = {isa = PBXBuildFile; fileRef = 66E76734148B3D1C009937E8 /* COSubtree.h */; settings = {ATTRIBUTES = (Public, ); }; };
		66E7788414E6075B00D5DFFF /* COSubtreeCopy.h in Headers */ = {isa = PBXBuildFile; fileRef = 66E8E93314D4BC7F00CBE2D8 /* COSubtreeCopy.h */; settings = {ATTRIBUTES = (Public, ); }; };
		66E7788514E6075B00D5DFFF /* COSubtreeFactory.h in Headers */ = {isa = PBXBuildFile; fileRef = 79297307148C94FD00FD35A9 /* COSubtreeFactory.h */; settings = {ATTRIBUTES = (Public, ); }; };
		66E7788614E6075B00D5DFFF /* COPersistentRoot.h in Headers */ = {isa = PBXBuildFile; fileRef = 66D516A914E44F900055A6A2 /* COPersistentRoot.h */; settings = {ATTRIBUTES = (Public, ); }; };
		66E7788714E6075B00D5DFFF /* COSubtreeFactory+PersistentRoots.h in Headers */ = {isa = PBXBuildFile; fileRef = 79999F1314DE597200FFBC99 /* COSubtreeFactory+PersistentRoots.h */; settings = {ATTRIBUTES = (Public, ); }; };
		66E7788814E6075B00D5DFFF /* COSubtreeFactory+Undo.h in Headers */ = {isa = PBXBuildFile; fileRef = 66E2FFB614899C7A00C66578 /* COSubtreeFactory+Undo.h */; settings = {ATTRIBUTES = (Public, ); }; };
		66E7788914E6075B00D5DFFF /* COSubtreeFactory+Pull.h in Headers */ = {isa = PBXBuildFile; fileRef = 79F8202B14E25D85008236F6 /* COSubtreeFactory+Pull.h */; settings = {ATTRIBUTES = (Public, ); }; };
		66E7788A14E6075B00D5DFFF /* diff.h in Headers */ = {isa = PBXBuildFile; fileRef = 66101A0D14D09FB700B50075 /* diff.h */; settings = {ATTRIBUTES = (Public, ); }; };
		66E7788B14E6075B00D5DFFF /* COArrayDiff.h in Headers */ = {isa = PBXBuildFile; fileRef = 66E503921495F9CF003C69C7 /* COArrayDiff.h */; settings = {ATTRIBUTES = (Public, ); }; };
		66E7788D14E6075B00D5DFFF /* COSetDiff.h in Headers */ = {isa = PBXBuildFile; fileRef = 66E5039A1495F9CF003C69C7 /* COSetDiff.h */; settings = {ATTRIBUTES = (Public, ); }; };
		66E7788F14E6075B00D5DFFF /* COItemDiff.h in Headers */ = {isa = PBXBuildFile; fileRef = 66E4BE551496956200B7024A /* COItemDiff.h */; settings = {ATTRIBUTES = (Public, ); }; };
		66E7789014E6075B00D5DFFF /* COSubtreeDiff.h in Headers */ = {isa = PBXBuildFile; fileRef = 669CADE61491844000D0CF5F /* COSubtreeDiff.h */; settings = {ATTRIBUTES = (Public, ); }; };
		66E7789114E6075B00D5DFFF /* COPersistentRootDiff.h in Headers */ = {isa = PBXBuildFile; fileRef = 66E777EA14E595F900D5DFFF /* COPersistentRootDiff.h */; settings = {ATTRIBUTES = (Public, ); }; };
		66E7789214E6075B00D5DFFF /* COPersistentRootEditingContext.h in Headers */ = {isa = PBXBuildFile; fileRef = 66EE5D34146355A6008AA95B /* COPersistentRootEditingContext.h */; settings = {ATTRIBUTES = (Public, ); }; };
		66E7789314E6075B00D5DFFF /* COStore.h in Headers */ = {isa = PBXBuildFile; fileRef = 66E877551455F0CB006CBE7E /* COStore.h */; settings = {ATTRIBUTES = (Public, ); }; };
		66E7789414E6075B00D5DFFF /* COStorePrivate.h in Headers */ = {isa = PBXBuildFile; fileRef = 66E5CBA814830C5700D01039 /* COStorePrivate.h */; settings = {ATTRIBUTES = (Public, ); }; };
		66E7789514E6077B00D5DFFF /* NestedVersioning.framework in Frameworks */ = {isa = PBXBuildFile; fileRef = 66E7785114E6062100D5DFFF /* NestedVersioning.framework */; };
		66E7789814E6079600D5DFFF /* EWGraphRenderer.m in Sources */ = {isa = PBXBuildFile; fileRef = 66300AF91492CA7E00246C89 /* EWGraphRenderer.m */; };
		66E7789914E6079600D5DFFF /* main.m in Sources */ = {isa = PBXBuildFile; fileRef = 66EB7577148CA9D300C2114B /* main.m */; };
		66E7789A14E6079600D5DFFF /* AppDelegate.m in Sources */ = {isa = PBXBuildFile; fileRef = 66EB757E148CA9D300C2114B /* AppDelegate.m */; };
		66E7789B14E6079600D5DFFF /* EWPersistentRootWindowController.m in Sources */ = {isa = PBXBuildFile; fileRef = 79926C18148CADF80095A665 /* EWPersistentRootWindowController.m */; };
		66E7789C14E6079600D5DFFF /* EWPersistentRootOutlineRow.m in Sources */ = {isa = PBXBuildFile; fileRef = 660E66E3148D92E00062308D /* EWPersistentRootOutlineRow.m */; };
		66E7789D14E6079600D5DFFF /* EWHistoryGraphView.m in Sources */ = {isa = PBXBuildFile; fileRef = 66300AFC1493148300246C89 /* EWHistoryGraphView.m */; };
		66E7789E14E6079600D5DFFF /* EWOutlineView.m in Sources */ = {isa = PBXBuildFile; fileRef = 66E4BE5D1497464100B7024A /* EWOutlineView.m */; };
		66E7789F14E607BD00D5DFFF /* NestedVersioning.framework in Frameworks */ = {isa = PBXBuildFile; fileRef = 66E7785114E6062100D5DFFF /* NestedVersioning.framework */; };
		66E778A014E607BD00D5DFFF /* UnitKit.framework in Frameworks */ = {isa = PBXBuildFile; fileRef = 66E7783514E6049E00D5DFFF /* UnitKit.framework */; };
		66E778A114E607CD00D5DFFF /* main.m in Sources */ = {isa = PBXBuildFile; fileRef = 66DFAEBF142A726100623060 /* main.m */; };
		66E778A214E607CD00D5DFFF /* TestSubtree.m in Sources */ = {isa = PBXBuildFile; fileRef = 7978700E14D799A200B45FC6 /* TestSubtree.m */; };
		66E778A314E607CD00D5DFFF /* TestUndo.m in Sources */ = {isa = PBXBuildFile; fileRef = 66EADD6414732AEE003181FC /* TestUndo.m */; };
		66E778A414E607CD00D5DFFF /* TestTagging.m in Sources */ = {isa = PBXBuildFile; fileRef = 66F4E315147C59F0004FC1BA /* TestTagging.m */; };
		66E778A514E607CD00D5DFFF /* TestCommon.m in Sources */ = {isa = PBXBuildFile; fileRef = 79CB302914C63E1C00ADAB77 /* TestCommon.m */; };
		66E778A614E607CD00D5DFFF /* TestPull.m in Sources */ = {isa = PBXBuildFile; fileRef = 79F8205614E26118008236F6 /* TestPull.m */; };
		66E778AD14E6080700D5DFFF /* TestPersistentRootEditingContext.m in Sources */ = {isa = PBXBuildFile; fileRef = 66E778AC14E6080700D5DFFF /* TestPersistentRootEditingContext.m */; };
		66E778B714E60E3C00D5DFFF /* Icon-Fail.tiff in Resources */ = {isa = PBXBuildFile; fileRef = 66E778B514E60E3C00D5DFFF /* Icon-Fail.tiff */; };
		66E778B814E60E3C00D5DFFF /* Icon-Pass.tiff in Resources */ = {isa = PBXBuildFile; fileRef = 66E778B614E60E3C00D5DFFF /* Icon-Pass.tiff */; };
		66E778BE14E60ED900D5DFFF /* InfoPlist.strings in Resources */ = {isa = PBXBuildFile; fileRef = 66E778BA14E60ED900D5DFFF /* InfoPlist.strings */; };
		66E778BF14E60ED900D5DFFF /* UKTestHandler.strings in Resources */ = {isa = PBXBuildFile; fileRef = 66E778BC14E60ED900D5DFFF /* UKTestHandler.strings */; };
		66EB756C148CA9D300C2114B /* Cocoa.framework in Frameworks */ = {isa = PBXBuildFile; fileRef = 66EB756B148CA9D300C2114B /* Cocoa.framework */; };
		66F0C88014C542CD00C0B5A6 /* package.png in Resources */ = {isa = PBXBuildFile; fileRef = 66F0C87F14C542CD00C0B5A6 /* package.png */; };
		66F0C88614C5430D00C0B5A6 /* brick.png in Resources */ = {isa = PBXBuildFile; fileRef = 66F0C88514C5430D00C0B5A6 /* brick.png */; };
		66F0C88814C5434200C0B5A6 /* arrow_branch.png in Resources */ = {isa = PBXBuildFile; fileRef = 66F0C88714C5434200C0B5A6 /* arrow_branch.png */; };
		66F0C88C14C5440500C0B5A6 /* bullet_yellow.png in Resources */ = {isa = PBXBuildFile; fileRef = 66F0C88B14C5440500C0B5A6 /* bullet_yellow.png */; };
		66F0C88E14C5444600C0B5A6 /* bullet_yellow_multiple.png in Resources */ = {isa = PBXBuildFile; fileRef = 66F0C88D14C5444600C0B5A6 /* bullet_yellow_multiple.png */; };
		79016345148D4886005A9226 /* libcrypto.dylib in Frameworks */ = {isa = PBXBuildFile; fileRef = 66E552B4146B7799008FDFAF /* libcrypto.dylib */; };
		790574FC14F8A7D20007C67B /* TestSubtreeDiffMerge.m in Sources */ = {isa = PBXBuildFile; fileRef = 790574FB14F8A7D20007C67B /* TestSubtreeDiffMerge.m */; };
		79284A7814F465890063B0BF /* EWIconTextFieldCell.m in Sources */ = {isa = PBXBuildFile; fileRef = 79284A7714F465890063B0BF /* EWIconTextFieldCell.m */; };
		7968177914E7B3A400E5810C /* COSequenceDiff.h in Headers */ = {isa = PBXBuildFile; fileRef = 7968177814E7B3A400E5810C /* COSequenceDiff.h */; };
		798763E214EB3B7A0064002F /* TestSequenceDiffMerge.m in Sources */ = {isa = PBXBuildFile; fileRef = 798763E114EB3B7A0064002F /* TestSequenceDiffMerge.m */; };
		7994684514EB9F7A008AC16E /* TestSetDiffMerge.m in Sources */ = {isa = PBXBuildFile; fileRef = 7994684414EB9F7A008AC16E /* TestSetDiffMerge.m */; };
		79B5788514ECC47D00B3563F /* COSequenceDiff.m in Sources */ = {isa = PBXBuildFile; fileRef = 7968177614E7B39E00E5810C /* COSequenceDiff.m */; };
		79B578D914ECC94E00B3563F /* EWDiffWindowController.m in Sources */ = {isa = PBXBuildFile; fileRef = 79B578D814ECC94E00B3563F /* EWDiffWindowController.m */; };
		79B578E314ECCACE00B3563F /* DiffWindow.nib in Resources */ = {isa = PBXBuildFile; fileRef = 79B578E214ECCACE00B3563F /* DiffWindow.nib */; };
		79CB315114C6911400ADAB77 /* arrow_branch_purple.png in Resources */ = {isa = PBXBuildFile; fileRef = 79CB315014C6911400ADAB77 /* arrow_branch_purple.png */; };
		79F0CED614E61795001D440B /* TestTagging.m in Sources */ = {isa = PBXBuildFile; fileRef = 66F4E315147C59F0004FC1BA /* TestTagging.m */; };
		79F0CEDD14E6179F001D440B /* TestCommon.m in Sources */ = {isa = PBXBuildFile; fileRef = 79CB302914C63E1C00ADAB77 /* TestCommon.m */; };
		79F0CEE214E617AA001D440B /* UnitKit.framework in Frameworks */ = {isa = PBXBuildFile; fileRef = 66E7783514E6049E00D5DFFF /* UnitKit.framework */; };
/* End PBXBuildFile section */

/* Begin PBXContainerItemProxy section */
		66E7789614E6078200D5DFFF /* PBXContainerItemProxy */ = {
			isa = PBXContainerItemProxy;
			containerPortal = 662811ED13F8B5000075BBC2 /* Project object */;
			proxyType = 1;
			remoteGlobalIDString = 66E7785014E6062100D5DFFF;
			remoteInfo = NestedVersioning;
		};
		66E778A714E607D400D5DFFF /* PBXContainerItemProxy */ = {
			isa = PBXContainerItemProxy;
			containerPortal = 662811ED13F8B5000075BBC2 /* Project object */;
			proxyType = 1;
			remoteGlobalIDString = 66E7783414E6049E00D5DFFF;
			remoteInfo = UnitKit;
		};
		66E778A914E607D400D5DFFF /* PBXContainerItemProxy */ = {
			isa = PBXContainerItemProxy;
			containerPortal = 662811ED13F8B5000075BBC2 /* Project object */;
			proxyType = 1;
			remoteGlobalIDString = 66E7785014E6062100D5DFFF;
			remoteInfo = NestedVersioning;
		};
		79F0CEE014E617A6001D440B /* PBXContainerItemProxy */ = {
			isa = PBXContainerItemProxy;
			containerPortal = 662811ED13F8B5000075BBC2 /* Project object */;
			proxyType = 1;
			remoteGlobalIDString = 66E7783414E6049E00D5DFFF;
			remoteInfo = UnitKit;
		};
/* End PBXContainerItemProxy section */

/* Begin PBXCopyFilesBuildPhase section */
		66E22EC41421D47100C00A98 /* CopyFiles */ = {
			isa = PBXCopyFilesBuildPhase;
			buildActionMask = 2147483647;
			dstPath = /usr/share/man/man1/;
			dstSubfolderSpec = 0;
			files = (
			);
			runOnlyForDeploymentPostprocessing = 1;
		};
/* End PBXCopyFilesBuildPhase section */

/* Begin PBXFileReference section */
		6607F95914D0CD7F00F1E7C6 /* Credits.rtf */ = {isa = PBXFileReference; fileEncoding = 4; lastKnownFileType = text.rtf; path = Credits.rtf; sourceTree = "<group>"; };
		6607F95A14D0CD7F00F1E7C6 /* InfoPlist.strings */ = {isa = PBXFileReference; fileEncoding = 4; lastKnownFileType = text.plist.strings; path = InfoPlist.strings; sourceTree = "<group>"; };
		6607F95B14D0CD7F00F1E7C6 /* MainMenu.xib */ = {isa = PBXFileReference; fileEncoding = 4; lastKnownFileType = file.xib; path = MainMenu.xib; sourceTree = "<group>"; };
		6607F96F14D0DD9900F1E7C6 /* PersistentRootWindow.nib */ = {isa = PBXFileReference; lastKnownFileType = wrapper.nib; path = PersistentRootWindow.nib; sourceTree = "<group>"; };
		660E66E2148D92E00062308D /* EWPersistentRootOutlineRow.h */ = {isa = PBXFileReference; fileEncoding = 4; lastKnownFileType = sourcecode.c.h; path = EWPersistentRootOutlineRow.h; sourceTree = "<group>"; };
		660E66E3148D92E00062308D /* EWPersistentRootOutlineRow.m */ = {isa = PBXFileReference; fileEncoding = 4; lastKnownFileType = sourcecode.c.objc; path = EWPersistentRootOutlineRow.m; sourceTree = "<group>"; };
		66101A0914D09FAA00B50075 /* diff.cc */ = {isa = PBXFileReference; fileEncoding = 4; lastKnownFileType = sourcecode.cpp.cpp; name = diff.cc; path = Diff/diff.cc; sourceTree = "<group>"; };
		66101A0D14D09FB700B50075 /* diff.h */ = {isa = PBXFileReference; fileEncoding = 4; lastKnownFileType = sourcecode.c.h; name = diff.h; path = Diff/diff.h; sourceTree = "<group>"; };
		6628FBA1142FA7840072767A /* TestCopyEmbeddedObjects.m */ = {isa = PBXFileReference; fileEncoding = 4; lastKnownFileType = sourcecode.c.objc; path = TestCopyEmbeddedObjects.m; sourceTree = "<group>"; };
		6628FBA2142FA7840072767A /* TestEditingContext.m */ = {isa = PBXFileReference; fileEncoding = 4; lastKnownFileType = sourcecode.c.objc; path = TestEditingContext.m; sourceTree = "<group>"; };
		6628FBA3142FA7840072767A /* TestHistoryTrack.m */ = {isa = PBXFileReference; fileEncoding = 4; lastKnownFileType = sourcecode.c.objc; path = TestHistoryTrack.m; sourceTree = "<group>"; };
		6628FBA4142FA7840072767A /* TestPerformance.m */ = {isa = PBXFileReference; fileEncoding = 4; lastKnownFileType = sourcecode.c.objc; path = TestPerformance.m; sourceTree = "<group>"; };
		6628FBA6142FA7840072767A /* TestStore.m */ = {isa = PBXFileReference; fileEncoding = 4; lastKnownFileType = sourcecode.c.objc; path = TestStore.m; sourceTree = "<group>"; };
		6628FBA7142FA7840072767A /* TestSynchronization.m */ = {isa = PBXFileReference; fileEncoding = 4; lastKnownFileType = sourcecode.c.objc; path = TestSynchronization.m; sourceTree = "<group>"; };
		6628FBA8142FA7840072767A /* TestUtilities.m */ = {isa = PBXFileReference; fileEncoding = 4; lastKnownFileType = sourcecode.c.objc; path = TestUtilities.m; sourceTree = "<group>"; };
		66300AF81492CA7E00246C89 /* EWGraphRenderer.h */ = {isa = PBXFileReference; fileEncoding = 4; lastKnownFileType = sourcecode.c.h; path = EWGraphRenderer.h; sourceTree = "<group>"; };
		66300AF91492CA7E00246C89 /* EWGraphRenderer.m */ = {isa = PBXFileReference; fileEncoding = 4; lastKnownFileType = sourcecode.c.objc; path = EWGraphRenderer.m; sourceTree = "<group>"; };
		66300AFB1493148300246C89 /* EWHistoryGraphView.h */ = {isa = PBXFileReference; fileEncoding = 4; lastKnownFileType = sourcecode.c.h; path = EWHistoryGraphView.h; sourceTree = "<group>"; };
		66300AFC1493148300246C89 /* EWHistoryGraphView.m */ = {isa = PBXFileReference; fileEncoding = 4; lastKnownFileType = sourcecode.c.objc; path = EWHistoryGraphView.m; sourceTree = "<group>"; };
		66416D20142D3EE20016501D /* README */ = {isa = PBXFileReference; lastKnownFileType = text; path = README; sourceTree = "<group>"; };
		6660E23514F84A6C00D2F319 /* TestItemDiffMerge.m */ = {isa = PBXFileReference; fileEncoding = 4; lastKnownFileType = sourcecode.c.objc; path = TestItemDiffMerge.m; sourceTree = "<group>"; };
		6660E23914F84B3000D2F319 /* TestItem.m */ = {isa = PBXFileReference; fileEncoding = 4; lastKnownFileType = sourcecode.c.objc; path = TestItem.m; sourceTree = "<group>"; };
		6660E23D14F84C2A00D2F319 /* TestPath.m */ = {isa = PBXFileReference; fileEncoding = 4; lastKnownFileType = sourcecode.c.objc; path = TestPath.m; sourceTree = "<group>"; };
		668DA35E14E0E41A0062E6C2 /* COItemPath.m */ = {isa = PBXFileReference; fileEncoding = 4; lastKnownFileType = sourcecode.c.objc; path = COItemPath.m; sourceTree = "<group>"; };
		668DA36114E0E4210062E6C2 /* COItemPath.h */ = {isa = PBXFileReference; fileEncoding = 4; lastKnownFileType = sourcecode.c.h; path = COItemPath.h; sourceTree = "<group>"; };
		669CADE61491844000D0CF5F /* COSubtreeDiff.h */ = {isa = PBXFileReference; fileEncoding = 4; lastKnownFileType = sourcecode.c.h; path = COSubtreeDiff.h; sourceTree = "<group>"; };
		669CADE71491844000D0CF5F /* COSubtreeDiff.m */ = {isa = PBXFileReference; fileEncoding = 4; lastKnownFileType = sourcecode.c.objc; path = COSubtreeDiff.m; sourceTree = "<group>"; };
		66D516A914E44F900055A6A2 /* COPersistentRoot.h */ = {isa = PBXFileReference; fileEncoding = 4; lastKnownFileType = sourcecode.c.h; path = COPersistentRoot.h; sourceTree = "<group>"; };
		66D516AA14E44F900055A6A2 /* COPersistentRoot.m */ = {isa = PBXFileReference; fileEncoding = 4; lastKnownFileType = sourcecode.c.objc; path = COPersistentRoot.m; sourceTree = "<group>"; };
		66DFAEBF142A726100623060 /* main.m */ = {isa = PBXFileReference; fileEncoding = 4; lastKnownFileType = sourcecode.c.objc; path = main.m; sourceTree = "<group>"; };
		66DFAEC4142A726100623060 /* COMacros.h */ = {isa = PBXFileReference; fileEncoding = 4; lastKnownFileType = sourcecode.c.h; path = COMacros.h; sourceTree = "<group>"; };
		66DFAECA142A726100623060 /* test-Prefix.pch */ = {isa = PBXFileReference; fileEncoding = 4; lastKnownFileType = sourcecode.c.h; path = "test-Prefix.pch"; sourceTree = "<group>"; };
		66E0189B146455C8000EB1E0 /* TestPhotoMontage.m */ = {isa = PBXFileReference; fileEncoding = 4; lastKnownFileType = sourcecode.c.objc; path = TestPhotoMontage.m; sourceTree = "<group>"; };
		66E0189E146468F6000EB1E0 /* TestBLOB.m */ = {isa = PBXFileReference; fileEncoding = 4; lastKnownFileType = sourcecode.c.objc; path = TestBLOB.m; sourceTree = "<group>"; };
		66E22EC61421D47100C00A98 /* test */ = {isa = PBXFileReference; explicitFileType = "compiled.mach-o.executable"; includeInIndex = 0; path = test; sourceTree = BUILT_PRODUCTS_DIR; };
		66E22EC81421D47100C00A98 /* Foundation.framework */ = {isa = PBXFileReference; lastKnownFileType = wrapper.framework; name = Foundation.framework; path = System/Library/Frameworks/Foundation.framework; sourceTree = SDKROOT; };
		66E2A3031430569C00487419 /* TODO */ = {isa = PBXFileReference; fileEncoding = 4; lastKnownFileType = text; path = TODO; sourceTree = "<group>"; };
		66E2FFB614899C7A00C66578 /* COSubtreeFactory+Undo.h */ = {isa = PBXFileReference; fileEncoding = 4; lastKnownFileType = sourcecode.c.h; path = "COSubtreeFactory+Undo.h"; sourceTree = "<group>"; };
		66E2FFB714899C7A00C66578 /* COSubtreeFactory+Undo.m */ = {isa = PBXFileReference; fileEncoding = 4; lastKnownFileType = sourcecode.c.objc; path = "COSubtreeFactory+Undo.m"; sourceTree = "<group>"; };
		66E46D47146A3D490042123E /* TestDeletion.m */ = {isa = PBXFileReference; fileEncoding = 4; lastKnownFileType = sourcecode.c.objc; path = TestDeletion.m; sourceTree = "<group>"; };
		66E4BE551496956200B7024A /* COItemDiff.h */ = {isa = PBXFileReference; fileEncoding = 4; lastKnownFileType = sourcecode.c.h; path = COItemDiff.h; sourceTree = "<group>"; };
		66E4BE561496956200B7024A /* COItemDiff.m */ = {isa = PBXFileReference; fileEncoding = 4; lastKnownFileType = sourcecode.c.objc; path = COItemDiff.m; sourceTree = "<group>"; };
		66E4BE59149713CA00B7024A /* COType+Diff.h */ = {isa = PBXFileReference; fileEncoding = 4; lastKnownFileType = sourcecode.c.h; path = "COType+Diff.h"; sourceTree = "<group>"; };
		66E4BE5A149713CA00B7024A /* COType+Diff.m */ = {isa = PBXFileReference; fileEncoding = 4; lastKnownFileType = sourcecode.c.objc; path = "COType+Diff.m"; sourceTree = "<group>"; };
		66E4BE5C1497464100B7024A /* EWOutlineView.h */ = {isa = PBXFileReference; fileEncoding = 4; lastKnownFileType = sourcecode.c.h; path = EWOutlineView.h; sourceTree = "<group>"; };
		66E4BE5D1497464100B7024A /* EWOutlineView.m */ = {isa = PBXFileReference; fileEncoding = 4; lastKnownFileType = sourcecode.c.objc; path = EWOutlineView.m; sourceTree = "<group>"; };
		66E503881495E6EF003C69C7 /* COType+String.h */ = {isa = PBXFileReference; fileEncoding = 4; lastKnownFileType = sourcecode.c.h; path = "COType+String.h"; sourceTree = "<group>"; };
		66E503891495E6EF003C69C7 /* COType+String.m */ = {isa = PBXFileReference; fileEncoding = 4; lastKnownFileType = sourcecode.c.objc; path = "COType+String.m"; sourceTree = "<group>"; };
		66E503921495F9CF003C69C7 /* COArrayDiff.h */ = {isa = PBXFileReference; fileEncoding = 4; lastKnownFileType = sourcecode.c.h; name = COArrayDiff.h; path = Diff/COArrayDiff.h; sourceTree = "<group>"; };
		66E503931495F9CF003C69C7 /* COArrayDiff.m */ = {isa = PBXFileReference; fileEncoding = 4; lastKnownFileType = sourcecode.c.objc; name = COArrayDiff.m; path = Diff/COArrayDiff.m; sourceTree = "<group>"; };
		66E5039A1495F9CF003C69C7 /* COSetDiff.h */ = {isa = PBXFileReference; fileEncoding = 4; lastKnownFileType = sourcecode.c.h; name = COSetDiff.h; path = Diff/COSetDiff.h; sourceTree = "<group>"; };
		66E5039B1495F9CF003C69C7 /* COSetDiff.m */ = {isa = PBXFileReference; fileEncoding = 4; lastKnownFileType = sourcecode.c.objc; name = COSetDiff.m; path = Diff/COSetDiff.m; sourceTree = "<group>"; };
		66E5039E1495F9CF003C69C7 /* diff.hh */ = {isa = PBXFileReference; fileEncoding = 4; lastKnownFileType = sourcecode.cpp.h; name = diff.hh; path = Diff/diff.hh; sourceTree = "<group>"; };
		66E552B4146B7799008FDFAF /* libcrypto.dylib */ = {isa = PBXFileReference; lastKnownFileType = "compiled.mach-o.dylib"; name = libcrypto.dylib; path = usr/lib/libcrypto.dylib; sourceTree = SDKROOT; };
		66E5CABB147B4E42002DE8FD /* TestPhotoManager.m */ = {isa = PBXFileReference; fileEncoding = 4; lastKnownFileType = sourcecode.c.objc; path = TestPhotoManager.m; sourceTree = "<group>"; };
		66E5CBA814830C5700D01039 /* COStorePrivate.h */ = {isa = PBXFileReference; fileEncoding = 4; lastKnownFileType = sourcecode.c.h; path = COStorePrivate.h; sourceTree = "<group>"; };
		66E76734148B3D1C009937E8 /* COSubtree.h */ = {isa = PBXFileReference; fileEncoding = 4; lastKnownFileType = sourcecode.c.h; path = COSubtree.h; sourceTree = "<group>"; };
		66E76735148B3D1C009937E8 /* COSubtree.m */ = {isa = PBXFileReference; fileEncoding = 4; lastKnownFileType = sourcecode.c.objc; path = COSubtree.m; sourceTree = "<group>"; };
		66E777EA14E595F900D5DFFF /* COPersistentRootDiff.h */ = {isa = PBXFileReference; fileEncoding = 4; lastKnownFileType = sourcecode.c.h; path = COPersistentRootDiff.h; sourceTree = "<group>"; };
		66E777EB14E595F900D5DFFF /* COPersistentRootDiff.m */ = {isa = PBXFileReference; fileEncoding = 4; lastKnownFileType = sourcecode.c.objc; path = COPersistentRootDiff.m; sourceTree = "<group>"; };
		66E7782014E6041900D5DFFF /* UKRunner.h */ = {isa = PBXFileReference; fileEncoding = 4; lastKnownFileType = sourcecode.c.h; name = UKRunner.h; path = Source/UKRunner.h; sourceTree = "<group>"; };
		66E7782114E6041900D5DFFF /* UKRunner.m */ = {isa = PBXFileReference; fileEncoding = 4; lastKnownFileType = sourcecode.c.objc; name = UKRunner.m; path = Source/UKRunner.m; sourceTree = "<group>"; };
		66E7782214E6041900D5DFFF /* UKTask.h */ = {isa = PBXFileReference; fileEncoding = 4; lastKnownFileType = sourcecode.c.h; name = UKTask.h; path = Source/UKTask.h; sourceTree = "<group>"; };
		66E7782314E6041900D5DFFF /* UKTask.m */ = {isa = PBXFileReference; fileEncoding = 4; lastKnownFileType = sourcecode.c.objc; name = UKTask.m; path = Source/UKTask.m; sourceTree = "<group>"; };
		66E7782414E6041900D5DFFF /* UKTest.h */ = {isa = PBXFileReference; fileEncoding = 4; lastKnownFileType = sourcecode.c.h; name = UKTest.h; path = Source/UKTest.h; sourceTree = "<group>"; };
		66E7782514E6041900D5DFFF /* UKTestHandler.h */ = {isa = PBXFileReference; fileEncoding = 4; lastKnownFileType = sourcecode.c.h; name = UKTestHandler.h; path = Source/UKTestHandler.h; sourceTree = "<group>"; };
		66E7782614E6041900D5DFFF /* UKTestHandler.m */ = {isa = PBXFileReference; fileEncoding = 4; lastKnownFileType = sourcecode.c.objc; name = UKTestHandler.m; path = Source/UKTestHandler.m; sourceTree = "<group>"; };
		66E7782714E6041900D5DFFF /* UnitKit.h */ = {isa = PBXFileReference; fileEncoding = 4; lastKnownFileType = sourcecode.c.h; name = UnitKit.h; path = Source/UnitKit.h; sourceTree = "<group>"; };
		66E7783514E6049E00D5DFFF /* UnitKit.framework */ = {isa = PBXFileReference; explicitFileType = wrapper.framework; includeInIndex = 0; path = UnitKit.framework; sourceTree = BUILT_PRODUCTS_DIR; };
		66E7783914E6049E00D5DFFF /* UnitKit-Info.plist */ = {isa = PBXFileReference; lastKnownFileType = text.plist.xml; path = "UnitKit-Info.plist"; sourceTree = "<group>"; };
		66E7785114E6062100D5DFFF /* NestedVersioning.framework */ = {isa = PBXFileReference; explicitFileType = wrapper.framework; includeInIndex = 0; path = NestedVersioning.framework; sourceTree = BUILT_PRODUCTS_DIR; };
		66E7785514E6062100D5DFFF /* NestedVersioning-Info.plist */ = {isa = PBXFileReference; lastKnownFileType = text.plist.xml; path = "NestedVersioning-Info.plist"; sourceTree = "<group>"; };
		66E778AC14E6080700D5DFFF /* TestPersistentRootEditingContext.m */ = {isa = PBXFileReference; fileEncoding = 4; lastKnownFileType = sourcecode.c.objc; path = TestPersistentRootEditingContext.m; sourceTree = "<group>"; };
		66E778B514E60E3C00D5DFFF /* Icon-Fail.tiff */ = {isa = PBXFileReference; lastKnownFileType = image.tiff; path = "Icon-Fail.tiff"; sourceTree = "<group>"; };
		66E778B614E60E3C00D5DFFF /* Icon-Pass.tiff */ = {isa = PBXFileReference; lastKnownFileType = image.tiff; path = "Icon-Pass.tiff"; sourceTree = "<group>"; };
		66E778BB14E60ED900D5DFFF /* English */ = {isa = PBXFileReference; lastKnownFileType = text.plist.strings; name = English; path = InfoPlist.strings; sourceTree = "<group>"; };
		66E778BD14E60ED900D5DFFF /* English */ = {isa = PBXFileReference; lastKnownFileType = text.plist.strings; name = English; path = UKTestHandler.strings; sourceTree = "<group>"; };
		66E877551455F0CB006CBE7E /* COStore.h */ = {isa = PBXFileReference; fileEncoding = 4; lastKnownFileType = sourcecode.c.h; path = COStore.h; sourceTree = "<group>"; };
		66E877561455F0CB006CBE7E /* COStore.m */ = {isa = PBXFileReference; fileEncoding = 4; lastKnownFileType = sourcecode.c.objc; path = COStore.m; sourceTree = "<group>"; };
		66E877691455FE5B006CBE7E /* ETUUID.h */ = {isa = PBXFileReference; fileEncoding = 4; lastKnownFileType = sourcecode.c.h; path = ETUUID.h; sourceTree = "<group>"; };
		66E8776A1455FE67006CBE7E /* ETUUID.m */ = {isa = PBXFileReference; fileEncoding = 4; lastKnownFileType = sourcecode.c.objc; path = ETUUID.m; sourceTree = "<group>"; };
		66E8E93314D4BC7F00CBE2D8 /* COSubtreeCopy.h */ = {isa = PBXFileReference; fileEncoding = 4; lastKnownFileType = sourcecode.c.h; path = COSubtreeCopy.h; sourceTree = "<group>"; };
		66E8E93414D4BC7F00CBE2D8 /* COSubtreeCopy.m */ = {isa = PBXFileReference; fileEncoding = 4; lastKnownFileType = sourcecode.c.objc; path = COSubtreeCopy.m; sourceTree = "<group>"; };
		66EADD6414732AEE003181FC /* TestUndo.m */ = {isa = PBXFileReference; fileEncoding = 4; lastKnownFileType = sourcecode.c.objc; path = TestUndo.m; sourceTree = "<group>"; wrapsLines = 1; };
		66EADD67147345B9003181FC /* COItem.h */ = {isa = PBXFileReference; fileEncoding = 4; lastKnownFileType = sourcecode.c.h; path = COItem.h; sourceTree = "<group>"; };
		66EADD68147345B9003181FC /* COItem.m */ = {isa = PBXFileReference; fileEncoding = 4; lastKnownFileType = sourcecode.c.objc; path = COItem.m; sourceTree = "<group>"; };
		66EB7569148CA9D300C2114B /* StoreBrowser.app */ = {isa = PBXFileReference; explicitFileType = wrapper.application; includeInIndex = 0; path = StoreBrowser.app; sourceTree = BUILT_PRODUCTS_DIR; };
		66EB756B148CA9D300C2114B /* Cocoa.framework */ = {isa = PBXFileReference; lastKnownFileType = wrapper.framework; name = Cocoa.framework; path = System/Library/Frameworks/Cocoa.framework; sourceTree = SDKROOT; };
		66EB756E148CA9D300C2114B /* AppKit.framework */ = {isa = PBXFileReference; lastKnownFileType = wrapper.framework; name = AppKit.framework; path = System/Library/Frameworks/AppKit.framework; sourceTree = SDKROOT; };
		66EB756F148CA9D300C2114B /* CoreData.framework */ = {isa = PBXFileReference; lastKnownFileType = wrapper.framework; name = CoreData.framework; path = System/Library/Frameworks/CoreData.framework; sourceTree = SDKROOT; };
		66EB7570148CA9D300C2114B /* Foundation.framework */ = {isa = PBXFileReference; lastKnownFileType = wrapper.framework; name = Foundation.framework; path = System/Library/Frameworks/Foundation.framework; sourceTree = SDKROOT; };
		66EB7573148CA9D300C2114B /* StoreBrowser-Info.plist */ = {isa = PBXFileReference; lastKnownFileType = text.plist.xml; path = "StoreBrowser-Info.plist"; sourceTree = "<group>"; };
		66EB7577148CA9D300C2114B /* main.m */ = {isa = PBXFileReference; lastKnownFileType = sourcecode.c.objc; path = main.m; sourceTree = "<group>"; };
		66EB7579148CA9D300C2114B /* StoreBrowser-Prefix.pch */ = {isa = PBXFileReference; lastKnownFileType = sourcecode.c.h; path = "StoreBrowser-Prefix.pch"; sourceTree = "<group>"; };
		66EB757D148CA9D300C2114B /* AppDelegate.h */ = {isa = PBXFileReference; lastKnownFileType = sourcecode.c.h; path = AppDelegate.h; sourceTree = "<group>"; };
		66EB757E148CA9D300C2114B /* AppDelegate.m */ = {isa = PBXFileReference; lastKnownFileType = sourcecode.c.objc; path = AppDelegate.m; sourceTree = "<group>"; };
		66EDFD94148EF73200D0DC0B /* COType.h */ = {isa = PBXFileReference; fileEncoding = 4; lastKnownFileType = sourcecode.c.h; path = COType.h; sourceTree = "<group>"; };
		66EDFD95148EF73200D0DC0B /* COType.m */ = {isa = PBXFileReference; fileEncoding = 4; lastKnownFileType = sourcecode.c.objc; path = COType.m; sourceTree = "<group>"; };
		66EE5D34146355A6008AA95B /* COPersistentRootEditingContext.h */ = {isa = PBXFileReference; fileEncoding = 4; lastKnownFileType = sourcecode.c.h; path = COPersistentRootEditingContext.h; sourceTree = "<group>"; };
		66EE5D35146355A6008AA95B /* COPersistentRootEditingContext.m */ = {isa = PBXFileReference; fileEncoding = 4; lastKnownFileType = sourcecode.c.objc; path = COPersistentRootEditingContext.m; sourceTree = "<group>"; };
		66EE5D3814637418008AA95B /* COPath.h */ = {isa = PBXFileReference; fileEncoding = 4; lastKnownFileType = sourcecode.c.h; path = COPath.h; sourceTree = "<group>"; };
		66EE5D3914637418008AA95B /* COPath.m */ = {isa = PBXFileReference; fileEncoding = 4; lastKnownFileType = sourcecode.c.objc; path = COPath.m; sourceTree = "<group>"; };
		66EE5D491463AD67008AA95B /* TestBranchesAndCopies.m */ = {isa = PBXFileReference; fileEncoding = 4; lastKnownFileType = sourcecode.c.objc; path = TestBranchesAndCopies.m; sourceTree = "<group>"; };
		66F0C87F14C542CD00C0B5A6 /* package.png */ = {isa = PBXFileReference; lastKnownFileType = image.png; path = package.png; sourceTree = "<group>"; };
		66F0C88514C5430D00C0B5A6 /* brick.png */ = {isa = PBXFileReference; lastKnownFileType = image.png; path = brick.png; sourceTree = "<group>"; };
		66F0C88714C5434200C0B5A6 /* arrow_branch.png */ = {isa = PBXFileReference; lastKnownFileType = image.png; path = arrow_branch.png; sourceTree = "<group>"; };
		66F0C88B14C5440500C0B5A6 /* bullet_yellow.png */ = {isa = PBXFileReference; lastKnownFileType = image.png; path = bullet_yellow.png; sourceTree = "<group>"; };
		66F0C88D14C5444600C0B5A6 /* bullet_yellow_multiple.png */ = {isa = PBXFileReference; lastKnownFileType = image.png; path = bullet_yellow_multiple.png; sourceTree = "<group>"; };
		66F39B841490A8540097B7D5 /* COType+Plist.h */ = {isa = PBXFileReference; fileEncoding = 4; lastKnownFileType = sourcecode.c.h; path = "COType+Plist.h"; sourceTree = "<group>"; };
		66F39B851490A8540097B7D5 /* COType+Plist.m */ = {isa = PBXFileReference; fileEncoding = 4; lastKnownFileType = sourcecode.c.objc; path = "COType+Plist.m"; sourceTree = "<group>"; };
		66F39B861490A8540097B7D5 /* COTypePrivate.h */ = {isa = PBXFileReference; fileEncoding = 4; lastKnownFileType = sourcecode.c.h; path = COTypePrivate.h; sourceTree = "<group>"; };
		66F4E315147C59F0004FC1BA /* TestTagging.m */ = {isa = PBXFileReference; fileEncoding = 4; lastKnownFileType = sourcecode.c.objc; path = TestTagging.m; sourceTree = "<group>"; };
		66F4E319147C606A004FC1BA /* TestGameEditor.m */ = {isa = PBXFileReference; fileEncoding = 4; lastKnownFileType = sourcecode.c.objc; path = TestGameEditor.m; sourceTree = "<group>"; };
		790574FB14F8A7D20007C67B /* TestSubtreeDiffMerge.m */ = {isa = PBXFileReference; fileEncoding = 4; lastKnownFileType = sourcecode.c.objc; path = TestSubtreeDiffMerge.m; sourceTree = "<group>"; };
		790B1AE81485B184001ED869 /* TestSimpleUseOfNestedPersistentRoots.m */ = {isa = PBXFileReference; fileEncoding = 4; lastKnownFileType = sourcecode.c.objc; path = TestSimpleUseOfNestedPersistentRoots.m; sourceTree = "<group>"; };
		79156DB91484BE4D00AB66B1 /* TestConcurrentContextModification.m */ = {isa = PBXFileReference; fileEncoding = 4; lastKnownFileType = sourcecode.c.objc; path = TestConcurrentContextModification.m; sourceTree = "<group>"; };
		791A0EB7148AF39000334CB1 /* TestCommon.h */ = {isa = PBXFileReference; fileEncoding = 4; lastKnownFileType = sourcecode.c.h; path = TestCommon.h; sourceTree = "<group>"; };
		79284A7614F465890063B0BF /* EWIconTextFieldCell.h */ = {isa = PBXFileReference; fileEncoding = 4; lastKnownFileType = sourcecode.c.h; path = EWIconTextFieldCell.h; sourceTree = "<group>"; };
		79284A7714F465890063B0BF /* EWIconTextFieldCell.m */ = {isa = PBXFileReference; fileEncoding = 4; lastKnownFileType = sourcecode.c.objc; path = EWIconTextFieldCell.m; sourceTree = "<group>"; };
		792972ED148C4AC100FD35A9 /* TestReferencesBetweenPersistentRoots.m */ = {isa = PBXFileReference; fileEncoding = 4; lastKnownFileType = sourcecode.c.objc; path = TestReferencesBetweenPersistentRoots.m; sourceTree = "<group>"; };
		792972F4148C4CA800FD35A9 /* TestCompositeDocument.m */ = {isa = PBXFileReference; fileEncoding = 4; lastKnownFileType = sourcecode.c.objc; path = TestCompositeDocument.m; sourceTree = "<group>"; };
		792972F9148C4D6D00FD35A9 /* TestUserRequirements.m */ = {isa = PBXFileReference; fileEncoding = 4; lastKnownFileType = sourcecode.c.objc; path = TestUserRequirements.m; sourceTree = "<group>"; };
		79297307148C94FD00FD35A9 /* COSubtreeFactory.h */ = {isa = PBXFileReference; fileEncoding = 4; lastKnownFileType = sourcecode.c.h; path = COSubtreeFactory.h; sourceTree = "<group>"; };
		79297308148C94FD00FD35A9 /* COSubtreeFactory.m */ = {isa = PBXFileReference; fileEncoding = 4; lastKnownFileType = sourcecode.c.objc; path = COSubtreeFactory.m; sourceTree = "<group>"; };
		7968177614E7B39E00E5810C /* COSequenceDiff.m */ = {isa = PBXFileReference; fileEncoding = 4; lastKnownFileType = sourcecode.c.objc; name = COSequenceDiff.m; path = Diff/COSequenceDiff.m; sourceTree = "<group>"; };
		7968177814E7B3A400E5810C /* COSequenceDiff.h */ = {isa = PBXFileReference; fileEncoding = 4; lastKnownFileType = sourcecode.c.h; name = COSequenceDiff.h; path = Diff/COSequenceDiff.h; sourceTree = "<group>"; };
		7978700E14D799A200B45FC6 /* TestSubtree.m */ = {isa = PBXFileReference; fileEncoding = 4; lastKnownFileType = sourcecode.c.objc; path = TestSubtree.m; sourceTree = "<group>"; };
		798763E114EB3B7A0064002F /* TestSequenceDiffMerge.m */ = {isa = PBXFileReference; fileEncoding = 4; lastKnownFileType = sourcecode.c.objc; path = TestSequenceDiffMerge.m; sourceTree = "<group>"; };
		79926C17148CADF80095A665 /* EWPersistentRootWindowController.h */ = {isa = PBXFileReference; fileEncoding = 4; lastKnownFileType = sourcecode.c.h; path = EWPersistentRootWindowController.h; sourceTree = "<group>"; };
		79926C18148CADF80095A665 /* EWPersistentRootWindowController.m */ = {isa = PBXFileReference; fileEncoding = 4; lastKnownFileType = sourcecode.c.objc; path = EWPersistentRootWindowController.m; sourceTree = "<group>"; };
		7994684414EB9F7A008AC16E /* TestSetDiffMerge.m */ = {isa = PBXFileReference; fileEncoding = 4; lastKnownFileType = sourcecode.c.objc; path = TestSetDiffMerge.m; sourceTree = "<group>"; };
		79999F1314DE597200FFBC99 /* COSubtreeFactory+PersistentRoots.h */ = {isa = PBXFileReference; fileEncoding = 4; lastKnownFileType = sourcecode.c.h; path = "COSubtreeFactory+PersistentRoots.h"; sourceTree = "<group>"; };
		79999F1414DE597200FFBC99 /* COSubtreeFactory+PersistentRoots.m */ = {isa = PBXFileReference; fileEncoding = 4; lastKnownFileType = sourcecode.c.objc; path = "COSubtreeFactory+PersistentRoots.m"; sourceTree = "<group>"; };
		79B578D714ECC94E00B3563F /* EWDiffWindowController.h */ = {isa = PBXFileReference; fileEncoding = 4; lastKnownFileType = sourcecode.c.h; path = EWDiffWindowController.h; sourceTree = "<group>"; };
		79B578D814ECC94E00B3563F /* EWDiffWindowController.m */ = {isa = PBXFileReference; fileEncoding = 4; lastKnownFileType = sourcecode.c.objc; path = EWDiffWindowController.m; sourceTree = "<group>"; };
		79B578E214ECCACE00B3563F /* DiffWindow.nib */ = {isa = PBXFileReference; lastKnownFileType = wrapper.nib; path = DiffWindow.nib; sourceTree = "<group>"; };
		79CB302914C63E1C00ADAB77 /* TestCommon.m */ = {isa = PBXFileReference; fileEncoding = 4; lastKnownFileType = sourcecode.c.objc; path = TestCommon.m; sourceTree = "<group>"; };
		79CB315014C6911400ADAB77 /* arrow_branch_purple.png */ = {isa = PBXFileReference; lastKnownFileType = image.png; path = arrow_branch_purple.png; sourceTree = "<group>"; };
		79F8202B14E25D85008236F6 /* COSubtreeFactory+Pull.h */ = {isa = PBXFileReference; fileEncoding = 4; lastKnownFileType = sourcecode.c.h; path = "COSubtreeFactory+Pull.h"; sourceTree = "<group>"; };
		79F8202C14E25D85008236F6 /* COSubtreeFactory+Pull.m */ = {isa = PBXFileReference; fileEncoding = 4; lastKnownFileType = sourcecode.c.objc; path = "COSubtreeFactory+Pull.m"; sourceTree = "<group>"; };
		79F8205614E26118008236F6 /* TestPull.m */ = {isa = PBXFileReference; fileEncoding = 4; lastKnownFileType = sourcecode.c.objc; path = TestPull.m; sourceTree = "<group>"; };
/* End PBXFileReference section */

/* Begin PBXFrameworksBuildPhase section */
		66E22EC31421D47100C00A98 /* Frameworks */ = {
			isa = PBXFrameworksBuildPhase;
			buildActionMask = 2147483647;
			files = (
				66E7789F14E607BD00D5DFFF /* NestedVersioning.framework in Frameworks */,
				66E778A014E607BD00D5DFFF /* UnitKit.framework in Frameworks */,
				66E22EC91421D47100C00A98 /* Foundation.framework in Frameworks */,
			);
			runOnlyForDeploymentPostprocessing = 0;
		};
		66E7783114E6049E00D5DFFF /* Frameworks */ = {
			isa = PBXFrameworksBuildPhase;
			buildActionMask = 2147483647;
			files = (
				66E7783614E6049E00D5DFFF /* Cocoa.framework in Frameworks */,
			);
			runOnlyForDeploymentPostprocessing = 0;
		};
		66E7784D14E6062100D5DFFF /* Frameworks */ = {
			isa = PBXFrameworksBuildPhase;
			buildActionMask = 2147483647;
			files = (
				66E7785214E6062100D5DFFF /* Cocoa.framework in Frameworks */,
			);
			runOnlyForDeploymentPostprocessing = 0;
		};
		66EB7566148CA9D300C2114B /* Frameworks */ = {
			isa = PBXFrameworksBuildPhase;
			buildActionMask = 2147483647;
			files = (
				66E7789514E6077B00D5DFFF /* NestedVersioning.framework in Frameworks */,
				79016345148D4886005A9226 /* libcrypto.dylib in Frameworks */,
				66EB756C148CA9D300C2114B /* Cocoa.framework in Frameworks */,
				79F0CEE214E617AA001D440B /* UnitKit.framework in Frameworks */,
			);
			runOnlyForDeploymentPostprocessing = 0;
		};
/* End PBXFrameworksBuildPhase section */

/* Begin PBXGroup section */
		662811EB13F8B5000075BBC2 = {
			isa = PBXGroup;
			children = (
				66E7785514E6062100D5DFFF /* NestedVersioning-Info.plist */,
				66416D20142D3EE20016501D /* README */,
				66E2A3031430569C00487419 /* TODO */,
				66DFAEC4142A726100623060 /* COMacros.h */,
				669CADED1491C14300D0CF5F /* UUID & Path */,
				669CADEE1491C15400D0CF5F /* Type System */,
				66EDFD8E148EF64600D0DC0B /* In-Memory Item Tree */,
				79999F1214DE593600FFBC99 /* Persistent Roots */,
				66485D8D14D23A0A004C4431 /* Diff */,
				79999EFD14DE517C00FFBC99 /* Editing Context */,
				66E2A305143057A100487419 /* Store */,
				791A0EBD148AF3C200334CB1 /* Tests */,
				66DFAECA142A726100623060 /* test-Prefix.pch */,
				66EB7571148CA9D300C2114B /* StoreBrowser */,
				662811F913F8B5010075BBC2 /* Frameworks */,
				662811F713F8B5010075BBC2 /* Products */,
				66E7781214E6035F00D5DFFF /* UnitKit */,
			);
			sourceTree = "<group>";
		};
		662811F713F8B5010075BBC2 /* Products */ = {
			isa = PBXGroup;
			children = (
				66E22EC61421D47100C00A98 /* test */,
				66EB7569148CA9D300C2114B /* StoreBrowser.app */,
				66E7783514E6049E00D5DFFF /* UnitKit.framework */,
				66E7785114E6062100D5DFFF /* NestedVersioning.framework */,
			);
			name = Products;
			sourceTree = "<group>";
		};
		662811F913F8B5010075BBC2 /* Frameworks */ = {
			isa = PBXGroup;
			children = (
				66E552B4146B7799008FDFAF /* libcrypto.dylib */,
				66E22EC81421D47100C00A98 /* Foundation.framework */,
				66EB756B148CA9D300C2114B /* Cocoa.framework */,
				66EB756D148CA9D300C2114B /* Other Frameworks */,
			);
			name = Frameworks;
			sourceTree = "<group>";
		};
		6628FB9D142FA7840072767A /* Tests - old */ = {
			isa = PBXGroup;
			children = (
				6628FBA2142FA7840072767A /* TestEditingContext.m */,
				6628FBA4142FA7840072767A /* TestPerformance.m */,
				6628FBA7142FA7840072767A /* TestSynchronization.m */,
				6628FBA8142FA7840072767A /* TestUtilities.m */,
			);
			name = "Tests - old";
			sourceTree = "<group>";
		};
		66300AF61492CA5F00246C89 /* Graph Drawing */ = {
			isa = PBXGroup;
			children = (
				66300AF81492CA7E00246C89 /* EWGraphRenderer.h */,
				66300AF91492CA7E00246C89 /* EWGraphRenderer.m */,
			);
			name = "Graph Drawing";
			sourceTree = "<group>";
		};
		66485D8414D2360F004C4431 /* Primitive Diff C API */ = {
			isa = PBXGroup;
			children = (
				66101A0D14D09FB700B50075 /* diff.h */,
				66485D8614D23622004C4431 /* Implementation */,
			);
			name = "Primitive Diff C API";
			sourceTree = "<group>";
		};
		66485D8614D23622004C4431 /* Implementation */ = {
			isa = PBXGroup;
			children = (
				66E5039E1495F9CF003C69C7 /* diff.hh */,
				66101A0914D09FAA00B50075 /* diff.cc */,
			);
			name = Implementation;
			sourceTree = "<group>";
		};
		66485D8714D23638004C4431 /* Primitive Diff for Objective-C Containers */ = {
			isa = PBXGroup;
			children = (
				7968177814E7B3A400E5810C /* COSequenceDiff.h */,
				66E503921495F9CF003C69C7 /* COArrayDiff.h */,
				66E5039A1495F9CF003C69C7 /* COSetDiff.h */,
				66485D8814D23658004C4431 /* Implementation */,
			);
			name = "Primitive Diff for Objective-C Containers";
			sourceTree = "<group>";
		};
		66485D8814D23658004C4431 /* Implementation */ = {
			isa = PBXGroup;
			children = (
				7968177614E7B39E00E5810C /* COSequenceDiff.m */,
				66E503931495F9CF003C69C7 /* COArrayDiff.m */,
				66E5039B1495F9CF003C69C7 /* COSetDiff.m */,
			);
			name = Implementation;
			sourceTree = "<group>";
		};
		66485D8914D236B2004C4431 /* Implementation */ = {
			isa = PBXGroup;
			children = (
				66E4BE561496956200B7024A /* COItemDiff.m */,
				669CADE71491844000D0CF5F /* COSubtreeDiff.m */,
				66E777EB14E595F900D5DFFF /* COPersistentRootDiff.m */,
			);
			name = Implementation;
			sourceTree = "<group>";
		};
		66485D8A14D236EE004C4431 /* Implementation */ = {
			isa = PBXGroup;
			children = (
				66F39B861490A8540097B7D5 /* COTypePrivate.h */,
				66EDFD95148EF73200D0DC0B /* COType.m */,
				66F39B851490A8540097B7D5 /* COType+Plist.m */,
				66E503891495E6EF003C69C7 /* COType+String.m */,
				66E4BE5A149713CA00B7024A /* COType+Diff.m */,
			);
			name = Implementation;
			sourceTree = "<group>";
		};
		66485D8B14D23982004C4431 /* Resources */ = {
			isa = PBXGroup;
			children = (
				66EB7573148CA9D300C2114B /* StoreBrowser-Info.plist */,
				6607F95914D0CD7F00F1E7C6 /* Credits.rtf */,
				6607F95A14D0CD7F00F1E7C6 /* InfoPlist.strings */,
				6607F95B14D0CD7F00F1E7C6 /* MainMenu.xib */,
				6607F96F14D0DD9900F1E7C6 /* PersistentRootWindow.nib */,
				79B578E214ECCACE00B3563F /* DiffWindow.nib */,
				66F0C88D14C5444600C0B5A6 /* bullet_yellow_multiple.png */,
				66F0C88B14C5440500C0B5A6 /* bullet_yellow.png */,
				66F0C88514C5430D00C0B5A6 /* brick.png */,
				66F0C87F14C542CD00C0B5A6 /* package.png */,
				66F0C88714C5434200C0B5A6 /* arrow_branch.png */,
				79CB315014C6911400ADAB77 /* arrow_branch_purple.png */,
			);
			name = Resources;
			sourceTree = "<group>";
		};
		66485D8C14D2399A004C4431 /* Implementation */ = {
			isa = PBXGroup;
			children = (
				66EB7579148CA9D300C2114B /* StoreBrowser-Prefix.pch */,
				66EB7577148CA9D300C2114B /* main.m */,
				66EB757E148CA9D300C2114B /* AppDelegate.m */,
				79926C18148CADF80095A665 /* EWPersistentRootWindowController.m */,
				660E66E3148D92E00062308D /* EWPersistentRootOutlineRow.m */,
				66300AFC1493148300246C89 /* EWHistoryGraphView.m */,
				66E4BE5D1497464100B7024A /* EWOutlineView.m */,
				79284A7714F465890063B0BF /* EWIconTextFieldCell.m */,
			);
			name = Implementation;
			sourceTree = "<group>";
		};
		66485D8D14D23A0A004C4431 /* Diff */ = {
			isa = PBXGroup;
			children = (
				66485D8414D2360F004C4431 /* Primitive Diff C API */,
				66485D8714D23638004C4431 /* Primitive Diff for Objective-C Containers */,
				66E503911495F9CF003C69C7 /* Diff for Object Graph */,
			);
			name = Diff;
			sourceTree = "<group>";
		};
		669CADED1491C14300D0CF5F /* UUID & Path */ = {
			isa = PBXGroup;
			children = (
				66E877691455FE5B006CBE7E /* ETUUID.h */,
				66E8776A1455FE67006CBE7E /* ETUUID.m */,
				66EE5D3814637418008AA95B /* COPath.h */,
				66EE5D3914637418008AA95B /* COPath.m */,
			);
			name = "UUID & Path";
			sourceTree = "<group>";
		};
		669CADEE1491C15400D0CF5F /* Type System */ = {
			isa = PBXGroup;
			children = (
				66EDFD94148EF73200D0DC0B /* COType.h */,
				66F39B841490A8540097B7D5 /* COType+Plist.h */,
				66E503881495E6EF003C69C7 /* COType+String.h */,
				66E4BE59149713CA00B7024A /* COType+Diff.h */,
				66485D8A14D236EE004C4431 /* Implementation */,
			);
			name = "Type System";
			sourceTree = "<group>";
		};
		66E2A305143057A100487419 /* Store */ = {
			isa = PBXGroup;
			children = (
				66E877551455F0CB006CBE7E /* COStore.h */,
				66E5CBA814830C5700D01039 /* COStorePrivate.h */,
				66E877561455F0CB006CBE7E /* COStore.m */,
			);
			name = Store;
			sourceTree = "<group>";
		};
		66E503911495F9CF003C69C7 /* Diff for Object Graph */ = {
			isa = PBXGroup;
			children = (
				66E4BE551496956200B7024A /* COItemDiff.h */,
				669CADE61491844000D0CF5F /* COSubtreeDiff.h */,
				66E777EA14E595F900D5DFFF /* COPersistentRootDiff.h */,
				66485D8914D236B2004C4431 /* Implementation */,
			);
			name = "Diff for Object Graph";
			path = Diff;
			sourceTree = "<group>";
		};
		66E7781214E6035F00D5DFFF /* UnitKit */ = {
			isa = PBXGroup;
			children = (
				66E7783814E6049E00D5DFFF /* Supporting Files */,
				66E7782014E6041900D5DFFF /* UKRunner.h */,
				66E7782114E6041900D5DFFF /* UKRunner.m */,
				66E7782214E6041900D5DFFF /* UKTask.h */,
				66E7782314E6041900D5DFFF /* UKTask.m */,
				66E7782414E6041900D5DFFF /* UKTest.h */,
				66E7782514E6041900D5DFFF /* UKTestHandler.h */,
				66E7782614E6041900D5DFFF /* UKTestHandler.m */,
				66E7782714E6041900D5DFFF /* UnitKit.h */,
				66E7783914E6049E00D5DFFF /* UnitKit-Info.plist */,
			);
			path = UnitKit;
			sourceTree = "<group>";
		};
		66E7783814E6049E00D5DFFF /* Supporting Files */ = {
			isa = PBXGroup;
			children = (
				66E778B914E60E4500D5DFFF /* English.lproj */,
				66E778B514E60E3C00D5DFFF /* Icon-Fail.tiff */,
				66E778B614E60E3C00D5DFFF /* Icon-Pass.tiff */,
			);
			name = "Supporting Files";
			sourceTree = "<group>";
		};
		66E778B914E60E4500D5DFFF /* English.lproj */ = {
			isa = PBXGroup;
			children = (
				66E778BA14E60ED900D5DFFF /* InfoPlist.strings */,
				66E778BC14E60ED900D5DFFF /* UKTestHandler.strings */,
			);
			path = English.lproj;
			sourceTree = "<group>";
		};
		66EB756D148CA9D300C2114B /* Other Frameworks */ = {
			isa = PBXGroup;
			children = (
				66EB756E148CA9D300C2114B /* AppKit.framework */,
				66EB756F148CA9D300C2114B /* CoreData.framework */,
				66EB7570148CA9D300C2114B /* Foundation.framework */,
			);
			name = "Other Frameworks";
			sourceTree = "<group>";
		};
		66EB7571148CA9D300C2114B /* StoreBrowser */ = {
			isa = PBXGroup;
			children = (
				66485D8B14D23982004C4431 /* Resources */,
				66300AF61492CA5F00246C89 /* Graph Drawing */,
				66EB757D148CA9D300C2114B /* AppDelegate.h */,
				79926C17148CADF80095A665 /* EWPersistentRootWindowController.h */,
				660E66E2148D92E00062308D /* EWPersistentRootOutlineRow.h */,
				66300AFB1493148300246C89 /* EWHistoryGraphView.h */,
				66E4BE5C1497464100B7024A /* EWOutlineView.h */,
				79284A7614F465890063B0BF /* EWIconTextFieldCell.h */,
				66485D8C14D2399A004C4431 /* Implementation */,
				79B578DC14ECC95B00B3563F /* Diff View */,
			);
			path = StoreBrowser;
			sourceTree = "<group>";
		};
		66EDFD8E148EF64600D0DC0B /* In-Memory Item Tree */ = {
			isa = PBXGroup;
			children = (
				66EADD67147345B9003181FC /* COItem.h */,
				668DA36114E0E4210062E6C2 /* COItemPath.h */,
				66E76734148B3D1C009937E8 /* COSubtree.h */,
				66E8E93314D4BC7F00CBE2D8 /* COSubtreeCopy.h */,
				79297307148C94FD00FD35A9 /* COSubtreeFactory.h */,
				66D516A914E44F900055A6A2 /* COPersistentRoot.h */,
				79999EAB14DE50CA00FFBC99 /* Implementation */,
			);
			name = "In-Memory Item Tree";
			sourceTree = "<group>";
		};
		791A0EBD148AF3C200334CB1 /* Tests */ = {
			isa = PBXGroup;
			children = (
				791A0EB7148AF39000334CB1 /* TestCommon.h */,
				66DFAEBF142A726100623060 /* main.m */,
				66E778AC14E6080700D5DFFF /* TestPersistentRootEditingContext.m */,
				6660E23D14F84C2A00D2F319 /* TestPath.m */,
				6628FBA6142FA7840072767A /* TestStore.m */,
				6660E23914F84B3000D2F319 /* TestItem.m */,
				7978700E14D799A200B45FC6 /* TestSubtree.m */,
				66EADD6414732AEE003181FC /* TestUndo.m */,
				66F4E315147C59F0004FC1BA /* TestTagging.m */,
				79F8205614E26118008236F6 /* TestPull.m */,
				79CB302914C63E1C00ADAB77 /* TestCommon.m */,
				79FB63BD1486ABEF00751E1E /* Tests - docs and code sketch */,
				79FB63B81486ABC600751E1E /* Tests - documented only */,
				6628FB9D142FA7840072767A /* Tests - old */,
				798763E114EB3B7A0064002F /* TestSequenceDiffMerge.m */,
				7994684414EB9F7A008AC16E /* TestSetDiffMerge.m */,
				6660E23514F84A6C00D2F319 /* TestItemDiffMerge.m */,
				790574FB14F8A7D20007C67B /* TestSubtreeDiffMerge.m */,
			);
			path = Tests;
			sourceTree = "<group>";
		};
		79999EAB14DE50CA00FFBC99 /* Implementation */ = {
			isa = PBXGroup;
			children = (
				66EADD68147345B9003181FC /* COItem.m */,
				668DA35E14E0E41A0062E6C2 /* COItemPath.m */,
				66E76735148B3D1C009937E8 /* COSubtree.m */,
				66E8E93414D4BC7F00CBE2D8 /* COSubtreeCopy.m */,
				79297308148C94FD00FD35A9 /* COSubtreeFactory.m */,
				66D516AA14E44F900055A6A2 /* COPersistentRoot.m */,
			);
			name = Implementation;
			sourceTree = "<group>";
		};
		79999EFD14DE517C00FFBC99 /* Editing Context */ = {
			isa = PBXGroup;
			children = (
				66EE5D34146355A6008AA95B /* COPersistentRootEditingContext.h */,
				66EE5D35146355A6008AA95B /* COPersistentRootEditingContext.m */,
			);
			name = "Editing Context";
			sourceTree = "<group>";
		};
		79999F1214DE593600FFBC99 /* Persistent Roots */ = {
			isa = PBXGroup;
			children = (
				79999F1314DE597200FFBC99 /* COSubtreeFactory+PersistentRoots.h */,
				79999F1414DE597200FFBC99 /* COSubtreeFactory+PersistentRoots.m */,
				66E2FFB614899C7A00C66578 /* COSubtreeFactory+Undo.h */,
				66E2FFB714899C7A00C66578 /* COSubtreeFactory+Undo.m */,
				79F8202B14E25D85008236F6 /* COSubtreeFactory+Pull.h */,
				79F8202C14E25D85008236F6 /* COSubtreeFactory+Pull.m */,
			);
			name = "Persistent Roots";
			sourceTree = "<group>";
		};
		79B578DC14ECC95B00B3563F /* Diff View */ = {
			isa = PBXGroup;
			children = (
				79B578D714ECC94E00B3563F /* EWDiffWindowController.h */,
				79B578D814ECC94E00B3563F /* EWDiffWindowController.m */,
			);
			name = "Diff View";
			sourceTree = "<group>";
		};
		79FB63B81486ABC600751E1E /* Tests - documented only */ = {
			isa = PBXGroup;
			children = (
				790B1AE81485B184001ED869 /* TestSimpleUseOfNestedPersistentRoots.m */,
				6628FBA1142FA7840072767A /* TestCopyEmbeddedObjects.m */,
				6628FBA3142FA7840072767A /* TestHistoryTrack.m */,
				79156DB91484BE4D00AB66B1 /* TestConcurrentContextModification.m */,
				66F4E319147C606A004FC1BA /* TestGameEditor.m */,
				66E46D47146A3D490042123E /* TestDeletion.m */,
				66E0189E146468F6000EB1E0 /* TestBLOB.m */,
				792972ED148C4AC100FD35A9 /* TestReferencesBetweenPersistentRoots.m */,
				792972F4148C4CA800FD35A9 /* TestCompositeDocument.m */,
				792972F9148C4D6D00FD35A9 /* TestUserRequirements.m */,
			);
			name = "Tests - documented only";
			sourceTree = "<group>";
		};
		79FB63BD1486ABEF00751E1E /* Tests - docs and code sketch */ = {
			isa = PBXGroup;
			children = (
				66EE5D491463AD67008AA95B /* TestBranchesAndCopies.m */,
				66E0189B146455C8000EB1E0 /* TestPhotoMontage.m */,
				66E5CABB147B4E42002DE8FD /* TestPhotoManager.m */,
			);
			name = "Tests - docs and code sketch";
			sourceTree = "<group>";
		};
/* End PBXGroup section */

/* Begin PBXHeadersBuildPhase section */
		66E7783214E6049E00D5DFFF /* Headers */ = {
			isa = PBXHeadersBuildPhase;
			buildActionMask = 2147483647;
			files = (
				66E7784714E604ED00D5DFFF /* UKRunner.h in Headers */,
				66E7784814E604ED00D5DFFF /* UKTask.h in Headers */,
				66E7784914E604ED00D5DFFF /* UKTest.h in Headers */,
				66E7784A14E604ED00D5DFFF /* UKTestHandler.h in Headers */,
				66E7784B14E604ED00D5DFFF /* UnitKit.h in Headers */,
			);
			runOnlyForDeploymentPostprocessing = 0;
		};
		66E7784E14E6062100D5DFFF /* Headers */ = {
			isa = PBXHeadersBuildPhase;
			buildActionMask = 2147483647;
			files = (
				66E7787914E6075B00D5DFFF /* COMacros.h in Headers */,
				66E7787A14E6075B00D5DFFF /* ETUUID.h in Headers */,
				66E7787B14E6075B00D5DFFF /* COPath.h in Headers */,
				66E7787C14E6075B00D5DFFF /* COType.h in Headers */,
				66E7787D14E6075B00D5DFFF /* COType+Plist.h in Headers */,
				66E7787E14E6075B00D5DFFF /* COType+String.h in Headers */,
				66E7787F14E6075B00D5DFFF /* COType+Diff.h in Headers */,
				66E7788014E6075B00D5DFFF /* COTypePrivate.h in Headers */,
				66E7788114E6075B00D5DFFF /* COItem.h in Headers */,
				66E7788214E6075B00D5DFFF /* COItemPath.h in Headers */,
				66E7788314E6075B00D5DFFF /* COSubtree.h in Headers */,
				66E7788414E6075B00D5DFFF /* COSubtreeCopy.h in Headers */,
				66E7788514E6075B00D5DFFF /* COSubtreeFactory.h in Headers */,
				66E7788614E6075B00D5DFFF /* COPersistentRoot.h in Headers */,
				66E7788714E6075B00D5DFFF /* COSubtreeFactory+PersistentRoots.h in Headers */,
				66E7788814E6075B00D5DFFF /* COSubtreeFactory+Undo.h in Headers */,
				66E7788914E6075B00D5DFFF /* COSubtreeFactory+Pull.h in Headers */,
				66E7788A14E6075B00D5DFFF /* diff.h in Headers */,
				66E7788B14E6075B00D5DFFF /* COArrayDiff.h in Headers */,
				66E7788D14E6075B00D5DFFF /* COSetDiff.h in Headers */,
				66E7788F14E6075B00D5DFFF /* COItemDiff.h in Headers */,
				66E7789014E6075B00D5DFFF /* COSubtreeDiff.h in Headers */,
				66E7789114E6075B00D5DFFF /* COPersistentRootDiff.h in Headers */,
				66E7789214E6075B00D5DFFF /* COPersistentRootEditingContext.h in Headers */,
				66E7789314E6075B00D5DFFF /* COStore.h in Headers */,
				66E7789414E6075B00D5DFFF /* COStorePrivate.h in Headers */,
				7968177914E7B3A400E5810C /* COSequenceDiff.h in Headers */,
			);
			runOnlyForDeploymentPostprocessing = 0;
		};
/* End PBXHeadersBuildPhase section */

/* Begin PBXNativeTarget section */
		66E22EC51421D47100C00A98 /* test */ = {
			isa = PBXNativeTarget;
			buildConfigurationList = 66E22ED11421D47100C00A98 /* Build configuration list for PBXNativeTarget "test" */;
			buildPhases = (
				66E22EC21421D47100C00A98 /* Sources */,
				66E22EC31421D47100C00A98 /* Frameworks */,
				66E22EC41421D47100C00A98 /* CopyFiles */,
			);
			buildRules = (
			);
			dependencies = (
				66E778A814E607D400D5DFFF /* PBXTargetDependency */,
				66E778AA14E607D400D5DFFF /* PBXTargetDependency */,
			);
			name = test;
			productName = test;
			productReference = 66E22EC61421D47100C00A98 /* test */;
			productType = "com.apple.product-type.tool";
		};
		66E7783414E6049E00D5DFFF /* UnitKit */ = {
			isa = PBXNativeTarget;
			buildConfigurationList = 66E7784114E6049E00D5DFFF /* Build configuration list for PBXNativeTarget "UnitKit" */;
			buildPhases = (
				66E7783014E6049E00D5DFFF /* Sources */,
				66E7783114E6049E00D5DFFF /* Frameworks */,
				66E7783214E6049E00D5DFFF /* Headers */,
				66E7783314E6049E00D5DFFF /* Resources */,
			);
			buildRules = (
			);
			dependencies = (
			);
			name = UnitKit;
			productName = UnitKit;
			productReference = 66E7783514E6049E00D5DFFF /* UnitKit.framework */;
			productType = "com.apple.product-type.framework";
		};
		66E7785014E6062100D5DFFF /* NestedVersioning */ = {
			isa = PBXNativeTarget;
			buildConfigurationList = 66E7785D14E6062100D5DFFF /* Build configuration list for PBXNativeTarget "NestedVersioning" */;
			buildPhases = (
				66E7784C14E6062100D5DFFF /* Sources */,
				66E7784D14E6062100D5DFFF /* Frameworks */,
				66E7784E14E6062100D5DFFF /* Headers */,
				66E7784F14E6062100D5DFFF /* Resources */,
			);
			buildRules = (
			);
			dependencies = (
			);
			name = NestedVersioning;
			productName = NestedVersioning;
			productReference = 66E7785114E6062100D5DFFF /* NestedVersioning.framework */;
			productType = "com.apple.product-type.framework";
		};
		66EB7568148CA9D300C2114B /* StoreBrowser */ = {
			isa = PBXNativeTarget;
			buildConfigurationList = 66EB7583148CA9D400C2114B /* Build configuration list for PBXNativeTarget "StoreBrowser" */;
			buildPhases = (
				66EB7565148CA9D300C2114B /* Sources */,
				66EB7566148CA9D300C2114B /* Frameworks */,
				66EB7567148CA9D300C2114B /* Resources */,
			);
			buildRules = (
			);
			dependencies = (
				66E7789714E6078200D5DFFF /* PBXTargetDependency */,
				79F0CEE114E617A6001D440B /* PBXTargetDependency */,
			);
			name = StoreBrowser;
			productName = StoreBrowser;
			productReference = 66EB7569148CA9D300C2114B /* StoreBrowser.app */;
			productType = "com.apple.product-type.application";
		};
/* End PBXNativeTarget section */

/* Begin PBXProject section */
		662811ED13F8B5000075BBC2 /* Project object */ = {
			isa = PBXProject;
			attributes = {
				LastUpgradeCheck = 0420;
			};
			buildConfigurationList = 662811F013F8B5000075BBC2 /* Build configuration list for PBXProject "nestedversioning" */;
			compatibilityVersion = "Xcode 3.2";
			developmentRegion = English;
			hasScannedForEncodings = 0;
			knownRegions = (
				en,
				English,
			);
			mainGroup = 662811EB13F8B5000075BBC2;
			productRefGroup = 662811F713F8B5010075BBC2 /* Products */;
			projectDirPath = "";
			projectRoot = "";
			targets = (
				66E22EC51421D47100C00A98 /* test */,
				66EB7568148CA9D300C2114B /* StoreBrowser */,
				66E7783414E6049E00D5DFFF /* UnitKit */,
				66E7785014E6062100D5DFFF /* NestedVersioning */,
			);
		};
/* End PBXProject section */

/* Begin PBXResourcesBuildPhase section */
		66E7783314E6049E00D5DFFF /* Resources */ = {
			isa = PBXResourcesBuildPhase;
			buildActionMask = 2147483647;
			files = (
				66E778B714E60E3C00D5DFFF /* Icon-Fail.tiff in Resources */,
				66E778B814E60E3C00D5DFFF /* Icon-Pass.tiff in Resources */,
				66E778BE14E60ED900D5DFFF /* InfoPlist.strings in Resources */,
				66E778BF14E60ED900D5DFFF /* UKTestHandler.strings in Resources */,
			);
			runOnlyForDeploymentPostprocessing = 0;
		};
		66E7784F14E6062100D5DFFF /* Resources */ = {
			isa = PBXResourcesBuildPhase;
			buildActionMask = 2147483647;
			files = (
			);
			runOnlyForDeploymentPostprocessing = 0;
		};
		66EB7567148CA9D300C2114B /* Resources */ = {
			isa = PBXResourcesBuildPhase;
			buildActionMask = 2147483647;
			files = (
				66F0C88014C542CD00C0B5A6 /* package.png in Resources */,
				66F0C88614C5430D00C0B5A6 /* brick.png in Resources */,
				66F0C88814C5434200C0B5A6 /* arrow_branch.png in Resources */,
				66F0C88C14C5440500C0B5A6 /* bullet_yellow.png in Resources */,
				66F0C88E14C5444600C0B5A6 /* bullet_yellow_multiple.png in Resources */,
				79CB315114C6911400ADAB77 /* arrow_branch_purple.png in Resources */,
				6607F95C14D0CD7F00F1E7C6 /* Credits.rtf in Resources */,
				6607F95D14D0CD7F00F1E7C6 /* InfoPlist.strings in Resources */,
				6607F95E14D0CD7F00F1E7C6 /* MainMenu.xib in Resources */,
				6607F97014D0DD9900F1E7C6 /* PersistentRootWindow.nib in Resources */,
				79B578E314ECCACE00B3563F /* DiffWindow.nib in Resources */,
			);
			runOnlyForDeploymentPostprocessing = 0;
		};
/* End PBXResourcesBuildPhase section */

/* Begin PBXSourcesBuildPhase section */
		66E22EC21421D47100C00A98 /* Sources */ = {
			isa = PBXSourcesBuildPhase;
			buildActionMask = 2147483647;
			files = (
				66E778A114E607CD00D5DFFF /* main.m in Sources */,
				6660E23B14F84BD500D2F319 /* TestStore.m in Sources */,
				66E778A214E607CD00D5DFFF /* TestSubtree.m in Sources */,
				66E778A314E607CD00D5DFFF /* TestUndo.m in Sources */,
				66E778A414E607CD00D5DFFF /* TestTagging.m in Sources */,
				66E778A514E607CD00D5DFFF /* TestCommon.m in Sources */,
				66E778A614E607CD00D5DFFF /* TestPull.m in Sources */,
				66E778AD14E6080700D5DFFF /* TestPersistentRootEditingContext.m in Sources */,
				798763E214EB3B7A0064002F /* TestSequenceDiffMerge.m in Sources */,
				7994684514EB9F7A008AC16E /* TestSetDiffMerge.m in Sources */,
				6660E23614F84A6C00D2F319 /* TestItemDiffMerge.m in Sources */,
				6660E23A14F84B3000D2F319 /* TestItem.m in Sources */,
				6660E23E14F84C2A00D2F319 /* TestPath.m in Sources */,
				790574FC14F8A7D20007C67B /* TestSubtreeDiffMerge.m in Sources */,
			);
			runOnlyForDeploymentPostprocessing = 0;
		};
		66E7783014E6049E00D5DFFF /* Sources */ = {
			isa = PBXSourcesBuildPhase;
			buildActionMask = 2147483647;
			files = (
				66E7784514E604E000D5DFFF /* UKTask.m in Sources */,
				66E7784614E604E000D5DFFF /* UKTestHandler.m in Sources */,
				66E7784414E604D300D5DFFF /* UKRunner.m in Sources */,
			);
			runOnlyForDeploymentPostprocessing = 0;
		};
		66E7784C14E6062100D5DFFF /* Sources */ = {
			isa = PBXSourcesBuildPhase;
			buildActionMask = 2147483647;
			files = (
				66E7786014E6073100D5DFFF /* ETUUID.m in Sources */,
				66E7786114E6073100D5DFFF /* COPath.m in Sources */,
				66E7786214E6073100D5DFFF /* COType.m in Sources */,
				66E7786314E6073100D5DFFF /* COType+Plist.m in Sources */,
				66E7786414E6073100D5DFFF /* COType+String.m in Sources */,
				66E7786514E6073100D5DFFF /* COType+Diff.m in Sources */,
				66E7786614E6073100D5DFFF /* COItem.m in Sources */,
				66E7786714E6073100D5DFFF /* COItemPath.m in Sources */,
				66E7786814E6073100D5DFFF /* COSubtree.m in Sources */,
				66E7786914E6073100D5DFFF /* COSubtreeCopy.m in Sources */,
				66E7786A14E6073100D5DFFF /* COSubtreeFactory.m in Sources */,
				66E7786B14E6073100D5DFFF /* COPersistentRoot.m in Sources */,
				66E7786C14E6073100D5DFFF /* COSubtreeFactory+PersistentRoots.m in Sources */,
				66E7786D14E6073100D5DFFF /* COSubtreeFactory+Undo.m in Sources */,
				66E7786E14E6073100D5DFFF /* COSubtreeFactory+Pull.m in Sources */,
				66E7786F14E6073100D5DFFF /* diff.cc in Sources */,
				66E7787014E6073100D5DFFF /* COArrayDiff.m in Sources */,
				66E7787214E6073100D5DFFF /* COSetDiff.m in Sources */,
				66E7787414E6073100D5DFFF /* COItemDiff.m in Sources */,
				66E7787614E6073100D5DFFF /* COPersistentRootDiff.m in Sources */,
				66E7787714E6073100D5DFFF /* COPersistentRootEditingContext.m in Sources */,
				66E7787814E6073100D5DFFF /* COStore.m in Sources */,
				79B5788514ECC47D00B3563F /* COSequenceDiff.m in Sources */,
				66E7787514E6073100D5DFFF /* COSubtreeDiff.m in Sources */,
			);
			runOnlyForDeploymentPostprocessing = 0;
		};
		66EB7565148CA9D300C2114B /* Sources */ = {
			isa = PBXSourcesBuildPhase;
			buildActionMask = 2147483647;
			files = (
				79F0CEDD14E6179F001D440B /* TestCommon.m in Sources */,
				79F0CED614E61795001D440B /* TestTagging.m in Sources */,
				66E7789814E6079600D5DFFF /* EWGraphRenderer.m in Sources */,
				66E7789914E6079600D5DFFF /* main.m in Sources */,
				66E7789A14E6079600D5DFFF /* AppDelegate.m in Sources */,
				66E7789B14E6079600D5DFFF /* EWPersistentRootWindowController.m in Sources */,
				66E7789C14E6079600D5DFFF /* EWPersistentRootOutlineRow.m in Sources */,
				66E7789D14E6079600D5DFFF /* EWHistoryGraphView.m in Sources */,
				66E7789E14E6079600D5DFFF /* EWOutlineView.m in Sources */,
				79B578D914ECC94E00B3563F /* EWDiffWindowController.m in Sources */,
				79284A7814F465890063B0BF /* EWIconTextFieldCell.m in Sources */,
			);
			runOnlyForDeploymentPostprocessing = 0;
		};
/* End PBXSourcesBuildPhase section */

/* Begin PBXTargetDependency section */
		66E7789714E6078200D5DFFF /* PBXTargetDependency */ = {
			isa = PBXTargetDependency;
			target = 66E7785014E6062100D5DFFF /* NestedVersioning */;
			targetProxy = 66E7789614E6078200D5DFFF /* PBXContainerItemProxy */;
		};
		66E778A814E607D400D5DFFF /* PBXTargetDependency */ = {
			isa = PBXTargetDependency;
			target = 66E7783414E6049E00D5DFFF /* UnitKit */;
			targetProxy = 66E778A714E607D400D5DFFF /* PBXContainerItemProxy */;
		};
		66E778AA14E607D400D5DFFF /* PBXTargetDependency */ = {
			isa = PBXTargetDependency;
			target = 66E7785014E6062100D5DFFF /* NestedVersioning */;
			targetProxy = 66E778A914E607D400D5DFFF /* PBXContainerItemProxy */;
		};
		79F0CEE114E617A6001D440B /* PBXTargetDependency */ = {
			isa = PBXTargetDependency;
			target = 66E7783414E6049E00D5DFFF /* UnitKit */;
			targetProxy = 79F0CEE014E617A6001D440B /* PBXContainerItemProxy */;
		};
/* End PBXTargetDependency section */

/* Begin PBXVariantGroup section */
		66E778BA14E60ED900D5DFFF /* InfoPlist.strings */ = {
			isa = PBXVariantGroup;
			children = (
				66E778BB14E60ED900D5DFFF /* English */,
			);
			name = InfoPlist.strings;
			sourceTree = "<group>";
		};
		66E778BC14E60ED900D5DFFF /* UKTestHandler.strings */ = {
			isa = PBXVariantGroup;
			children = (
				66E778BD14E60ED900D5DFFF /* English */,
			);
			name = UKTestHandler.strings;
			sourceTree = "<group>";
		};
/* End PBXVariantGroup section */

/* Begin XCBuildConfiguration section */
		6628122A13F8B5010075BBC2 /* Debug */ = {
			isa = XCBuildConfiguration;
			buildSettings = {
				ALWAYS_SEARCH_USER_PATHS = NO;
				ARCHS = "$(ARCHS_STANDARD_64_BIT)";
				COPY_PHASE_STRIP = NO;
				GCC_C_LANGUAGE_STANDARD = gnu99;
				GCC_DYNAMIC_NO_PIC = NO;
				GCC_ENABLE_OBJC_EXCEPTIONS = YES;
				GCC_OPTIMIZATION_LEVEL = 0;
				GCC_PREPROCESSOR_DEFINITIONS = (
					"DEBUG=1",
					"$(inherited)",
				);
				GCC_SYMBOLS_PRIVATE_EXTERN = NO;
				GCC_VERSION = com.apple.compilers.llvm.clang.1_0;
				GCC_WARN_64_TO_32_BIT_CONVERSION = YES;
				GCC_WARN_ABOUT_MISSING_PROTOTYPES = YES;
				GCC_WARN_ABOUT_RETURN_TYPE = YES;
				GCC_WARN_UNUSED_VARIABLE = YES;
				MACOSX_DEPLOYMENT_TARGET = 10.7;
				ONLY_ACTIVE_ARCH = YES;
				SDKROOT = macosx;
			};
			name = Debug;
		};
		6628122B13F8B5010075BBC2 /* Release */ = {
			isa = XCBuildConfiguration;
			buildSettings = {
				ALWAYS_SEARCH_USER_PATHS = NO;
				ARCHS = "$(ARCHS_STANDARD_64_BIT)";
				COPY_PHASE_STRIP = YES;
				DEBUG_INFORMATION_FORMAT = "dwarf-with-dsym";
				GCC_C_LANGUAGE_STANDARD = gnu99;
				GCC_ENABLE_OBJC_EXCEPTIONS = YES;
				GCC_VERSION = com.apple.compilers.llvm.clang.1_0;
				GCC_WARN_64_TO_32_BIT_CONVERSION = YES;
				GCC_WARN_ABOUT_MISSING_PROTOTYPES = YES;
				GCC_WARN_ABOUT_RETURN_TYPE = YES;
				GCC_WARN_UNUSED_VARIABLE = YES;
				MACOSX_DEPLOYMENT_TARGET = 10.7;
				SDKROOT = macosx;
			};
			name = Release;
		};
		66E22ED21421D47100C00A98 /* Debug */ = {
			isa = XCBuildConfiguration;
			buildSettings = {
				GCC_PRECOMPILE_PREFIX_HEADER = YES;
				GCC_PREFIX_HEADER = "test-Prefix.pch";
				PRODUCT_NAME = test;
			};
			name = Debug;
		};
		66E22ED31421D47100C00A98 /* Release */ = {
			isa = XCBuildConfiguration;
			buildSettings = {
				GCC_PRECOMPILE_PREFIX_HEADER = YES;
				GCC_PREFIX_HEADER = "test-Prefix.pch";
				PRODUCT_NAME = test;
			};
			name = Release;
		};
		66E7784214E6049E00D5DFFF /* Debug */ = {
			isa = XCBuildConfiguration;
			buildSettings = {
				DYLIB_COMPATIBILITY_VERSION = 1;
				DYLIB_CURRENT_VERSION = 1;
				FRAMEWORK_VERSION = A;
				GCC_PRECOMPILE_PREFIX_HEADER = NO;
				INFOPLIST_FILE = "UnitKit/UnitKit-Info.plist";
				PRODUCT_NAME = "$(TARGET_NAME)";
				WRAPPER_EXTENSION = framework;
			};
			name = Debug;
		};
		66E7784314E6049E00D5DFFF /* Release */ = {
			isa = XCBuildConfiguration;
			buildSettings = {
				DYLIB_COMPATIBILITY_VERSION = 1;
				DYLIB_CURRENT_VERSION = 1;
				FRAMEWORK_VERSION = A;
				GCC_PRECOMPILE_PREFIX_HEADER = NO;
				INFOPLIST_FILE = "UnitKit/UnitKit-Info.plist";
				PRODUCT_NAME = "$(TARGET_NAME)";
				WRAPPER_EXTENSION = framework;
			};
			name = Release;
		};
		66E7785E14E6062100D5DFFF /* Debug */ = {
			isa = XCBuildConfiguration;
			buildSettings = {
				DYLIB_COMPATIBILITY_VERSION = 1;
				DYLIB_CURRENT_VERSION = 1;
				FRAMEWORK_VERSION = A;
				INFOPLIST_FILE = "NestedVersioning-Info.plist";
				PRODUCT_NAME = "$(TARGET_NAME)";
				WRAPPER_EXTENSION = framework;
			};
			name = Debug;
		};
		66E7785F14E6062100D5DFFF /* Release */ = {
			isa = XCBuildConfiguration;
			buildSettings = {
				DYLIB_COMPATIBILITY_VERSION = 1;
				DYLIB_CURRENT_VERSION = 1;
				FRAMEWORK_VERSION = A;
				INFOPLIST_FILE = "NestedVersioning-Info.plist";
				PRODUCT_NAME = "$(TARGET_NAME)";
				WRAPPER_EXTENSION = framework;
			};
			name = Release;
		};
		66EB7584148CA9D400C2114B /* Debug */ = {
			isa = XCBuildConfiguration;
			buildSettings = {
				GCC_PRECOMPILE_PREFIX_HEADER = YES;
				GCC_PREFIX_HEADER = "StoreBrowser/StoreBrowser-Prefix.pch";
				INFOPLIST_FILE = "StoreBrowser/StoreBrowser-Info.plist";
				MACOSX_DEPLOYMENT_TARGET = "";
				PRODUCT_NAME = "$(TARGET_NAME)";
				WRAPPER_EXTENSION = app;
			};
			name = Debug;
		};
		66EB7585148CA9D400C2114B /* Release */ = {
			isa = XCBuildConfiguration;
			buildSettings = {
				GCC_PRECOMPILE_PREFIX_HEADER = YES;
				GCC_PREFIX_HEADER = "StoreBrowser/StoreBrowser-Prefix.pch";
				INFOPLIST_FILE = "StoreBrowser/StoreBrowser-Info.plist";
				MACOSX_DEPLOYMENT_TARGET = "";
				PRODUCT_NAME = "$(TARGET_NAME)";
				WRAPPER_EXTENSION = app;
			};
			name = Release;
		};
/* End XCBuildConfiguration section */

/* Begin XCConfigurationList section */
		662811F013F8B5000075BBC2 /* Build configuration list for PBXProject "nestedversioning" */ = {
			isa = XCConfigurationList;
			buildConfigurations = (
				6628122A13F8B5010075BBC2 /* Debug */,
				6628122B13F8B5010075BBC2 /* Release */,
			);
			defaultConfigurationIsVisible = 0;
			defaultConfigurationName = Release;
		};
		66E22ED11421D47100C00A98 /* Build configuration list for PBXNativeTarget "test" */ = {
			isa = XCConfigurationList;
			buildConfigurations = (
				66E22ED21421D47100C00A98 /* Debug */,
				66E22ED31421D47100C00A98 /* Release */,
			);
			defaultConfigurationIsVisible = 0;
			defaultConfigurationName = Release;
		};
		66E7784114E6049E00D5DFFF /* Build configuration list for PBXNativeTarget "UnitKit" */ = {
			isa = XCConfigurationList;
			buildConfigurations = (
				66E7784214E6049E00D5DFFF /* Debug */,
				66E7784314E6049E00D5DFFF /* Release */,
			);
			defaultConfigurationIsVisible = 0;
			defaultConfigurationName = Release;
		};
		66E7785D14E6062100D5DFFF /* Build configuration list for PBXNativeTarget "NestedVersioning" */ = {
			isa = XCConfigurationList;
			buildConfigurations = (
				66E7785E14E6062100D5DFFF /* Debug */,
				66E7785F14E6062100D5DFFF /* Release */,
			);
			defaultConfigurationIsVisible = 0;
			defaultConfigurationName = Release;
		};
		66EB7583148CA9D400C2114B /* Build configuration list for PBXNativeTarget "StoreBrowser" */ = {
			isa = XCConfigurationList;
			buildConfigurations = (
				66EB7584148CA9D400C2114B /* Debug */,
				66EB7585148CA9D400C2114B /* Release */,
			);
			defaultConfigurationIsVisible = 0;
			defaultConfigurationName = Release;
		};
/* End XCConfigurationList section */
	};
	rootObject = 662811ED13F8B5000075BBC2 /* Project object */;
}
