// !$*UTF8*$!
{
	archiveVersion = 1;
	classes = {
	};
	objectVersion = 46;
	objects = {

/* Begin PBXBuildFile section */
		6607F95C14D0CD7F00F1E7C6 /* Credits.rtf in Resources */ = {isa = PBXBuildFile; fileRef = 6607F95914D0CD7F00F1E7C6 /* Credits.rtf */; };
		6607F95D14D0CD7F00F1E7C6 /* InfoPlist.strings in Resources */ = {isa = PBXBuildFile; fileRef = 6607F95A14D0CD7F00F1E7C6 /* InfoPlist.strings */; };
		6607F95E14D0CD7F00F1E7C6 /* MainMenu.xib in Resources */ = {isa = PBXBuildFile; fileRef = 6607F95B14D0CD7F00F1E7C6 /* MainMenu.xib */; };
		6607F97014D0DD9900F1E7C6 /* PersistentRootWindow.nib in Resources */ = {isa = PBXBuildFile; fileRef = 6607F96F14D0DD9900F1E7C6 /* PersistentRootWindow.nib */; };
		660E66E4148D92E00062308D /* EWPersistentRootOutlineRow.m in Sources */ = {isa = PBXBuildFile; fileRef = 660E66E3148D92E00062308D /* EWPersistentRootOutlineRow.m */; };
		66101A0A14D09FAA00B50075 /* diff.cc in Sources */ = {isa = PBXBuildFile; fileRef = 66101A0914D09FAA00B50075 /* diff.cc */; };
		66101A0B14D09FAA00B50075 /* diff.cc in Sources */ = {isa = PBXBuildFile; fileRef = 66101A0914D09FAA00B50075 /* diff.cc */; };
		6628FB9B142FA65D0072767A /* EWTest.m in Sources */ = {isa = PBXBuildFile; fileRef = 6628FB9A142FA65D0072767A /* EWTest.m */; };
		66300AFA1492CA7E00246C89 /* EWGraphRenderer.m in Sources */ = {isa = PBXBuildFile; fileRef = 66300AF91492CA7E00246C89 /* EWGraphRenderer.m */; };
		66300AFD1493148300246C89 /* EWHistoryGraphView.m in Sources */ = {isa = PBXBuildFile; fileRef = 66300AFC1493148300246C89 /* EWHistoryGraphView.m */; };
		664DA7F314C6B28000942CDC /* COPersistentRootDiff.m in Sources */ = {isa = PBXBuildFile; fileRef = 664DA7F214C6B28000942CDC /* COPersistentRootDiff.m */; };
		664DA7F414C6B28000942CDC /* COPersistentRootDiff.m in Sources */ = {isa = PBXBuildFile; fileRef = 664DA7F214C6B28000942CDC /* COPersistentRootDiff.m */; };
		669CADDB1491539100D0CF5F /* COType.m in Sources */ = {isa = PBXBuildFile; fileRef = 66EDFD95148EF73200D0DC0B /* COType.m */; };
		669CADDC1491539100D0CF5F /* COType+Plist.m in Sources */ = {isa = PBXBuildFile; fileRef = 66F39B851490A8540097B7D5 /* COType+Plist.m */; };
		669CADE81491844000D0CF5F /* COSubtreeDiff.m in Sources */ = {isa = PBXBuildFile; fileRef = 669CADE71491844000D0CF5F /* COSubtreeDiff.m */; };
		66DFAED0142A726100623060 /* main.m in Sources */ = {isa = PBXBuildFile; fileRef = 66DFAEBF142A726100623060 /* main.m */; };
		66E0189C146455C8000EB1E0 /* TestPhotoMontage.m in Sources */ = {isa = PBXBuildFile; fileRef = 66E0189B146455C8000EB1E0 /* TestPhotoMontage.m */; };
		66E0189F146468F6000EB1E0 /* TestBLOB.m in Sources */ = {isa = PBXBuildFile; fileRef = 66E0189E146468F6000EB1E0 /* TestBLOB.m */; };
		66E22EC91421D47100C00A98 /* Foundation.framework in Frameworks */ = {isa = PBXBuildFile; fileRef = 66E22EC81421D47100C00A98 /* Foundation.framework */; };
		66E2FFB814899C7B00C66578 /* COPersistentRootEditingContext+PersistentRoots.m in Sources */ = {isa = PBXBuildFile; fileRef = 66E2FFB714899C7A00C66578 /* COPersistentRootEditingContext+PersistentRoots.m */; };
		66E42F16149A91A600C90D5A /* TestTreeManager.m in Sources */ = {isa = PBXBuildFile; fileRef = 66E42F15149A91A600C90D5A /* TestTreeManager.m */; };
		66E46D48146A3D490042123E /* TestDeletion.m in Sources */ = {isa = PBXBuildFile; fileRef = 66E46D47146A3D490042123E /* TestDeletion.m */; };
		66E4BE571496956200B7024A /* COItemDiff.m in Sources */ = {isa = PBXBuildFile; fileRef = 66E4BE561496956200B7024A /* COItemDiff.m */; };
		66E4BE5B149713CA00B7024A /* COType+Diff.m in Sources */ = {isa = PBXBuildFile; fileRef = 66E4BE5A149713CA00B7024A /* COType+Diff.m */; };
		66E4BE5E1497464100B7024A /* EWOutlineView.m in Sources */ = {isa = PBXBuildFile; fileRef = 66E4BE5D1497464100B7024A /* EWOutlineView.m */; };
		66E5038A1495E6EF003C69C7 /* COType+String.m in Sources */ = {isa = PBXBuildFile; fileRef = 66E503891495E6EF003C69C7 /* COType+String.m */; };
		66E5038C1495EA0C003C69C7 /* COType+String.m in Sources */ = {isa = PBXBuildFile; fileRef = 66E503891495E6EF003C69C7 /* COType+String.m */; };
		66E5039F1495F9CF003C69C7 /* COArrayDiff.m in Sources */ = {isa = PBXBuildFile; fileRef = 66E503931495F9CF003C69C7 /* COArrayDiff.m */; };
		66E503A01495F9CF003C69C7 /* COMergeResult.m in Sources */ = {isa = PBXBuildFile; fileRef = 66E503951495F9CF003C69C7 /* COMergeResult.m */; };
		66E503A11495F9CF003C69C7 /* COObjectGraphDiff.m in Sources */ = {isa = PBXBuildFile; fileRef = 66E503971495F9CF003C69C7 /* COObjectGraphDiff.m */; };
		66E503A21495F9D0003C69C7 /* COSequenceDiff.m in Sources */ = {isa = PBXBuildFile; fileRef = 66E503991495F9CF003C69C7 /* COSequenceDiff.m */; };
		66E503A31495F9D0003C69C7 /* COSetDiff.m in Sources */ = {isa = PBXBuildFile; fileRef = 66E5039B1495F9CF003C69C7 /* COSetDiff.m */; };
		66E503A41495F9D0003C69C7 /* COStringDiff.m in Sources */ = {isa = PBXBuildFile; fileRef = 66E5039D1495F9CF003C69C7 /* COStringDiff.m */; };
		66E552B5146B7799008FDFAF /* libcrypto.dylib in Frameworks */ = {isa = PBXBuildFile; fileRef = 66E552B4146B7799008FDFAF /* libcrypto.dylib */; };
		66E5CABC147B4E42002DE8FD /* TestPhotoManager.m in Sources */ = {isa = PBXBuildFile; fileRef = 66E5CABB147B4E42002DE8FD /* TestPhotoManager.m */; };
		66E76749148B4813009937E8 /* COSubtree.m in Sources */ = {isa = PBXBuildFile; fileRef = 66E76735148B3D1C009937E8 /* COSubtree.m */; };
		66E83F3814DE3A4B00A8611A /* COSubtreeCopy.m in Sources */ = {isa = PBXBuildFile; fileRef = 66E8E93414D4BC7F00CBE2D8 /* COSubtreeCopy.m */; };
		66E83F3914DE3A5E00A8611A /* COItemPath.m in Sources */ = {isa = PBXBuildFile; fileRef = 66E7673F148B3DE8009937E8 /* COItemPath.m */; };
		66E877571455F0CB006CBE7E /* COStore.m in Sources */ = {isa = PBXBuildFile; fileRef = 66E877561455F0CB006CBE7E /* COStore.m */; };
		66E8776B1455FE67006CBE7E /* ETUUID.m in Sources */ = {isa = PBXBuildFile; fileRef = 66E8776A1455FE67006CBE7E /* ETUUID.m */; };
		66E8E93514D4BC7F00CBE2D8 /* COSubtreeCopy.m in Sources */ = {isa = PBXBuildFile; fileRef = 66E8E93414D4BC7F00CBE2D8 /* COSubtreeCopy.m */; };
		66E8E93714D5067E00CBE2D8 /* COItemPath.m in Sources */ = {isa = PBXBuildFile; fileRef = 66E7673F148B3DE8009937E8 /* COItemPath.m */; };
		66EADD6514732AEE003181FC /* TestUndo.m in Sources */ = {isa = PBXBuildFile; fileRef = 66EADD6414732AEE003181FC /* TestUndo.m */; };
		66EADD69147345B9003181FC /* COItem.m in Sources */ = {isa = PBXBuildFile; fileRef = 66EADD68147345B9003181FC /* COItem.m */; };
		66EB756C148CA9D300C2114B /* Cocoa.framework in Frameworks */ = {isa = PBXBuildFile; fileRef = 66EB756B148CA9D300C2114B /* Cocoa.framework */; };
		66EB7578148CA9D300C2114B /* main.m in Sources */ = {isa = PBXBuildFile; fileRef = 66EB7577148CA9D300C2114B /* main.m */; };
		66EB757F148CA9D300C2114B /* AppDelegate.m in Sources */ = {isa = PBXBuildFile; fileRef = 66EB757E148CA9D300C2114B /* AppDelegate.m */; };
		66EE5D36146355A6008AA95B /* COPersistentRootEditingContext.m in Sources */ = {isa = PBXBuildFile; fileRef = 66EE5D35146355A6008AA95B /* COPersistentRootEditingContext.m */; };
		66EE5D3A14637418008AA95B /* COPath.m in Sources */ = {isa = PBXBuildFile; fileRef = 66EE5D3914637418008AA95B /* COPath.m */; };
		66EE5D4A1463AD68008AA95B /* TestBranchesAndCopies.m in Sources */ = {isa = PBXBuildFile; fileRef = 66EE5D491463AD67008AA95B /* TestBranchesAndCopies.m */; };
		66F0C88014C542CD00C0B5A6 /* package.png in Resources */ = {isa = PBXBuildFile; fileRef = 66F0C87F14C542CD00C0B5A6 /* package.png */; };
		66F0C88614C5430D00C0B5A6 /* brick.png in Resources */ = {isa = PBXBuildFile; fileRef = 66F0C88514C5430D00C0B5A6 /* brick.png */; };
		66F0C88814C5434200C0B5A6 /* arrow_branch.png in Resources */ = {isa = PBXBuildFile; fileRef = 66F0C88714C5434200C0B5A6 /* arrow_branch.png */; };
		66F0C88C14C5440500C0B5A6 /* bullet_yellow.png in Resources */ = {isa = PBXBuildFile; fileRef = 66F0C88B14C5440500C0B5A6 /* bullet_yellow.png */; };
		66F0C88E14C5444600C0B5A6 /* bullet_yellow_multiple.png in Resources */ = {isa = PBXBuildFile; fileRef = 66F0C88D14C5444600C0B5A6 /* bullet_yellow_multiple.png */; };
		66F39B891490AE020097B7D5 /* COItemFactory.m in Sources */ = {isa = PBXBuildFile; fileRef = 79297308148C94FD00FD35A9 /* COItemFactory.m */; };
		66F39B8A1490AE0D0097B7D5 /* COItemFactory.m in Sources */ = {isa = PBXBuildFile; fileRef = 79297308148C94FD00FD35A9 /* COItemFactory.m */; };
		66F39B8B1490AEA00097B7D5 /* COType.m in Sources */ = {isa = PBXBuildFile; fileRef = 66EDFD95148EF73200D0DC0B /* COType.m */; };
		66F39B8C1490AEA00097B7D5 /* COType+Plist.m in Sources */ = {isa = PBXBuildFile; fileRef = 66F39B851490A8540097B7D5 /* COType+Plist.m */; };
		66F4E316147C59F0004FC1BA /* TestTagging.m in Sources */ = {isa = PBXBuildFile; fileRef = 66F4E315147C59F0004FC1BA /* TestTagging.m */; };
		66F4E31A147C606A004FC1BA /* TestGameEditor.m in Sources */ = {isa = PBXBuildFile; fileRef = 66F4E319147C606A004FC1BA /* TestGameEditor.m */; };
		79016345148D4886005A9226 /* libcrypto.dylib in Frameworks */ = {isa = PBXBuildFile; fileRef = 66E552B4146B7799008FDFAF /* libcrypto.dylib */; };
		79016346148D4899005A9226 /* COPath.m in Sources */ = {isa = PBXBuildFile; fileRef = 66EE5D3914637418008AA95B /* COPath.m */; };
		79016347148D4899005A9226 /* ETUUID.m in Sources */ = {isa = PBXBuildFile; fileRef = 66E8776A1455FE67006CBE7E /* ETUUID.m */; };
		79016348148D4899005A9226 /* COPersistentRootEditingContext.m in Sources */ = {isa = PBXBuildFile; fileRef = 66EE5D35146355A6008AA95B /* COPersistentRootEditingContext.m */; };
		79016349148D4899005A9226 /* COPersistentRootEditingContext+PersistentRoots.m in Sources */ = {isa = PBXBuildFile; fileRef = 66E2FFB714899C7A00C66578 /* COPersistentRootEditingContext+PersistentRoots.m */; };
		7901634A148D4899005A9226 /* COPersistentRootEditingContext+Convenience.m in Sources */ = {isa = PBXBuildFile; fileRef = 79ABB072148ADBA5008732D8 /* COPersistentRootEditingContext+Convenience.m */; };
		7901634B148D4899005A9226 /* COStore.m in Sources */ = {isa = PBXBuildFile; fileRef = 66E877561455F0CB006CBE7E /* COStore.m */; };
		7901634C148D4899005A9226 /* COItem.m in Sources */ = {isa = PBXBuildFile; fileRef = 66EADD68147345B9003181FC /* COItem.m */; };
		7901634D148D4899005A9226 /* COSubtree.m in Sources */ = {isa = PBXBuildFile; fileRef = 66E76735148B3D1C009937E8 /* COSubtree.m */; };
		790B1AE91485B184001ED869 /* TestSimpleUseOfNestedPersistentRoots.m in Sources */ = {isa = PBXBuildFile; fileRef = 790B1AE81485B184001ED869 /* TestSimpleUseOfNestedPersistentRoots.m */; };
		79156DBA1484BE4D00AB66B1 /* TestConcurrentContextModification.m in Sources */ = {isa = PBXBuildFile; fileRef = 79156DB91484BE4D00AB66B1 /* TestConcurrentContextModification.m */; };
		792972EE148C4AC100FD35A9 /* TestReferencesBetweenPersistentRoots.m in Sources */ = {isa = PBXBuildFile; fileRef = 792972ED148C4AC100FD35A9 /* TestReferencesBetweenPersistentRoots.m */; };
		792972F5148C4CA800FD35A9 /* TestCompositeDocument.m in Sources */ = {isa = PBXBuildFile; fileRef = 792972F4148C4CA800FD35A9 /* TestCompositeDocument.m */; };
		792972FA148C4D6D00FD35A9 /* TestUserRequirements.m in Sources */ = {isa = PBXBuildFile; fileRef = 792972F9148C4D6D00FD35A9 /* TestUserRequirements.m */; };
		7978700F14D799A200B45FC6 /* TestSubtree.m in Sources */ = {isa = PBXBuildFile; fileRef = 7978700E14D799A200B45FC6 /* TestSubtree.m */; };
		79926C19148CADF80095A665 /* EWPersistentRootWindowController.m in Sources */ = {isa = PBXBuildFile; fileRef = 79926C18148CADF80095A665 /* EWPersistentRootWindowController.m */; };
		79999F1514DE597200FFBC99 /* COItemFactory+PersistentRoots.m in Sources */ = {isa = PBXBuildFile; fileRef = 79999F1414DE597200FFBC99 /* COItemFactory+PersistentRoots.m */; };
		79ABB073148ADBA5008732D8 /* COPersistentRootEditingContext+Convenience.m in Sources */ = {isa = PBXBuildFile; fileRef = 79ABB072148ADBA5008732D8 /* COPersistentRootEditingContext+Convenience.m */; };
		79CB302A14C63E1C00ADAB77 /* TestCommon.m in Sources */ = {isa = PBXBuildFile; fileRef = 79CB302914C63E1C00ADAB77 /* TestCommon.m */; };
		79CB305C14C63E9800ADAB77 /* TestTagging.m in Sources */ = {isa = PBXBuildFile; fileRef = 66F4E315147C59F0004FC1BA /* TestTagging.m */; };
		79CB305D14C63E9800ADAB77 /* TestCommon.m in Sources */ = {isa = PBXBuildFile; fileRef = 79CB302914C63E1C00ADAB77 /* TestCommon.m */; };
		79CB30A714C6456000ADAB77 /* COSubtreeDiff.m in Sources */ = {isa = PBXBuildFile; fileRef = 669CADE71491844000D0CF5F /* COSubtreeDiff.m */; };
		79CB30AA14C6457800ADAB77 /* COItemDiff.m in Sources */ = {isa = PBXBuildFile; fileRef = 66E4BE561496956200B7024A /* COItemDiff.m */; };
		79CB30FE14C6499F00ADAB77 /* COArrayDiff.m in Sources */ = {isa = PBXBuildFile; fileRef = 66E503931495F9CF003C69C7 /* COArrayDiff.m */; };
		79CB30FF14C6499F00ADAB77 /* COMergeResult.m in Sources */ = {isa = PBXBuildFile; fileRef = 66E503951495F9CF003C69C7 /* COMergeResult.m */; };
		79CB310014C6499F00ADAB77 /* COObjectGraphDiff.m in Sources */ = {isa = PBXBuildFile; fileRef = 66E503971495F9CF003C69C7 /* COObjectGraphDiff.m */; };
		79CB310114C6499F00ADAB77 /* COSequenceDiff.m in Sources */ = {isa = PBXBuildFile; fileRef = 66E503991495F9CF003C69C7 /* COSequenceDiff.m */; };
		79CB310214C6499F00ADAB77 /* COSetDiff.m in Sources */ = {isa = PBXBuildFile; fileRef = 66E5039B1495F9CF003C69C7 /* COSetDiff.m */; };
		79CB310314C6499F00ADAB77 /* COStringDiff.m in Sources */ = {isa = PBXBuildFile; fileRef = 66E5039D1495F9CF003C69C7 /* COStringDiff.m */; };
		79CB310614C649BC00ADAB77 /* COType+Diff.m in Sources */ = {isa = PBXBuildFile; fileRef = 66E4BE5A149713CA00B7024A /* COType+Diff.m */; };
		79CB315114C6911400ADAB77 /* arrow_branch_purple.png in Resources */ = {isa = PBXBuildFile; fileRef = 79CB315014C6911400ADAB77 /* arrow_branch_purple.png */; };
/* End PBXBuildFile section */

/* Begin PBXCopyFilesBuildPhase section */
		66E22EC41421D47100C00A98 /* CopyFiles */ = {
			isa = PBXCopyFilesBuildPhase;
			buildActionMask = 2147483647;
			dstPath = /usr/share/man/man1/;
			dstSubfolderSpec = 0;
			files = (
			);
			runOnlyForDeploymentPostprocessing = 1;
		};
/* End PBXCopyFilesBuildPhase section */

/* Begin PBXFileReference section */
		6607F95914D0CD7F00F1E7C6 /* Credits.rtf */ = {isa = PBXFileReference; fileEncoding = 4; lastKnownFileType = text.rtf; path = Credits.rtf; sourceTree = "<group>"; };
		6607F95A14D0CD7F00F1E7C6 /* InfoPlist.strings */ = {isa = PBXFileReference; fileEncoding = 4; lastKnownFileType = text.plist.strings; path = InfoPlist.strings; sourceTree = "<group>"; };
		6607F95B14D0CD7F00F1E7C6 /* MainMenu.xib */ = {isa = PBXFileReference; fileEncoding = 4; lastKnownFileType = file.xib; path = MainMenu.xib; sourceTree = "<group>"; };
		6607F96F14D0DD9900F1E7C6 /* PersistentRootWindow.nib */ = {isa = PBXFileReference; lastKnownFileType = wrapper.nib; path = PersistentRootWindow.nib; sourceTree = "<group>"; };
		660E66E2148D92E00062308D /* EWPersistentRootOutlineRow.h */ = {isa = PBXFileReference; fileEncoding = 4; lastKnownFileType = sourcecode.c.h; path = EWPersistentRootOutlineRow.h; sourceTree = "<group>"; };
		660E66E3148D92E00062308D /* EWPersistentRootOutlineRow.m */ = {isa = PBXFileReference; fileEncoding = 4; lastKnownFileType = sourcecode.c.objc; path = EWPersistentRootOutlineRow.m; sourceTree = "<group>"; };
		66101A0914D09FAA00B50075 /* diff.cc */ = {isa = PBXFileReference; fileEncoding = 4; lastKnownFileType = sourcecode.cpp.cpp; name = diff.cc; path = Diff/diff.cc; sourceTree = "<group>"; };
		66101A0D14D09FB700B50075 /* diff.h */ = {isa = PBXFileReference; fileEncoding = 4; lastKnownFileType = sourcecode.c.h; name = diff.h; path = Diff/diff.h; sourceTree = "<group>"; };
		6628FB99142FA65D0072767A /* EWTest.h */ = {isa = PBXFileReference; fileEncoding = 4; lastKnownFileType = sourcecode.c.h; path = EWTest.h; sourceTree = "<group>"; };
		6628FB9A142FA65D0072767A /* EWTest.m */ = {isa = PBXFileReference; fileEncoding = 4; lastKnownFileType = sourcecode.c.objc; path = EWTest.m; sourceTree = "<group>"; };
		6628FB9E142FA7840072767A /* TestArrayDiff.m */ = {isa = PBXFileReference; fileEncoding = 4; lastKnownFileType = sourcecode.c.objc; path = TestArrayDiff.m; sourceTree = "<group>"; };
		6628FBA1142FA7840072767A /* TestCopyEmbeddedObjects.m */ = {isa = PBXFileReference; fileEncoding = 4; lastKnownFileType = sourcecode.c.objc; path = TestCopyEmbeddedObjects.m; sourceTree = "<group>"; };
		6628FBA2142FA7840072767A /* TestEditingContext.m */ = {isa = PBXFileReference; fileEncoding = 4; lastKnownFileType = sourcecode.c.objc; path = TestEditingContext.m; sourceTree = "<group>"; };
		6628FBA3142FA7840072767A /* TestHistoryTrack.m */ = {isa = PBXFileReference; fileEncoding = 4; lastKnownFileType = sourcecode.c.objc; path = TestHistoryTrack.m; sourceTree = "<group>"; };
		6628FBA4142FA7840072767A /* TestPerformance.m */ = {isa = PBXFileReference; fileEncoding = 4; lastKnownFileType = sourcecode.c.objc; path = TestPerformance.m; sourceTree = "<group>"; };
		6628FBA5142FA7840072767A /* TestRelationshipIntegrity.m */ = {isa = PBXFileReference; fileEncoding = 4; lastKnownFileType = sourcecode.c.objc; path = TestRelationshipIntegrity.m; sourceTree = "<group>"; };
		6628FBA6142FA7840072767A /* TestStore.m */ = {isa = PBXFileReference; fileEncoding = 4; lastKnownFileType = sourcecode.c.objc; path = TestStore.m; sourceTree = "<group>"; };
		6628FBA7142FA7840072767A /* TestSynchronization.m */ = {isa = PBXFileReference; fileEncoding = 4; lastKnownFileType = sourcecode.c.objc; path = TestSynchronization.m; sourceTree = "<group>"; };
		6628FBA8142FA7840072767A /* TestUtilities.m */ = {isa = PBXFileReference; fileEncoding = 4; lastKnownFileType = sourcecode.c.objc; path = TestUtilities.m; sourceTree = "<group>"; };
		66300AF81492CA7E00246C89 /* EWGraphRenderer.h */ = {isa = PBXFileReference; fileEncoding = 4; lastKnownFileType = sourcecode.c.h; path = EWGraphRenderer.h; sourceTree = "<group>"; };
		66300AF91492CA7E00246C89 /* EWGraphRenderer.m */ = {isa = PBXFileReference; fileEncoding = 4; lastKnownFileType = sourcecode.c.objc; path = EWGraphRenderer.m; sourceTree = "<group>"; };
		66300AFB1493148300246C89 /* EWHistoryGraphView.h */ = {isa = PBXFileReference; fileEncoding = 4; lastKnownFileType = sourcecode.c.h; path = EWHistoryGraphView.h; sourceTree = "<group>"; };
		66300AFC1493148300246C89 /* EWHistoryGraphView.m */ = {isa = PBXFileReference; fileEncoding = 4; lastKnownFileType = sourcecode.c.objc; path = EWHistoryGraphView.m; sourceTree = "<group>"; };
		66416D20142D3EE20016501D /* README */ = {isa = PBXFileReference; lastKnownFileType = text; path = README; sourceTree = "<group>"; };
		664DA7F114C6B28000942CDC /* COPersistentRootDiff.h */ = {isa = PBXFileReference; fileEncoding = 4; lastKnownFileType = sourcecode.c.h; path = COPersistentRootDiff.h; sourceTree = "<group>"; };
		664DA7F214C6B28000942CDC /* COPersistentRootDiff.m */ = {isa = PBXFileReference; fileEncoding = 4; lastKnownFileType = sourcecode.c.objc; path = COPersistentRootDiff.m; sourceTree = "<group>"; };
		669CADE61491844000D0CF5F /* COSubtreeDiff.h */ = {isa = PBXFileReference; fileEncoding = 4; lastKnownFileType = sourcecode.c.h; name = COSubtreeDiff.h; path = ../COSubtreeDiff.h; sourceTree = "<group>"; };
		669CADE71491844000D0CF5F /* COSubtreeDiff.m */ = {isa = PBXFileReference; fileEncoding = 4; lastKnownFileType = sourcecode.c.objc; name = COSubtreeDiff.m; path = ../COSubtreeDiff.m; sourceTree = "<group>"; };
		66DFAEBF142A726100623060 /* main.m */ = {isa = PBXFileReference; fileEncoding = 4; lastKnownFileType = sourcecode.c.objc; path = main.m; sourceTree = "<group>"; };
		66DFAEC4142A726100623060 /* COMacros.h */ = {isa = PBXFileReference; fileEncoding = 4; lastKnownFileType = sourcecode.c.h; path = COMacros.h; sourceTree = "<group>"; };
		66DFAECA142A726100623060 /* test-Prefix.pch */ = {isa = PBXFileReference; fileEncoding = 4; lastKnownFileType = sourcecode.c.h; path = "test-Prefix.pch"; sourceTree = "<group>"; };
		66DFAECB142A726100623060 /* test.1 */ = {isa = PBXFileReference; fileEncoding = 4; lastKnownFileType = text.man; path = test.1; sourceTree = "<group>"; };
		66E0189B146455C8000EB1E0 /* TestPhotoMontage.m */ = {isa = PBXFileReference; fileEncoding = 4; lastKnownFileType = sourcecode.c.objc; path = TestPhotoMontage.m; sourceTree = "<group>"; };
		66E0189E146468F6000EB1E0 /* TestBLOB.m */ = {isa = PBXFileReference; fileEncoding = 4; lastKnownFileType = sourcecode.c.objc; path = TestBLOB.m; sourceTree = "<group>"; };
		66E22EC61421D47100C00A98 /* nestedversioning */ = {isa = PBXFileReference; explicitFileType = "compiled.mach-o.executable"; includeInIndex = 0; path = nestedversioning; sourceTree = BUILT_PRODUCTS_DIR; };
		66E22EC81421D47100C00A98 /* Foundation.framework */ = {isa = PBXFileReference; lastKnownFileType = wrapper.framework; name = Foundation.framework; path = System/Library/Frameworks/Foundation.framework; sourceTree = SDKROOT; };
		66E2A3031430569C00487419 /* TODO */ = {isa = PBXFileReference; fileEncoding = 4; lastKnownFileType = text; path = TODO; sourceTree = "<group>"; };
		66E2FFB614899C7A00C66578 /* COPersistentRootEditingContext+PersistentRoots.h */ = {isa = PBXFileReference; fileEncoding = 4; lastKnownFileType = sourcecode.c.h; path = "COPersistentRootEditingContext+PersistentRoots.h"; sourceTree = "<group>"; };
		66E2FFB714899C7A00C66578 /* COPersistentRootEditingContext+PersistentRoots.m */ = {isa = PBXFileReference; fileEncoding = 4; lastKnownFileType = sourcecode.c.objc; path = "COPersistentRootEditingContext+PersistentRoots.m"; sourceTree = "<group>"; };
		66E42F15149A91A600C90D5A /* TestTreeManager.m */ = {isa = PBXFileReference; fileEncoding = 4; lastKnownFileType = sourcecode.c.objc; path = TestTreeManager.m; sourceTree = "<group>"; };
		66E46D47146A3D490042123E /* TestDeletion.m */ = {isa = PBXFileReference; fileEncoding = 4; lastKnownFileType = sourcecode.c.objc; path = TestDeletion.m; sourceTree = "<group>"; };
		66E4BE551496956200B7024A /* COItemDiff.h */ = {isa = PBXFileReference; fileEncoding = 4; lastKnownFileType = sourcecode.c.h; path = COItemDiff.h; sourceTree = "<group>"; };
		66E4BE561496956200B7024A /* COItemDiff.m */ = {isa = PBXFileReference; fileEncoding = 4; lastKnownFileType = sourcecode.c.objc; path = COItemDiff.m; sourceTree = "<group>"; };
		66E4BE59149713CA00B7024A /* COType+Diff.h */ = {isa = PBXFileReference; fileEncoding = 4; lastKnownFileType = sourcecode.c.h; path = "COType+Diff.h"; sourceTree = "<group>"; };
		66E4BE5A149713CA00B7024A /* COType+Diff.m */ = {isa = PBXFileReference; fileEncoding = 4; lastKnownFileType = sourcecode.c.objc; path = "COType+Diff.m"; sourceTree = "<group>"; };
		66E4BE5C1497464100B7024A /* EWOutlineView.h */ = {isa = PBXFileReference; fileEncoding = 4; lastKnownFileType = sourcecode.c.h; path = EWOutlineView.h; sourceTree = "<group>"; };
		66E4BE5D1497464100B7024A /* EWOutlineView.m */ = {isa = PBXFileReference; fileEncoding = 4; lastKnownFileType = sourcecode.c.objc; path = EWOutlineView.m; sourceTree = "<group>"; };
		66E503881495E6EF003C69C7 /* COType+String.h */ = {isa = PBXFileReference; fileEncoding = 4; lastKnownFileType = sourcecode.c.h; path = "COType+String.h"; sourceTree = "<group>"; };
		66E503891495E6EF003C69C7 /* COType+String.m */ = {isa = PBXFileReference; fileEncoding = 4; lastKnownFileType = sourcecode.c.objc; path = "COType+String.m"; sourceTree = "<group>"; };
		66E503921495F9CF003C69C7 /* COArrayDiff.h */ = {isa = PBXFileReference; fileEncoding = 4; lastKnownFileType = sourcecode.c.h; name = COArrayDiff.h; path = Diff/COArrayDiff.h; sourceTree = "<group>"; };
		66E503931495F9CF003C69C7 /* COArrayDiff.m */ = {isa = PBXFileReference; fileEncoding = 4; lastKnownFileType = sourcecode.c.objc; name = COArrayDiff.m; path = Diff/COArrayDiff.m; sourceTree = "<group>"; };
		66E503941495F9CF003C69C7 /* COMergeResult.h */ = {isa = PBXFileReference; fileEncoding = 4; lastKnownFileType = sourcecode.c.h; path = COMergeResult.h; sourceTree = "<group>"; };
		66E503951495F9CF003C69C7 /* COMergeResult.m */ = {isa = PBXFileReference; fileEncoding = 4; lastKnownFileType = sourcecode.c.objc; path = COMergeResult.m; sourceTree = "<group>"; };
		66E503961495F9CF003C69C7 /* COObjectGraphDiff.h */ = {isa = PBXFileReference; fileEncoding = 4; lastKnownFileType = sourcecode.c.h; path = COObjectGraphDiff.h; sourceTree = "<group>"; };
		66E503971495F9CF003C69C7 /* COObjectGraphDiff.m */ = {isa = PBXFileReference; fileEncoding = 4; lastKnownFileType = sourcecode.c.objc; path = COObjectGraphDiff.m; sourceTree = "<group>"; };
		66E503981495F9CF003C69C7 /* COSequenceDiff.h */ = {isa = PBXFileReference; fileEncoding = 4; lastKnownFileType = sourcecode.c.h; name = COSequenceDiff.h; path = Diff/COSequenceDiff.h; sourceTree = "<group>"; };
		66E503991495F9CF003C69C7 /* COSequenceDiff.m */ = {isa = PBXFileReference; fileEncoding = 4; lastKnownFileType = sourcecode.c.objc; name = COSequenceDiff.m; path = Diff/COSequenceDiff.m; sourceTree = "<group>"; };
		66E5039A1495F9CF003C69C7 /* COSetDiff.h */ = {isa = PBXFileReference; fileEncoding = 4; lastKnownFileType = sourcecode.c.h; name = COSetDiff.h; path = Diff/COSetDiff.h; sourceTree = "<group>"; };
		66E5039B1495F9CF003C69C7 /* COSetDiff.m */ = {isa = PBXFileReference; fileEncoding = 4; lastKnownFileType = sourcecode.c.objc; name = COSetDiff.m; path = Diff/COSetDiff.m; sourceTree = "<group>"; };
		66E5039C1495F9CF003C69C7 /* COStringDiff.h */ = {isa = PBXFileReference; fileEncoding = 4; lastKnownFileType = sourcecode.c.h; name = COStringDiff.h; path = Diff/COStringDiff.h; sourceTree = "<group>"; };
		66E5039D1495F9CF003C69C7 /* COStringDiff.m */ = {isa = PBXFileReference; fileEncoding = 4; lastKnownFileType = sourcecode.c.objc; name = COStringDiff.m; path = Diff/COStringDiff.m; sourceTree = "<group>"; };
		66E5039E1495F9CF003C69C7 /* diff.hh */ = {isa = PBXFileReference; fileEncoding = 4; lastKnownFileType = sourcecode.cpp.h; name = diff.hh; path = Diff/diff.hh; sourceTree = "<group>"; };
		66E552B4146B7799008FDFAF /* libcrypto.dylib */ = {isa = PBXFileReference; lastKnownFileType = "compiled.mach-o.dylib"; name = libcrypto.dylib; path = usr/lib/libcrypto.dylib; sourceTree = SDKROOT; };
		66E5CABB147B4E42002DE8FD /* TestPhotoManager.m */ = {isa = PBXFileReference; fileEncoding = 4; lastKnownFileType = sourcecode.c.objc; path = TestPhotoManager.m; sourceTree = "<group>"; };
		66E5CBA814830C5700D01039 /* COStorePrivate.h */ = {isa = PBXFileReference; fileEncoding = 4; lastKnownFileType = sourcecode.c.h; path = COStorePrivate.h; sourceTree = "<group>"; };
		66E76734148B3D1C009937E8 /* COSubtree.h */ = {isa = PBXFileReference; fileEncoding = 4; lastKnownFileType = sourcecode.c.h; path = COSubtree.h; sourceTree = "<group>"; };
		66E76735148B3D1C009937E8 /* COSubtree.m */ = {isa = PBXFileReference; fileEncoding = 4; lastKnownFileType = sourcecode.c.objc; path = COSubtree.m; sourceTree = "<group>"; };
		66E7673E148B3DE8009937E8 /* COItemPath.h */ = {isa = PBXFileReference; lastKnownFileType = sourcecode.c.h; name = COItemPath.h; path = Scraps/COItemPath.h; sourceTree = "<group>"; };
		66E7673F148B3DE8009937E8 /* COItemPath.m */ = {isa = PBXFileReference; lastKnownFileType = sourcecode.c.objc; name = COItemPath.m; path = Scraps/COItemPath.m; sourceTree = "<group>"; };
		66E877551455F0CB006CBE7E /* COStore.h */ = {isa = PBXFileReference; fileEncoding = 4; lastKnownFileType = sourcecode.c.h; path = COStore.h; sourceTree = "<group>"; };
		66E877561455F0CB006CBE7E /* COStore.m */ = {isa = PBXFileReference; fileEncoding = 4; lastKnownFileType = sourcecode.c.objc; path = COStore.m; sourceTree = "<group>"; };
		66E877691455FE5B006CBE7E /* ETUUID.h */ = {isa = PBXFileReference; fileEncoding = 4; lastKnownFileType = sourcecode.c.h; path = ETUUID.h; sourceTree = "<group>"; };
		66E8776A1455FE67006CBE7E /* ETUUID.m */ = {isa = PBXFileReference; fileEncoding = 4; lastKnownFileType = sourcecode.c.objc; path = ETUUID.m; sourceTree = "<group>"; };
		66E8E93314D4BC7F00CBE2D8 /* COSubtreeCopy.h */ = {isa = PBXFileReference; fileEncoding = 4; lastKnownFileType = sourcecode.c.h; path = COSubtreeCopy.h; sourceTree = "<group>"; };
		66E8E93414D4BC7F00CBE2D8 /* COSubtreeCopy.m */ = {isa = PBXFileReference; fileEncoding = 4; lastKnownFileType = sourcecode.c.objc; path = COSubtreeCopy.m; sourceTree = "<group>"; };
		66EADD6414732AEE003181FC /* TestUndo.m */ = {isa = PBXFileReference; fileEncoding = 4; lastKnownFileType = sourcecode.c.objc; path = TestUndo.m; sourceTree = "<group>"; wrapsLines = 1; };
		66EADD67147345B9003181FC /* COItem.h */ = {isa = PBXFileReference; fileEncoding = 4; lastKnownFileType = sourcecode.c.h; path = COItem.h; sourceTree = "<group>"; };
		66EADD68147345B9003181FC /* COItem.m */ = {isa = PBXFileReference; fileEncoding = 4; lastKnownFileType = sourcecode.c.objc; path = COItem.m; sourceTree = "<group>"; };
		66EB7569148CA9D300C2114B /* StoreBrowser.app */ = {isa = PBXFileReference; explicitFileType = wrapper.application; includeInIndex = 0; path = StoreBrowser.app; sourceTree = BUILT_PRODUCTS_DIR; };
		66EB756B148CA9D300C2114B /* Cocoa.framework */ = {isa = PBXFileReference; lastKnownFileType = wrapper.framework; name = Cocoa.framework; path = System/Library/Frameworks/Cocoa.framework; sourceTree = SDKROOT; };
		66EB756E148CA9D300C2114B /* AppKit.framework */ = {isa = PBXFileReference; lastKnownFileType = wrapper.framework; name = AppKit.framework; path = System/Library/Frameworks/AppKit.framework; sourceTree = SDKROOT; };
		66EB756F148CA9D300C2114B /* CoreData.framework */ = {isa = PBXFileReference; lastKnownFileType = wrapper.framework; name = CoreData.framework; path = System/Library/Frameworks/CoreData.framework; sourceTree = SDKROOT; };
		66EB7570148CA9D300C2114B /* Foundation.framework */ = {isa = PBXFileReference; lastKnownFileType = wrapper.framework; name = Foundation.framework; path = System/Library/Frameworks/Foundation.framework; sourceTree = SDKROOT; };
		66EB7573148CA9D300C2114B /* StoreBrowser-Info.plist */ = {isa = PBXFileReference; lastKnownFileType = text.plist.xml; path = "StoreBrowser-Info.plist"; sourceTree = "<group>"; };
		66EB7577148CA9D300C2114B /* main.m */ = {isa = PBXFileReference; lastKnownFileType = sourcecode.c.objc; path = main.m; sourceTree = "<group>"; };
		66EB7579148CA9D300C2114B /* StoreBrowser-Prefix.pch */ = {isa = PBXFileReference; lastKnownFileType = sourcecode.c.h; path = "StoreBrowser-Prefix.pch"; sourceTree = "<group>"; };
		66EB757D148CA9D300C2114B /* AppDelegate.h */ = {isa = PBXFileReference; lastKnownFileType = sourcecode.c.h; path = AppDelegate.h; sourceTree = "<group>"; };
		66EB757E148CA9D300C2114B /* AppDelegate.m */ = {isa = PBXFileReference; lastKnownFileType = sourcecode.c.objc; path = AppDelegate.m; sourceTree = "<group>"; };
		66EDFD94148EF73200D0DC0B /* COType.h */ = {isa = PBXFileReference; fileEncoding = 4; lastKnownFileType = sourcecode.c.h; path = COType.h; sourceTree = "<group>"; };
		66EDFD95148EF73200D0DC0B /* COType.m */ = {isa = PBXFileReference; fileEncoding = 4; lastKnownFileType = sourcecode.c.objc; path = COType.m; sourceTree = "<group>"; };
		66EE5D34146355A6008AA95B /* COPersistentRootEditingContext.h */ = {isa = PBXFileReference; fileEncoding = 4; lastKnownFileType = sourcecode.c.h; path = COPersistentRootEditingContext.h; sourceTree = "<group>"; };
		66EE5D35146355A6008AA95B /* COPersistentRootEditingContext.m */ = {isa = PBXFileReference; fileEncoding = 4; lastKnownFileType = sourcecode.c.objc; path = COPersistentRootEditingContext.m; sourceTree = "<group>"; };
		66EE5D3814637418008AA95B /* COPath.h */ = {isa = PBXFileReference; fileEncoding = 4; lastKnownFileType = sourcecode.c.h; path = COPath.h; sourceTree = "<group>"; };
		66EE5D3914637418008AA95B /* COPath.m */ = {isa = PBXFileReference; fileEncoding = 4; lastKnownFileType = sourcecode.c.objc; path = COPath.m; sourceTree = "<group>"; };
		66EE5D491463AD67008AA95B /* TestBranchesAndCopies.m */ = {isa = PBXFileReference; fileEncoding = 4; lastKnownFileType = sourcecode.c.objc; path = TestBranchesAndCopies.m; sourceTree = "<group>"; };
		66F0C87F14C542CD00C0B5A6 /* package.png */ = {isa = PBXFileReference; lastKnownFileType = image.png; path = package.png; sourceTree = "<group>"; };
		66F0C88514C5430D00C0B5A6 /* brick.png */ = {isa = PBXFileReference; lastKnownFileType = image.png; path = brick.png; sourceTree = "<group>"; };
		66F0C88714C5434200C0B5A6 /* arrow_branch.png */ = {isa = PBXFileReference; lastKnownFileType = image.png; path = arrow_branch.png; sourceTree = "<group>"; };
		66F0C88B14C5440500C0B5A6 /* bullet_yellow.png */ = {isa = PBXFileReference; lastKnownFileType = image.png; path = bullet_yellow.png; sourceTree = "<group>"; };
		66F0C88D14C5444600C0B5A6 /* bullet_yellow_multiple.png */ = {isa = PBXFileReference; lastKnownFileType = image.png; path = bullet_yellow_multiple.png; sourceTree = "<group>"; };
		66F39B841490A8540097B7D5 /* COType+Plist.h */ = {isa = PBXFileReference; fileEncoding = 4; lastKnownFileType = sourcecode.c.h; path = "COType+Plist.h"; sourceTree = "<group>"; };
		66F39B851490A8540097B7D5 /* COType+Plist.m */ = {isa = PBXFileReference; fileEncoding = 4; lastKnownFileType = sourcecode.c.objc; path = "COType+Plist.m"; sourceTree = "<group>"; };
		66F39B861490A8540097B7D5 /* COTypePrivate.h */ = {isa = PBXFileReference; fileEncoding = 4; lastKnownFileType = sourcecode.c.h; path = COTypePrivate.h; sourceTree = "<group>"; };
		66F4E315147C59F0004FC1BA /* TestTagging.m */ = {isa = PBXFileReference; fileEncoding = 4; lastKnownFileType = sourcecode.c.objc; path = TestTagging.m; sourceTree = "<group>"; };
		66F4E319147C606A004FC1BA /* TestGameEditor.m */ = {isa = PBXFileReference; fileEncoding = 4; lastKnownFileType = sourcecode.c.objc; path = TestGameEditor.m; sourceTree = "<group>"; };
		790B1AE81485B184001ED869 /* TestSimpleUseOfNestedPersistentRoots.m */ = {isa = PBXFileReference; fileEncoding = 4; lastKnownFileType = sourcecode.c.objc; path = TestSimpleUseOfNestedPersistentRoots.m; sourceTree = "<group>"; };
		79156DB91484BE4D00AB66B1 /* TestConcurrentContextModification.m */ = {isa = PBXFileReference; fileEncoding = 4; lastKnownFileType = sourcecode.c.objc; path = TestConcurrentContextModification.m; sourceTree = "<group>"; };
		791A0EB7148AF39000334CB1 /* TestCommon.h */ = {isa = PBXFileReference; fileEncoding = 4; lastKnownFileType = sourcecode.c.h; path = TestCommon.h; sourceTree = "<group>"; };
		792972ED148C4AC100FD35A9 /* TestReferencesBetweenPersistentRoots.m */ = {isa = PBXFileReference; fileEncoding = 4; lastKnownFileType = sourcecode.c.objc; path = TestReferencesBetweenPersistentRoots.m; sourceTree = "<group>"; };
		792972F4148C4CA800FD35A9 /* TestCompositeDocument.m */ = {isa = PBXFileReference; fileEncoding = 4; lastKnownFileType = sourcecode.c.objc; path = TestCompositeDocument.m; sourceTree = "<group>"; };
		792972F9148C4D6D00FD35A9 /* TestUserRequirements.m */ = {isa = PBXFileReference; fileEncoding = 4; lastKnownFileType = sourcecode.c.objc; path = TestUserRequirements.m; sourceTree = "<group>"; };
		79297307148C94FD00FD35A9 /* COItemFactory.h */ = {isa = PBXFileReference; fileEncoding = 4; lastKnownFileType = sourcecode.c.h; path = COItemFactory.h; sourceTree = "<group>"; };
		79297308148C94FD00FD35A9 /* COItemFactory.m */ = {isa = PBXFileReference; fileEncoding = 4; lastKnownFileType = sourcecode.c.objc; path = COItemFactory.m; sourceTree = "<group>"; };
		7978700E14D799A200B45FC6 /* TestSubtree.m */ = {isa = PBXFileReference; fileEncoding = 4; lastKnownFileType = sourcecode.c.objc; path = TestSubtree.m; sourceTree = "<group>"; };
		79926C17148CADF80095A665 /* EWPersistentRootWindowController.h */ = {isa = PBXFileReference; fileEncoding = 4; lastKnownFileType = sourcecode.c.h; path = EWPersistentRootWindowController.h; sourceTree = "<group>"; };
		79926C18148CADF80095A665 /* EWPersistentRootWindowController.m */ = {isa = PBXFileReference; fileEncoding = 4; lastKnownFileType = sourcecode.c.objc; path = EWPersistentRootWindowController.m; sourceTree = "<group>"; };
		79999EEA14DE516B00FFBC99 /* COEditingContext.m */ = {isa = PBXFileReference; fileEncoding = 4; lastKnownFileType = sourcecode.c.objc; path = COEditingContext.m; sourceTree = "<group>"; };
		79999EEB14DE516B00FFBC99 /* COItemFactoryOld.h */ = {isa = PBXFileReference; fileEncoding = 4; lastKnownFileType = sourcecode.c.h; path = COItemFactoryOld.h; sourceTree = "<group>"; };
		79999EEC14DE516B00FFBC99 /* COItemPath.m */ = {isa = PBXFileReference; fileEncoding = 4; lastKnownFileType = sourcecode.c.objc; path = COItemPath.m; sourceTree = "<group>"; };
		79999EED14DE516B00FFBC99 /* COSimpleContext.m */ = {isa = PBXFileReference; fileEncoding = 4; lastKnownFileType = sourcecode.c.objc; path = COSimpleContext.m; sourceTree = "<group>"; };
		79999EEE14DE516B00FFBC99 /* COEditingContext.h */ = {isa = PBXFileReference; fileEncoding = 4; lastKnownFileType = sourcecode.c.h; path = COEditingContext.h; sourceTree = "<group>"; };
		79999EEF14DE516B00FFBC99 /* COFaultProvider.h */ = {isa = PBXFileReference; fileEncoding = 4; lastKnownFileType = sourcecode.c.h; path = COFaultProvider.h; sourceTree = "<group>"; };
		79999EF014DE516B00FFBC99 /* COItemFactoryOld.m */ = {isa = PBXFileReference; fileEncoding = 4; lastKnownFileType = sourcecode.c.objc; path = COItemFactoryOld.m; sourceTree = "<group>"; };
		79999EF114DE516B00FFBC99 /* COItemPath.h */ = {isa = PBXFileReference; fileEncoding = 4; lastKnownFileType = sourcecode.c.h; path = COItemPath.h; sourceTree = "<group>"; };
		79999EF214DE516B00FFBC99 /* COItemTreeManager.h */ = {isa = PBXFileReference; fileEncoding = 4; lastKnownFileType = sourcecode.c.h; path = COItemTreeManager.h; sourceTree = "<group>"; };
		79999EF314DE516B00FFBC99 /* COItemTreeManager.m */ = {isa = PBXFileReference; fileEncoding = 4; lastKnownFileType = sourcecode.c.objc; path = COItemTreeManager.m; sourceTree = "<group>"; };
		79999EF414DE516B00FFBC99 /* COManagedItemTreeNode.h */ = {isa = PBXFileReference; fileEncoding = 4; lastKnownFileType = sourcecode.c.h; path = COManagedItemTreeNode.h; sourceTree = "<group>"; };
		79999EF514DE516B00FFBC99 /* COManagedItemTreeNode.m */ = {isa = PBXFileReference; fileEncoding = 4; lastKnownFileType = sourcecode.c.objc; path = COManagedItemTreeNode.m; sourceTree = "<group>"; };
		79999EF614DE516B00FFBC99 /* COSimpleContext.h */ = {isa = PBXFileReference; fileEncoding = 4; lastKnownFileType = sourcecode.c.h; path = COSimpleContext.h; sourceTree = "<group>"; };
		79999EF714DE516B00FFBC99 /* COStoreItemProvider.h */ = {isa = PBXFileReference; fileEncoding = 4; lastKnownFileType = sourcecode.c.h; path = COStoreItemProvider.h; sourceTree = "<group>"; };
		79999EF814DE516B00FFBC99 /* COStoreItemProvider.m */ = {isa = PBXFileReference; fileEncoding = 4; lastKnownFileType = sourcecode.c.objc; path = COStoreItemProvider.m; sourceTree = "<group>"; };
		79999EF914DE516B00FFBC99 /* COTreeContext.h */ = {isa = PBXFileReference; fileEncoding = 4; lastKnownFileType = sourcecode.c.h; path = COTreeContext.h; sourceTree = "<group>"; };
		79999EFA14DE516B00FFBC99 /* COTreeContext.m */ = {isa = PBXFileReference; fileEncoding = 4; lastKnownFileType = sourcecode.c.objc; path = COTreeContext.m; sourceTree = "<group>"; };
		79999F1314DE597200FFBC99 /* COItemFactory+PersistentRoots.h */ = {isa = PBXFileReference; fileEncoding = 4; lastKnownFileType = sourcecode.c.h; path = "COItemFactory+PersistentRoots.h"; sourceTree = "<group>"; };
		79999F1414DE597200FFBC99 /* COItemFactory+PersistentRoots.m */ = {isa = PBXFileReference; fileEncoding = 4; lastKnownFileType = sourcecode.c.objc; path = "COItemFactory+PersistentRoots.m"; sourceTree = "<group>"; };
		79ABB071148ADBA5008732D8 /* COPersistentRootEditingContext+Convenience.h */ = {isa = PBXFileReference; fileEncoding = 4; lastKnownFileType = sourcecode.c.h; path = "COPersistentRootEditingContext+Convenience.h"; sourceTree = "<group>"; };
		79ABB072148ADBA5008732D8 /* COPersistentRootEditingContext+Convenience.m */ = {isa = PBXFileReference; fileEncoding = 4; lastKnownFileType = sourcecode.c.objc; path = "COPersistentRootEditingContext+Convenience.m"; sourceTree = "<group>"; };
		79CB302914C63E1C00ADAB77 /* TestCommon.m */ = {isa = PBXFileReference; fileEncoding = 4; lastKnownFileType = sourcecode.c.objc; path = TestCommon.m; sourceTree = "<group>"; };
		79CB315014C6911400ADAB77 /* arrow_branch_purple.png */ = {isa = PBXFileReference; lastKnownFileType = image.png; path = arrow_branch_purple.png; sourceTree = "<group>"; };
/* End PBXFileReference section */

/* Begin PBXFrameworksBuildPhase section */
		66E22EC31421D47100C00A98 /* Frameworks */ = {
			isa = PBXFrameworksBuildPhase;
			buildActionMask = 2147483647;
			files = (
				66E552B5146B7799008FDFAF /* libcrypto.dylib in Frameworks */,
				66E22EC91421D47100C00A98 /* Foundation.framework in Frameworks */,
			);
			runOnlyForDeploymentPostprocessing = 0;
		};
		66EB7566148CA9D300C2114B /* Frameworks */ = {
			isa = PBXFrameworksBuildPhase;
			buildActionMask = 2147483647;
			files = (
				79016345148D4886005A9226 /* libcrypto.dylib in Frameworks */,
				66EB756C148CA9D300C2114B /* Cocoa.framework in Frameworks */,
			);
			runOnlyForDeploymentPostprocessing = 0;
		};
/* End PBXFrameworksBuildPhase section */

/* Begin PBXGroup section */
		662811EB13F8B5000075BBC2 = {
			isa = PBXGroup;
			children = (
				66E76724148B3CEA009937E8 /* Scraps */,
				66416D20142D3EE20016501D /* README */,
				66E2A3031430569C00487419 /* TODO */,
				66DFAEC4142A726100623060 /* COMacros.h */,
				669CADED1491C14300D0CF5F /* UUID & Path */,
				669CADEE1491C15400D0CF5F /* Type System */,
				66EDFD8E148EF64600D0DC0B /* In-Memory Item Tree */,
				79999F1214DE593600FFBC99 /* Persistent Roots */,
				66485D8D14D23A0A004C4431 /* Diff */,
				79999EFD14DE517C00FFBC99 /* Editing Context */,
				66E2A305143057A100487419 /* Store */,
				791A0EBD148AF3C200334CB1 /* Tests */,
				66DFAECB142A726100623060 /* test.1 */,
				66DFAECA142A726100623060 /* test-Prefix.pch */,
				66EB7571148CA9D300C2114B /* StoreBrowser */,
				662811F913F8B5010075BBC2 /* Frameworks */,
				662811F713F8B5010075BBC2 /* Products */,
			);
			sourceTree = "<group>";
		};
		662811F713F8B5010075BBC2 /* Products */ = {
			isa = PBXGroup;
			children = (
				66E22EC61421D47100C00A98 /* nestedversioning */,
				66EB7569148CA9D300C2114B /* StoreBrowser.app */,
			);
			name = Products;
			sourceTree = "<group>";
		};
		662811F913F8B5010075BBC2 /* Frameworks */ = {
			isa = PBXGroup;
			children = (
				66E552B4146B7799008FDFAF /* libcrypto.dylib */,
				66E22EC81421D47100C00A98 /* Foundation.framework */,
				66EB756B148CA9D300C2114B /* Cocoa.framework */,
				66EB756D148CA9D300C2114B /* Other Frameworks */,
			);
			name = Frameworks;
			sourceTree = "<group>";
		};
		6628FB9D142FA7840072767A /* Tests - old */ = {
			isa = PBXGroup;
			children = (
				6628FB9E142FA7840072767A /* TestArrayDiff.m */,
				6628FBA2142FA7840072767A /* TestEditingContext.m */,
				6628FBA4142FA7840072767A /* TestPerformance.m */,
				6628FBA5142FA7840072767A /* TestRelationshipIntegrity.m */,
				6628FBA6142FA7840072767A /* TestStore.m */,
				6628FBA7142FA7840072767A /* TestSynchronization.m */,
				6628FBA8142FA7840072767A /* TestUtilities.m */,
			);
			name = "Tests - old";
			sourceTree = "<group>";
		};
		66300AF61492CA5F00246C89 /* Graph Drawing */ = {
			isa = PBXGroup;
			children = (
				66300AF81492CA7E00246C89 /* EWGraphRenderer.h */,
				66300AF91492CA7E00246C89 /* EWGraphRenderer.m */,
			);
			name = "Graph Drawing";
			sourceTree = "<group>";
		};
		66485D8414D2360F004C4431 /* Primitive Diff C API */ = {
			isa = PBXGroup;
			children = (
				66101A0D14D09FB700B50075 /* diff.h */,
				66485D8614D23622004C4431 /* Implementation */,
			);
			name = "Primitive Diff C API";
			sourceTree = "<group>";
		};
		66485D8614D23622004C4431 /* Implementation */ = {
			isa = PBXGroup;
			children = (
				66E5039E1495F9CF003C69C7 /* diff.hh */,
				66101A0914D09FAA00B50075 /* diff.cc */,
			);
			name = Implementation;
			sourceTree = "<group>";
		};
		66485D8714D23638004C4431 /* Primitive Diff for Objective-C Containers */ = {
			isa = PBXGroup;
			children = (
				66E503921495F9CF003C69C7 /* COArrayDiff.h */,
				66E503981495F9CF003C69C7 /* COSequenceDiff.h */,
				66E5039A1495F9CF003C69C7 /* COSetDiff.h */,
				66E5039C1495F9CF003C69C7 /* COStringDiff.h */,
				66485D8814D23658004C4431 /* Implementation */,
			);
			name = "Primitive Diff for Objective-C Containers";
			sourceTree = "<group>";
		};
		66485D8814D23658004C4431 /* Implementation */ = {
			isa = PBXGroup;
			children = (
				66E503931495F9CF003C69C7 /* COArrayDiff.m */,
				66E503991495F9CF003C69C7 /* COSequenceDiff.m */,
				66E5039B1495F9CF003C69C7 /* COSetDiff.m */,
				66E5039D1495F9CF003C69C7 /* COStringDiff.m */,
			);
			name = Implementation;
			sourceTree = "<group>";
		};
		66485D8914D236B2004C4431 /* Implementation */ = {
			isa = PBXGroup;
			children = (
				66E503951495F9CF003C69C7 /* COMergeResult.m */,
				66E503971495F9CF003C69C7 /* COObjectGraphDiff.m */,
				66E4BE561496956200B7024A /* COItemDiff.m */,
				669CADE71491844000D0CF5F /* COSubtreeDiff.m */,
				664DA7F214C6B28000942CDC /* COPersistentRootDiff.m */,
			);
			name = Implementation;
			sourceTree = "<group>";
		};
		66485D8A14D236EE004C4431 /* Implementation */ = {
			isa = PBXGroup;
			children = (
				66F39B861490A8540097B7D5 /* COTypePrivate.h */,
				66EDFD95148EF73200D0DC0B /* COType.m */,
				66F39B851490A8540097B7D5 /* COType+Plist.m */,
				66E503891495E6EF003C69C7 /* COType+String.m */,
				66E4BE5A149713CA00B7024A /* COType+Diff.m */,
			);
			name = Implementation;
			sourceTree = "<group>";
		};
		66485D8B14D23982004C4431 /* Resources */ = {
			isa = PBXGroup;
			children = (
				66EB7573148CA9D300C2114B /* StoreBrowser-Info.plist */,
				6607F95914D0CD7F00F1E7C6 /* Credits.rtf */,
				6607F95A14D0CD7F00F1E7C6 /* InfoPlist.strings */,
				6607F95B14D0CD7F00F1E7C6 /* MainMenu.xib */,
				6607F96F14D0DD9900F1E7C6 /* PersistentRootWindow.nib */,
				66F0C88D14C5444600C0B5A6 /* bullet_yellow_multiple.png */,
				66F0C88B14C5440500C0B5A6 /* bullet_yellow.png */,
				66F0C88514C5430D00C0B5A6 /* brick.png */,
				66F0C87F14C542CD00C0B5A6 /* package.png */,
				66F0C88714C5434200C0B5A6 /* arrow_branch.png */,
				79CB315014C6911400ADAB77 /* arrow_branch_purple.png */,
			);
			name = Resources;
			sourceTree = "<group>";
		};
		66485D8C14D2399A004C4431 /* Implementation */ = {
			isa = PBXGroup;
			children = (
				66EB7579148CA9D300C2114B /* StoreBrowser-Prefix.pch */,
				66EB7577148CA9D300C2114B /* main.m */,
				66EB757E148CA9D300C2114B /* AppDelegate.m */,
				79926C18148CADF80095A665 /* EWPersistentRootWindowController.m */,
				660E66E3148D92E00062308D /* EWPersistentRootOutlineRow.m */,
				66300AFC1493148300246C89 /* EWHistoryGraphView.m */,
				66E4BE5D1497464100B7024A /* EWOutlineView.m */,
			);
			name = Implementation;
			sourceTree = "<group>";
		};
		66485D8D14D23A0A004C4431 /* Diff */ = {
			isa = PBXGroup;
			children = (
				66485D8414D2360F004C4431 /* Primitive Diff C API */,
				66485D8714D23638004C4431 /* Primitive Diff for Objective-C Containers */,
				66E503911495F9CF003C69C7 /* Diff for Object Graph */,
			);
			name = Diff;
			sourceTree = "<group>";
		};
		669CADED1491C14300D0CF5F /* UUID & Path */ = {
			isa = PBXGroup;
			children = (
				66E877691455FE5B006CBE7E /* ETUUID.h */,
				66E8776A1455FE67006CBE7E /* ETUUID.m */,
				66EE5D3814637418008AA95B /* COPath.h */,
				66EE5D3914637418008AA95B /* COPath.m */,
			);
			name = "UUID & Path";
			sourceTree = "<group>";
		};
		669CADEE1491C15400D0CF5F /* Type System */ = {
			isa = PBXGroup;
			children = (
				66EDFD94148EF73200D0DC0B /* COType.h */,
				66F39B841490A8540097B7D5 /* COType+Plist.h */,
				66E503881495E6EF003C69C7 /* COType+String.h */,
				66E4BE59149713CA00B7024A /* COType+Diff.h */,
				66485D8A14D236EE004C4431 /* Implementation */,
			);
			name = "Type System";
			sourceTree = "<group>";
		};
		669CADEF1491C1D200D0CF5F /* Test Framework */ = {
			isa = PBXGroup;
			children = (
				6628FB99142FA65D0072767A /* EWTest.h */,
				6628FB9A142FA65D0072767A /* EWTest.m */,
			);
			name = "Test Framework";
			path = ..;
			sourceTree = "<group>";
		};
		66E2A305143057A100487419 /* Store */ = {
			isa = PBXGroup;
			children = (
				66E877551455F0CB006CBE7E /* COStore.h */,
				66E877561455F0CB006CBE7E /* COStore.m */,
			);
			name = Store;
			sourceTree = "<group>";
		};
		66E503911495F9CF003C69C7 /* Diff for Object Graph */ = {
			isa = PBXGroup;
			children = (
				66E503941495F9CF003C69C7 /* COMergeResult.h */,
				66E503961495F9CF003C69C7 /* COObjectGraphDiff.h */,
				66E4BE551496956200B7024A /* COItemDiff.h */,
				669CADE61491844000D0CF5F /* COSubtreeDiff.h */,
				664DA7F114C6B28000942CDC /* COPersistentRootDiff.h */,
				66485D8914D236B2004C4431 /* Implementation */,
			);
			name = "Diff for Object Graph";
			path = Diff;
			sourceTree = "<group>";
		};
		66E5CBAB148311A000D01039 /* Implementation */ = {
			isa = PBXGroup;
			children = (
				66EE5D35146355A6008AA95B /* COPersistentRootEditingContext.m */,
				66E2FFB714899C7A00C66578 /* COPersistentRootEditingContext+PersistentRoots.m */,
				79ABB072148ADBA5008732D8 /* COPersistentRootEditingContext+Convenience.m */,
				66E5CBA814830C5700D01039 /* COStorePrivate.h */,
			);
			name = Implementation;
			sourceTree = "<group>";
		};
		66E76724148B3CEA009937E8 /* Scraps */ = {
			isa = PBXGroup;
			children = (
				79999EEA14DE516B00FFBC99 /* COEditingContext.m */,
				79999EEB14DE516B00FFBC99 /* COItemFactoryOld.h */,
				79999EEC14DE516B00FFBC99 /* COItemPath.m */,
				79999EED14DE516B00FFBC99 /* COSimpleContext.m */,
				79999EEE14DE516B00FFBC99 /* COEditingContext.h */,
				79999EEF14DE516B00FFBC99 /* COFaultProvider.h */,
				79999EF014DE516B00FFBC99 /* COItemFactoryOld.m */,
				79999EF114DE516B00FFBC99 /* COItemPath.h */,
				79999EF214DE516B00FFBC99 /* COItemTreeManager.h */,
				79999EF314DE516B00FFBC99 /* COItemTreeManager.m */,
				79999EF414DE516B00FFBC99 /* COManagedItemTreeNode.h */,
				79999EF514DE516B00FFBC99 /* COManagedItemTreeNode.m */,
				79999EF614DE516B00FFBC99 /* COSimpleContext.h */,
				79999EF714DE516B00FFBC99 /* COStoreItemProvider.h */,
				79999EF814DE516B00FFBC99 /* COStoreItemProvider.m */,
				79999EF914DE516B00FFBC99 /* COTreeContext.h */,
				79999EFA14DE516B00FFBC99 /* COTreeContext.m */,
			);
			path = Scraps;
			sourceTree = "<group>";
		};
		66EB756D148CA9D300C2114B /* Other Frameworks */ = {
			isa = PBXGroup;
			children = (
				66EB756E148CA9D300C2114B /* AppKit.framework */,
				66EB756F148CA9D300C2114B /* CoreData.framework */,
				66EB7570148CA9D300C2114B /* Foundation.framework */,
			);
			name = "Other Frameworks";
			sourceTree = "<group>";
		};
		66EB7571148CA9D300C2114B /* StoreBrowser */ = {
			isa = PBXGroup;
			children = (
				66485D8B14D23982004C4431 /* Resources */,
				66300AF61492CA5F00246C89 /* Graph Drawing */,
				66EB757D148CA9D300C2114B /* AppDelegate.h */,
				79926C17148CADF80095A665 /* EWPersistentRootWindowController.h */,
				660E66E2148D92E00062308D /* EWPersistentRootOutlineRow.h */,
				66300AFB1493148300246C89 /* EWHistoryGraphView.h */,
				66E4BE5C1497464100B7024A /* EWOutlineView.h */,
				66485D8C14D2399A004C4431 /* Implementation */,
			);
			path = StoreBrowser;
			sourceTree = "<group>";
		};
		66EDFD8E148EF64600D0DC0B /* In-Memory Item Tree */ = {
			isa = PBXGroup;
			children = (
				66EADD67147345B9003181FC /* COItem.h */,
				66E7673E148B3DE8009937E8 /* COItemPath.h */,
				66E76734148B3D1C009937E8 /* COSubtree.h */,
				66E8E93314D4BC7F00CBE2D8 /* COSubtreeCopy.h */,
				79297307148C94FD00FD35A9 /* COItemFactory.h */,
				79999EAB14DE50CA00FFBC99 /* Implementation */,
			);
			name = "In-Memory Item Tree";
			sourceTree = "<group>";
		};
		791A0EBD148AF3C200334CB1 /* Tests */ = {
			isa = PBXGroup;
			children = (
				791A0EB7148AF39000334CB1 /* TestCommon.h */,
				66DFAEBF142A726100623060 /* main.m */,
				7978700E14D799A200B45FC6 /* TestSubtree.m */,
				66EADD6414732AEE003181FC /* TestUndo.m */,
				66F4E315147C59F0004FC1BA /* TestTagging.m */,
				66E42F15149A91A600C90D5A /* TestTreeManager.m */,
				79CB302914C63E1C00ADAB77 /* TestCommon.m */,
				669CADEF1491C1D200D0CF5F /* Test Framework */,
				79FB63BD1486ABEF00751E1E /* Tests - docs and code sketch */,
				79FB63B81486ABC600751E1E /* Tests - documented only */,
				6628FB9D142FA7840072767A /* Tests - old */,
			);
			path = Tests;
			sourceTree = "<group>";
		};
		79999EAB14DE50CA00FFBC99 /* Implementation */ = {
			isa = PBXGroup;
			children = (
				66EADD68147345B9003181FC /* COItem.m */,
				66E7673F148B3DE8009937E8 /* COItemPath.m */,
				66E76735148B3D1C009937E8 /* COSubtree.m */,
				66E8E93414D4BC7F00CBE2D8 /* COSubtreeCopy.m */,
				79297308148C94FD00FD35A9 /* COItemFactory.m */,
			);
			name = Implementation;
			sourceTree = "<group>";
		};
		79999EFD14DE517C00FFBC99 /* Editing Context */ = {
			isa = PBXGroup;
			children = (
				66EE5D34146355A6008AA95B /* COPersistentRootEditingContext.h */,
				66E2FFB614899C7A00C66578 /* COPersistentRootEditingContext+PersistentRoots.h */,
				79ABB071148ADBA5008732D8 /* COPersistentRootEditingContext+Convenience.h */,
				66E5CBAB148311A000D01039 /* Implementation */,
			);
			name = "Editing Context";
			sourceTree = "<group>";
		};
		79999F1214DE593600FFBC99 /* Persistent Roots */ = {
			isa = PBXGroup;
			children = (
				79999F1314DE597200FFBC99 /* COItemFactory+PersistentRoots.h */,
				79999F1414DE597200FFBC99 /* COItemFactory+PersistentRoots.m */,
			);
			name = "Persistent Roots";
			sourceTree = "<group>";
		};
		79FB63B81486ABC600751E1E /* Tests - documented only */ = {
			isa = PBXGroup;
			children = (
				790B1AE81485B184001ED869 /* TestSimpleUseOfNestedPersistentRoots.m */,
				6628FBA1142FA7840072767A /* TestCopyEmbeddedObjects.m */,
				6628FBA3142FA7840072767A /* TestHistoryTrack.m */,
				79156DB91484BE4D00AB66B1 /* TestConcurrentContextModification.m */,
				66F4E319147C606A004FC1BA /* TestGameEditor.m */,
				66E46D47146A3D490042123E /* TestDeletion.m */,
				66E0189E146468F6000EB1E0 /* TestBLOB.m */,
				792972ED148C4AC100FD35A9 /* TestReferencesBetweenPersistentRoots.m */,
				792972F4148C4CA800FD35A9 /* TestCompositeDocument.m */,
				792972F9148C4D6D00FD35A9 /* TestUserRequirements.m */,
			);
			name = "Tests - documented only";
			sourceTree = "<group>";
		};
		79FB63BD1486ABEF00751E1E /* Tests - docs and code sketch */ = {
			isa = PBXGroup;
			children = (
				66EE5D491463AD67008AA95B /* TestBranchesAndCopies.m */,
				66E0189B146455C8000EB1E0 /* TestPhotoMontage.m */,
				66E5CABB147B4E42002DE8FD /* TestPhotoManager.m */,
			);
			name = "Tests - docs and code sketch";
			sourceTree = "<group>";
		};
/* End PBXGroup section */

/* Begin PBXNativeTarget section */
		66E22EC51421D47100C00A98 /* nestedversioning */ = {
			isa = PBXNativeTarget;
			buildConfigurationList = 66E22ED11421D47100C00A98 /* Build configuration list for PBXNativeTarget "nestedversioning" */;
			buildPhases = (
				66E22EC21421D47100C00A98 /* Sources */,
				66E22EC31421D47100C00A98 /* Frameworks */,
				66E22EC41421D47100C00A98 /* CopyFiles */,
			);
			buildRules = (
			);
			dependencies = (
			);
			name = nestedversioning;
			productName = test;
			productReference = 66E22EC61421D47100C00A98 /* nestedversioning */;
			productType = "com.apple.product-type.tool";
		};
		66EB7568148CA9D300C2114B /* StoreBrowser */ = {
			isa = PBXNativeTarget;
			buildConfigurationList = 66EB7583148CA9D400C2114B /* Build configuration list for PBXNativeTarget "StoreBrowser" */;
			buildPhases = (
				66EB7565148CA9D300C2114B /* Sources */,
				66EB7566148CA9D300C2114B /* Frameworks */,
				66EB7567148CA9D300C2114B /* Resources */,
			);
			buildRules = (
			);
			dependencies = (
			);
			name = StoreBrowser;
			productName = StoreBrowser;
			productReference = 66EB7569148CA9D300C2114B /* StoreBrowser.app */;
			productType = "com.apple.product-type.application";
		};
/* End PBXNativeTarget section */

/* Begin PBXProject section */
		662811ED13F8B5000075BBC2 /* Project object */ = {
			isa = PBXProject;
			attributes = {
				LastUpgradeCheck = 0420;
			};
			buildConfigurationList = 662811F013F8B5000075BBC2 /* Build configuration list for PBXProject "nestedversioning" */;
			compatibilityVersion = "Xcode 3.2";
			developmentRegion = English;
			hasScannedForEncodings = 0;
			knownRegions = (
				en,
			);
			mainGroup = 662811EB13F8B5000075BBC2;
			productRefGroup = 662811F713F8B5010075BBC2 /* Products */;
			projectDirPath = "";
			projectRoot = "";
			targets = (
				66E22EC51421D47100C00A98 /* nestedversioning */,
				66EB7568148CA9D300C2114B /* StoreBrowser */,
			);
		};
/* End PBXProject section */

/* Begin PBXResourcesBuildPhase section */
		66EB7567148CA9D300C2114B /* Resources */ = {
			isa = PBXResourcesBuildPhase;
			buildActionMask = 2147483647;
			files = (
				66F0C88014C542CD00C0B5A6 /* package.png in Resources */,
				66F0C88614C5430D00C0B5A6 /* brick.png in Resources */,
				66F0C88814C5434200C0B5A6 /* arrow_branch.png in Resources */,
				66F0C88C14C5440500C0B5A6 /* bullet_yellow.png in Resources */,
				66F0C88E14C5444600C0B5A6 /* bullet_yellow_multiple.png in Resources */,
				79CB315114C6911400ADAB77 /* arrow_branch_purple.png in Resources */,
				6607F95C14D0CD7F00F1E7C6 /* Credits.rtf in Resources */,
				6607F95D14D0CD7F00F1E7C6 /* InfoPlist.strings in Resources */,
				6607F95E14D0CD7F00F1E7C6 /* MainMenu.xib in Resources */,
				6607F97014D0DD9900F1E7C6 /* PersistentRootWindow.nib in Resources */,
			);
			runOnlyForDeploymentPostprocessing = 0;
		};
/* End PBXResourcesBuildPhase section */

/* Begin PBXSourcesBuildPhase section */
		66E22EC21421D47100C00A98 /* Sources */ = {
			isa = PBXSourcesBuildPhase;
			buildActionMask = 2147483647;
			files = (
				66F39B8B1490AEA00097B7D5 /* COType.m in Sources */,
				66F39B8C1490AEA00097B7D5 /* COType+Plist.m in Sources */,
				66F39B8A1490AE0D0097B7D5 /* COItemFactory.m in Sources */,
				66DFAED0142A726100623060 /* main.m in Sources */,
				6628FB9B142FA65D0072767A /* EWTest.m in Sources */,
				66E877571455F0CB006CBE7E /* COStore.m in Sources */,
				66E8776B1455FE67006CBE7E /* ETUUID.m in Sources */,
				66EE5D36146355A6008AA95B /* COPersistentRootEditingContext.m in Sources */,
				66EE5D3A14637418008AA95B /* COPath.m in Sources */,
				66EE5D4A1463AD68008AA95B /* TestBranchesAndCopies.m in Sources */,
				66E0189C146455C8000EB1E0 /* TestPhotoMontage.m in Sources */,
				66E0189F146468F6000EB1E0 /* TestBLOB.m in Sources */,
				66E46D48146A3D490042123E /* TestDeletion.m in Sources */,
				66EADD6514732AEE003181FC /* TestUndo.m in Sources */,
				66EADD69147345B9003181FC /* COItem.m in Sources */,
				66E76749148B4813009937E8 /* COSubtree.m in Sources */,
				66E8E93514D4BC7F00CBE2D8 /* COSubtreeCopy.m in Sources */,
				66E5CABC147B4E42002DE8FD /* TestPhotoManager.m in Sources */,
				66F4E316147C59F0004FC1BA /* TestTagging.m in Sources */,
				66F4E31A147C606A004FC1BA /* TestGameEditor.m in Sources */,
				669CADE81491844000D0CF5F /* COSubtreeDiff.m in Sources */,
				66E8E93714D5067E00CBE2D8 /* COItemPath.m in Sources */,
				79156DBA1484BE4D00AB66B1 /* TestConcurrentContextModification.m in Sources */,
				790B1AE91485B184001ED869 /* TestSimpleUseOfNestedPersistentRoots.m in Sources */,
				66E2FFB814899C7B00C66578 /* COPersistentRootEditingContext+PersistentRoots.m in Sources */,
				79ABB073148ADBA5008732D8 /* COPersistentRootEditingContext+Convenience.m in Sources */,
				792972EE148C4AC100FD35A9 /* TestReferencesBetweenPersistentRoots.m in Sources */,
				792972F5148C4CA800FD35A9 /* TestCompositeDocument.m in Sources */,
				792972FA148C4D6D00FD35A9 /* TestUserRequirements.m in Sources */,
				66E5038A1495E6EF003C69C7 /* COType+String.m in Sources */,
				66E5039F1495F9CF003C69C7 /* COArrayDiff.m in Sources */,
				66E503A01495F9CF003C69C7 /* COMergeResult.m in Sources */,
				66E503A11495F9CF003C69C7 /* COObjectGraphDiff.m in Sources */,
				66E503A21495F9D0003C69C7 /* COSequenceDiff.m in Sources */,
				66E503A31495F9D0003C69C7 /* COSetDiff.m in Sources */,
				66E503A41495F9D0003C69C7 /* COStringDiff.m in Sources */,
				66E4BE571496956200B7024A /* COItemDiff.m in Sources */,
				66E4BE5B149713CA00B7024A /* COType+Diff.m in Sources */,
				66E42F16149A91A600C90D5A /* TestTreeManager.m in Sources */,
				79CB302A14C63E1C00ADAB77 /* TestCommon.m in Sources */,
				664DA7F314C6B28000942CDC /* COPersistentRootDiff.m in Sources */,
				66101A0A14D09FAA00B50075 /* diff.cc in Sources */,
				7978700F14D799A200B45FC6 /* TestSubtree.m in Sources */,
				79999F1514DE597200FFBC99 /* COItemFactory+PersistentRoots.m in Sources */,
			);
			runOnlyForDeploymentPostprocessing = 0;
		};
		66EB7565148CA9D300C2114B /* Sources */ = {
			isa = PBXSourcesBuildPhase;
			buildActionMask = 2147483647;
			files = (
				79CB30FE14C6499F00ADAB77 /* COArrayDiff.m in Sources */,
				79CB30FF14C6499F00ADAB77 /* COMergeResult.m in Sources */,
				79CB310014C6499F00ADAB77 /* COObjectGraphDiff.m in Sources */,
				79CB310114C6499F00ADAB77 /* COSequenceDiff.m in Sources */,
				79CB310214C6499F00ADAB77 /* COSetDiff.m in Sources */,
				79CB310314C6499F00ADAB77 /* COStringDiff.m in Sources */,
				79CB30AA14C6457800ADAB77 /* COItemDiff.m in Sources */,
				79CB30A714C6456000ADAB77 /* COSubtreeDiff.m in Sources */,
				79CB310614C649BC00ADAB77 /* COType+Diff.m in Sources */,
				79CB305C14C63E9800ADAB77 /* TestTagging.m in Sources */,
				79CB305D14C63E9800ADAB77 /* TestCommon.m in Sources */,
				66E5038C1495EA0C003C69C7 /* COType+String.m in Sources */,
				669CADDB1491539100D0CF5F /* COType.m in Sources */,
				669CADDC1491539100D0CF5F /* COType+Plist.m in Sources */,
				66F39B891490AE020097B7D5 /* COItemFactory.m in Sources */,
				66EB7578148CA9D300C2114B /* main.m in Sources */,
				66EB757F148CA9D300C2114B /* AppDelegate.m in Sources */,
				79926C19148CADF80095A665 /* EWPersistentRootWindowController.m in Sources */,
				79016346148D4899005A9226 /* COPath.m in Sources */,
				79016347148D4899005A9226 /* ETUUID.m in Sources */,
				79016348148D4899005A9226 /* COPersistentRootEditingContext.m in Sources */,
				66E83F3814DE3A4B00A8611A /* COSubtreeCopy.m in Sources */,
				79016349148D4899005A9226 /* COPersistentRootEditingContext+PersistentRoots.m in Sources */,
				7901634A148D4899005A9226 /* COPersistentRootEditingContext+Convenience.m in Sources */,
				7901634B148D4899005A9226 /* COStore.m in Sources */,
				7901634D148D4899005A9226 /* COSubtree.m in Sources */,
				7901634C148D4899005A9226 /* COItem.m in Sources */,
				660E66E4148D92E00062308D /* EWPersistentRootOutlineRow.m in Sources */,
				66300AFA1492CA7E00246C89 /* EWGraphRenderer.m in Sources */,
				66300AFD1493148300246C89 /* EWHistoryGraphView.m in Sources */,
				66E4BE5E1497464100B7024A /* EWOutlineView.m in Sources */,
				664DA7F414C6B28000942CDC /* COPersistentRootDiff.m in Sources */,
				66101A0B14D09FAA00B50075 /* diff.cc in Sources */,
				66E83F3914DE3A5E00A8611A /* COItemPath.m in Sources */,
			);
			runOnlyForDeploymentPostprocessing = 0;
		};
/* End PBXSourcesBuildPhase section */

/* Begin XCBuildConfiguration section */
		6628122A13F8B5010075BBC2 /* Debug */ = {
			isa = XCBuildConfiguration;
			buildSettings = {
				ALWAYS_SEARCH_USER_PATHS = NO;
				ARCHS = "$(ARCHS_STANDARD_64_BIT)";
				COPY_PHASE_STRIP = NO;
				GCC_C_LANGUAGE_STANDARD = gnu99;
				GCC_DYNAMIC_NO_PIC = NO;
				GCC_ENABLE_OBJC_EXCEPTIONS = YES;
				GCC_OPTIMIZATION_LEVEL = 0;
				GCC_PREPROCESSOR_DEFINITIONS = (
					"DEBUG=1",
					"$(inherited)",
				);
				GCC_SYMBOLS_PRIVATE_EXTERN = NO;
				GCC_VERSION = com.apple.compilers.llvm.clang.1_0;
				GCC_WARN_64_TO_32_BIT_CONVERSION = YES;
				GCC_WARN_ABOUT_MISSING_PROTOTYPES = YES;
				GCC_WARN_ABOUT_RETURN_TYPE = YES;
				GCC_WARN_UNUSED_VARIABLE = YES;
				MACOSX_DEPLOYMENT_TARGET = 10.7;
				ONLY_ACTIVE_ARCH = YES;
				SDKROOT = macosx;
			};
			name = Debug;
		};
		6628122B13F8B5010075BBC2 /* Release */ = {
			isa = XCBuildConfiguration;
			buildSettings = {
				ALWAYS_SEARCH_USER_PATHS = NO;
				ARCHS = "$(ARCHS_STANDARD_64_BIT)";
				COPY_PHASE_STRIP = YES;
				DEBUG_INFORMATION_FORMAT = "dwarf-with-dsym";
				GCC_C_LANGUAGE_STANDARD = gnu99;
				GCC_ENABLE_OBJC_EXCEPTIONS = YES;
				GCC_VERSION = com.apple.compilers.llvm.clang.1_0;
				GCC_WARN_64_TO_32_BIT_CONVERSION = YES;
				GCC_WARN_ABOUT_MISSING_PROTOTYPES = YES;
				GCC_WARN_ABOUT_RETURN_TYPE = YES;
				GCC_WARN_UNUSED_VARIABLE = YES;
				MACOSX_DEPLOYMENT_TARGET = 10.7;
				SDKROOT = macosx;
			};
			name = Release;
		};
		66E22ED21421D47100C00A98 /* Debug */ = {
			isa = XCBuildConfiguration;
			buildSettings = {
				GCC_PRECOMPILE_PREFIX_HEADER = YES;
				GCC_PREFIX_HEADER = "test-Prefix.pch";
				PRODUCT_NAME = nestedversioning;
			};
			name = Debug;
		};
		66E22ED31421D47100C00A98 /* Release */ = {
			isa = XCBuildConfiguration;
			buildSettings = {
				GCC_PRECOMPILE_PREFIX_HEADER = YES;
				GCC_PREFIX_HEADER = "test-Prefix.pch";
				PRODUCT_NAME = nestedversioning;
			};
			name = Release;
		};
		66EB7584148CA9D400C2114B /* Debug */ = {
			isa = XCBuildConfiguration;
			buildSettings = {
				GCC_PRECOMPILE_PREFIX_HEADER = YES;
				GCC_PREFIX_HEADER = "StoreBrowser/StoreBrowser-Prefix.pch";
				INFOPLIST_FILE = "StoreBrowser/StoreBrowser-Info.plist";
				MACOSX_DEPLOYMENT_TARGET = "";
				PRODUCT_NAME = "$(TARGET_NAME)";
				WRAPPER_EXTENSION = app;
			};
			name = Debug;
		};
		66EB7585148CA9D400C2114B /* Release */ = {
			isa = XCBuildConfiguration;
			buildSettings = {
				GCC_PRECOMPILE_PREFIX_HEADER = YES;
				GCC_PREFIX_HEADER = "StoreBrowser/StoreBrowser-Prefix.pch";
				INFOPLIST_FILE = "StoreBrowser/StoreBrowser-Info.plist";
				MACOSX_DEPLOYMENT_TARGET = "";
				PRODUCT_NAME = "$(TARGET_NAME)";
				WRAPPER_EXTENSION = app;
			};
			name = Release;
		};
/* End XCBuildConfiguration section */

/* Begin XCConfigurationList section */
		662811F013F8B5000075BBC2 /* Build configuration list for PBXProject "nestedversioning" */ = {
			isa = XCConfigurationList;
			buildConfigurations = (
				6628122A13F8B5010075BBC2 /* Debug */,
				6628122B13F8B5010075BBC2 /* Release */,
			);
			defaultConfigurationIsVisible = 0;
			defaultConfigurationName = Release;
		};
		66E22ED11421D47100C00A98 /* Build configuration list for PBXNativeTarget "nestedversioning" */ = {
			isa = XCConfigurationList;
			buildConfigurations = (
				66E22ED21421D47100C00A98 /* Debug */,
				66E22ED31421D47100C00A98 /* Release */,
			);
			defaultConfigurationIsVisible = 0;
			defaultConfigurationName = Release;
		};
		66EB7583148CA9D400C2114B /* Build configuration list for PBXNativeTarget "StoreBrowser" */ = {
			isa = XCConfigurationList;
			buildConfigurations = (
				66EB7584148CA9D400C2114B /* Debug */,
				66EB7585148CA9D400C2114B /* Release */,
			);
			defaultConfigurationIsVisible = 0;
			defaultConfigurationName = Release;
		};
/* End XCConfigurationList section */
	};
	rootObject = 662811ED13F8B5000075BBC2 /* Project object */;
}
