// !$*UTF8*$!
{
	archiveVersion = 1;
	classes = {
	};
	objectVersion = 46;
	objects = {

/* Begin PBXBuildFile section */
		660E66E4148D92E00062308D /* EWPersistentRootOutlineRow.m in Sources */ = {isa = PBXBuildFile; fileRef = 660E66E3148D92E00062308D /* EWPersistentRootOutlineRow.m */; };
		660E66E9148DCC0D0062308D /* folder.png in Resources */ = {isa = PBXBuildFile; fileRef = 660E66E6148DCC0D0062308D /* folder.png */; };
		660E66EA148DCC0D0062308D /* package-x-generic.png in Resources */ = {isa = PBXBuildFile; fileRef = 660E66E7148DCC0D0062308D /* package-x-generic.png */; };
		660E66EB148DCC0D0062308D /* text-x-generic.png in Resources */ = {isa = PBXBuildFile; fileRef = 660E66E8148DCC0D0062308D /* text-x-generic.png */; };
		6628FB9B142FA65D0072767A /* EWTest.m in Sources */ = {isa = PBXBuildFile; fileRef = 6628FB9A142FA65D0072767A /* EWTest.m */; };
		66DFAED0142A726100623060 /* main.m in Sources */ = {isa = PBXBuildFile; fileRef = 66DFAEBF142A726100623060 /* main.m */; };
		66E0189C146455C8000EB1E0 /* TestPhotoMontage.m in Sources */ = {isa = PBXBuildFile; fileRef = 66E0189B146455C8000EB1E0 /* TestPhotoMontage.m */; };
		66E0189F146468F6000EB1E0 /* TestBLOB.m in Sources */ = {isa = PBXBuildFile; fileRef = 66E0189E146468F6000EB1E0 /* TestBLOB.m */; };
		66E22EC91421D47100C00A98 /* Foundation.framework in Frameworks */ = {isa = PBXBuildFile; fileRef = 66E22EC81421D47100C00A98 /* Foundation.framework */; };
		66E2FFB814899C7B00C66578 /* COPersistentRootEditingContext+PersistentRoots.m in Sources */ = {isa = PBXBuildFile; fileRef = 66E2FFB714899C7A00C66578 /* COPersistentRootEditingContext+PersistentRoots.m */; };
		66E46D48146A3D490042123E /* TestDeletion.m in Sources */ = {isa = PBXBuildFile; fileRef = 66E46D47146A3D490042123E /* TestDeletion.m */; };
		66E552B5146B7799008FDFAF /* libcrypto.dylib in Frameworks */ = {isa = PBXBuildFile; fileRef = 66E552B4146B7799008FDFAF /* libcrypto.dylib */; };
		66E5CABC147B4E42002DE8FD /* TestPhotoManager.m in Sources */ = {isa = PBXBuildFile; fileRef = 66E5CABB147B4E42002DE8FD /* TestPhotoManager.m */; };
		66E76749148B4813009937E8 /* COStoreItemTree.m in Sources */ = {isa = PBXBuildFile; fileRef = 66E76735148B3D1C009937E8 /* COStoreItemTree.m */; };
		66E877571455F0CB006CBE7E /* COStore.m in Sources */ = {isa = PBXBuildFile; fileRef = 66E877561455F0CB006CBE7E /* COStore.m */; };
		66E8776B1455FE67006CBE7E /* ETUUID.m in Sources */ = {isa = PBXBuildFile; fileRef = 66E8776A1455FE67006CBE7E /* ETUUID.m */; };
		66EADD6514732AEE003181FC /* TestUndo.m in Sources */ = {isa = PBXBuildFile; fileRef = 66EADD6414732AEE003181FC /* TestUndo.m */; };
		66EADD69147345B9003181FC /* COStoreItem.m in Sources */ = {isa = PBXBuildFile; fileRef = 66EADD68147345B9003181FC /* COStoreItem.m */; };
		66EB756C148CA9D300C2114B /* Cocoa.framework in Frameworks */ = {isa = PBXBuildFile; fileRef = 66EB756B148CA9D300C2114B /* Cocoa.framework */; };
		66EB7576148CA9D300C2114B /* InfoPlist.strings in Resources */ = {isa = PBXBuildFile; fileRef = 66EB7574148CA9D300C2114B /* InfoPlist.strings */; };
		66EB7578148CA9D300C2114B /* main.m in Sources */ = {isa = PBXBuildFile; fileRef = 66EB7577148CA9D300C2114B /* main.m */; };
		66EB757C148CA9D300C2114B /* Credits.rtf in Resources */ = {isa = PBXBuildFile; fileRef = 66EB757A148CA9D300C2114B /* Credits.rtf */; };
		66EB757F148CA9D300C2114B /* AppDelegate.m in Sources */ = {isa = PBXBuildFile; fileRef = 66EB757E148CA9D300C2114B /* AppDelegate.m */; };
		66EB7582148CA9D400C2114B /* MainMenu.xib in Resources */ = {isa = PBXBuildFile; fileRef = 66EB7580148CA9D400C2114B /* MainMenu.xib */; };
		66EDFD93148EF72000D0DC0B /* COItem.m in Sources */ = {isa = PBXBuildFile; fileRef = 66EDFD92148EF72000D0DC0B /* COItem.m */; };
		66EDFD96148EF73200D0DC0B /* COType.m in Sources */ = {isa = PBXBuildFile; fileRef = 66EDFD95148EF73200D0DC0B /* COType.m */; };
		66EDFD99148EF88400D0DC0B /* COItemTree.m in Sources */ = {isa = PBXBuildFile; fileRef = 66EDFD98148EF88400D0DC0B /* COItemTree.m */; };
		66EDFD9C148F557800D0DC0B /* COMutableLayer.m in Sources */ = {isa = PBXBuildFile; fileRef = 66EDFD9B148F557800D0DC0B /* COMutableLayer.m */; };
		66EE5D36146355A6008AA95B /* COPersistentRootEditingContext.m in Sources */ = {isa = PBXBuildFile; fileRef = 66EE5D35146355A6008AA95B /* COPersistentRootEditingContext.m */; };
		66EE5D3A14637418008AA95B /* COPath.m in Sources */ = {isa = PBXBuildFile; fileRef = 66EE5D3914637418008AA95B /* COPath.m */; };
		66EE5D4A1463AD68008AA95B /* TestBranchesAndCopies.m in Sources */ = {isa = PBXBuildFile; fileRef = 66EE5D491463AD67008AA95B /* TestBranchesAndCopies.m */; };
		66F4E316147C59F0004FC1BA /* TestTagging.m in Sources */ = {isa = PBXBuildFile; fileRef = 66F4E315147C59F0004FC1BA /* TestTagging.m */; };
		66F4E31A147C606A004FC1BA /* TestGameEditor.m in Sources */ = {isa = PBXBuildFile; fileRef = 66F4E319147C606A004FC1BA /* TestGameEditor.m */; };
		79016345148D4886005A9226 /* libcrypto.dylib in Frameworks */ = {isa = PBXBuildFile; fileRef = 66E552B4146B7799008FDFAF /* libcrypto.dylib */; };
		79016346148D4899005A9226 /* COPath.m in Sources */ = {isa = PBXBuildFile; fileRef = 66EE5D3914637418008AA95B /* COPath.m */; };
		79016347148D4899005A9226 /* ETUUID.m in Sources */ = {isa = PBXBuildFile; fileRef = 66E8776A1455FE67006CBE7E /* ETUUID.m */; };
		79016348148D4899005A9226 /* COPersistentRootEditingContext.m in Sources */ = {isa = PBXBuildFile; fileRef = 66EE5D35146355A6008AA95B /* COPersistentRootEditingContext.m */; };
		79016349148D4899005A9226 /* COPersistentRootEditingContext+PersistentRoots.m in Sources */ = {isa = PBXBuildFile; fileRef = 66E2FFB714899C7A00C66578 /* COPersistentRootEditingContext+PersistentRoots.m */; };
		7901634A148D4899005A9226 /* COPersistentRootEditingContext+Convenience.m in Sources */ = {isa = PBXBuildFile; fileRef = 79ABB072148ADBA5008732D8 /* COPersistentRootEditingContext+Convenience.m */; };
		7901634B148D4899005A9226 /* COStore.m in Sources */ = {isa = PBXBuildFile; fileRef = 66E877561455F0CB006CBE7E /* COStore.m */; };
		7901634C148D4899005A9226 /* COStoreItem.m in Sources */ = {isa = PBXBuildFile; fileRef = 66EADD68147345B9003181FC /* COStoreItem.m */; };
		7901634D148D4899005A9226 /* COStoreItemTree.m in Sources */ = {isa = PBXBuildFile; fileRef = 66E76735148B3D1C009937E8 /* COStoreItemTree.m */; };
		7901634E148D4899005A9226 /* COItemFactory.m in Sources */ = {isa = PBXBuildFile; fileRef = 79297308148C94FD00FD35A9 /* COItemFactory.m */; };
		790B1AE91485B184001ED869 /* TestSimpleUseOfNestedPersistentRoots.m in Sources */ = {isa = PBXBuildFile; fileRef = 790B1AE81485B184001ED869 /* TestSimpleUseOfNestedPersistentRoots.m */; };
		79156DBA1484BE4D00AB66B1 /* TestConcurrentContextModification.m in Sources */ = {isa = PBXBuildFile; fileRef = 79156DB91484BE4D00AB66B1 /* TestConcurrentContextModification.m */; };
		792972EE148C4AC100FD35A9 /* TestReferencesBetweenPersistentRoots.m in Sources */ = {isa = PBXBuildFile; fileRef = 792972ED148C4AC100FD35A9 /* TestReferencesBetweenPersistentRoots.m */; };
		792972F5148C4CA800FD35A9 /* TestCompositeDocument.m in Sources */ = {isa = PBXBuildFile; fileRef = 792972F4148C4CA800FD35A9 /* TestCompositeDocument.m */; };
		792972FA148C4D6D00FD35A9 /* TestUserRequirements.m in Sources */ = {isa = PBXBuildFile; fileRef = 792972F9148C4D6D00FD35A9 /* TestUserRequirements.m */; };
		79297309148C94FD00FD35A9 /* COItemFactory.m in Sources */ = {isa = PBXBuildFile; fileRef = 79297308148C94FD00FD35A9 /* COItemFactory.m */; };
		79926C19148CADF80095A665 /* EWPersistentRootWindowController.m in Sources */ = {isa = PBXBuildFile; fileRef = 79926C18148CADF80095A665 /* EWPersistentRootWindowController.m */; };
		79926C1F148CAE390095A665 /* PersistentRootWindow.xib in Resources */ = {isa = PBXBuildFile; fileRef = 79926C1E148CAE390095A665 /* PersistentRootWindow.xib */; };
		79ABB073148ADBA5008732D8 /* COPersistentRootEditingContext+Convenience.m in Sources */ = {isa = PBXBuildFile; fileRef = 79ABB072148ADBA5008732D8 /* COPersistentRootEditingContext+Convenience.m */; };
/* End PBXBuildFile section */

/* Begin PBXCopyFilesBuildPhase section */
		66E22EC41421D47100C00A98 /* CopyFiles */ = {
			isa = PBXCopyFilesBuildPhase;
			buildActionMask = 2147483647;
			dstPath = /usr/share/man/man1/;
			dstSubfolderSpec = 0;
			files = (
			);
			runOnlyForDeploymentPostprocessing = 1;
		};
/* End PBXCopyFilesBuildPhase section */

/* Begin PBXFileReference section */
		660E66E2148D92E00062308D /* EWPersistentRootOutlineRow.h */ = {isa = PBXFileReference; fileEncoding = 4; lastKnownFileType = sourcecode.c.h; path = EWPersistentRootOutlineRow.h; sourceTree = "<group>"; };
		660E66E3148D92E00062308D /* EWPersistentRootOutlineRow.m */ = {isa = PBXFileReference; fileEncoding = 4; lastKnownFileType = sourcecode.c.objc; path = EWPersistentRootOutlineRow.m; sourceTree = "<group>"; };
		660E66E6148DCC0D0062308D /* folder.png */ = {isa = PBXFileReference; lastKnownFileType = image.png; path = folder.png; sourceTree = "<group>"; };
		660E66E7148DCC0D0062308D /* package-x-generic.png */ = {isa = PBXFileReference; lastKnownFileType = image.png; path = "package-x-generic.png"; sourceTree = "<group>"; };
		660E66E8148DCC0D0062308D /* text-x-generic.png */ = {isa = PBXFileReference; lastKnownFileType = image.png; path = "text-x-generic.png"; sourceTree = "<group>"; };
		6628FB99142FA65D0072767A /* EWTest.h */ = {isa = PBXFileReference; fileEncoding = 4; lastKnownFileType = sourcecode.c.h; path = EWTest.h; sourceTree = "<group>"; };
		6628FB9A142FA65D0072767A /* EWTest.m */ = {isa = PBXFileReference; fileEncoding = 4; lastKnownFileType = sourcecode.c.objc; path = EWTest.m; sourceTree = "<group>"; };
		6628FB9E142FA7840072767A /* TestArrayDiff.m */ = {isa = PBXFileReference; fileEncoding = 4; lastKnownFileType = sourcecode.c.objc; path = TestArrayDiff.m; sourceTree = "<group>"; };
		6628FBA1142FA7840072767A /* TestCopyEmbeddedObjects.m */ = {isa = PBXFileReference; fileEncoding = 4; lastKnownFileType = sourcecode.c.objc; path = TestCopyEmbeddedObjects.m; sourceTree = "<group>"; };
		6628FBA2142FA7840072767A /* TestEditingContext.m */ = {isa = PBXFileReference; fileEncoding = 4; lastKnownFileType = sourcecode.c.objc; path = TestEditingContext.m; sourceTree = "<group>"; };
		6628FBA3142FA7840072767A /* TestHistoryTrack.m */ = {isa = PBXFileReference; fileEncoding = 4; lastKnownFileType = sourcecode.c.objc; path = TestHistoryTrack.m; sourceTree = "<group>"; };
		6628FBA4142FA7840072767A /* TestPerformance.m */ = {isa = PBXFileReference; fileEncoding = 4; lastKnownFileType = sourcecode.c.objc; path = TestPerformance.m; sourceTree = "<group>"; };
		6628FBA5142FA7840072767A /* TestRelationshipIntegrity.m */ = {isa = PBXFileReference; fileEncoding = 4; lastKnownFileType = sourcecode.c.objc; path = TestRelationshipIntegrity.m; sourceTree = "<group>"; };
		6628FBA6142FA7840072767A /* TestStore.m */ = {isa = PBXFileReference; fileEncoding = 4; lastKnownFileType = sourcecode.c.objc; path = TestStore.m; sourceTree = "<group>"; };
		6628FBA7142FA7840072767A /* TestSynchronization.m */ = {isa = PBXFileReference; fileEncoding = 4; lastKnownFileType = sourcecode.c.objc; path = TestSynchronization.m; sourceTree = "<group>"; };
		6628FBA8142FA7840072767A /* TestUtilities.m */ = {isa = PBXFileReference; fileEncoding = 4; lastKnownFileType = sourcecode.c.objc; path = TestUtilities.m; sourceTree = "<group>"; };
		66416D20142D3EE20016501D /* README */ = {isa = PBXFileReference; lastKnownFileType = text; path = README; sourceTree = "<group>"; };
		66DFAEBF142A726100623060 /* main.m */ = {isa = PBXFileReference; fileEncoding = 4; lastKnownFileType = sourcecode.c.objc; path = main.m; sourceTree = "<group>"; };
		66DFAEC4142A726100623060 /* Common.h */ = {isa = PBXFileReference; fileEncoding = 4; lastKnownFileType = sourcecode.c.h; path = Common.h; sourceTree = "<group>"; };
		66DFAECA142A726100623060 /* test-Prefix.pch */ = {isa = PBXFileReference; fileEncoding = 4; lastKnownFileType = sourcecode.c.h; path = "test-Prefix.pch"; sourceTree = "<group>"; };
		66DFAECB142A726100623060 /* test.1 */ = {isa = PBXFileReference; fileEncoding = 4; lastKnownFileType = text.man; path = test.1; sourceTree = "<group>"; };
		66E0189B146455C8000EB1E0 /* TestPhotoMontage.m */ = {isa = PBXFileReference; fileEncoding = 4; lastKnownFileType = sourcecode.c.objc; path = TestPhotoMontage.m; sourceTree = "<group>"; };
		66E0189E146468F6000EB1E0 /* TestBLOB.m */ = {isa = PBXFileReference; fileEncoding = 4; lastKnownFileType = sourcecode.c.objc; path = TestBLOB.m; sourceTree = "<group>"; };
		66E22EC61421D47100C00A98 /* nestedversioning */ = {isa = PBXFileReference; explicitFileType = "compiled.mach-o.executable"; includeInIndex = 0; path = nestedversioning; sourceTree = BUILT_PRODUCTS_DIR; };
		66E22EC81421D47100C00A98 /* Foundation.framework */ = {isa = PBXFileReference; lastKnownFileType = wrapper.framework; name = Foundation.framework; path = System/Library/Frameworks/Foundation.framework; sourceTree = SDKROOT; };
		66E2A3031430569C00487419 /* TODO */ = {isa = PBXFileReference; fileEncoding = 4; lastKnownFileType = text; path = TODO; sourceTree = "<group>"; };
		66E2FFB614899C7A00C66578 /* COPersistentRootEditingContext+PersistentRoots.h */ = {isa = PBXFileReference; fileEncoding = 4; lastKnownFileType = sourcecode.c.h; path = "COPersistentRootEditingContext+PersistentRoots.h"; sourceTree = "<group>"; };
		66E2FFB714899C7A00C66578 /* COPersistentRootEditingContext+PersistentRoots.m */ = {isa = PBXFileReference; fileEncoding = 4; lastKnownFileType = sourcecode.c.objc; path = "COPersistentRootEditingContext+PersistentRoots.m"; sourceTree = "<group>"; };
		66E46D47146A3D490042123E /* TestDeletion.m */ = {isa = PBXFileReference; fileEncoding = 4; lastKnownFileType = sourcecode.c.objc; path = TestDeletion.m; sourceTree = "<group>"; };
		66E552B4146B7799008FDFAF /* libcrypto.dylib */ = {isa = PBXFileReference; lastKnownFileType = "compiled.mach-o.dylib"; name = libcrypto.dylib; path = usr/lib/libcrypto.dylib; sourceTree = SDKROOT; };
		66E5CABB147B4E42002DE8FD /* TestPhotoManager.m */ = {isa = PBXFileReference; fileEncoding = 4; lastKnownFileType = sourcecode.c.objc; path = TestPhotoManager.m; sourceTree = "<group>"; };
		66E5CBA814830C5700D01039 /* COStorePrivate.h */ = {isa = PBXFileReference; fileEncoding = 4; lastKnownFileType = sourcecode.c.h; path = COStorePrivate.h; sourceTree = "<group>"; };
		66E76726148B3D1C009937E8 /* COInMemoryObject.h */ = {isa = PBXFileReference; fileEncoding = 4; lastKnownFileType = sourcecode.c.h; path = COInMemoryObject.h; sourceTree = "<group>"; };
		66E76727148B3D1C009937E8 /* COInMemoryObject.m */ = {isa = PBXFileReference; fileEncoding = 4; lastKnownFileType = sourcecode.c.objc; path = COInMemoryObject.m; sourceTree = "<group>"; };
		66E76728148B3D1C009937E8 /* COItemFactory.h */ = {isa = PBXFileReference; fileEncoding = 4; lastKnownFileType = sourcecode.c.h; path = COItemFactory.h; sourceTree = "<group>"; };
		66E76729148B3D1C009937E8 /* COItemFactory.m */ = {isa = PBXFileReference; fileEncoding = 4; lastKnownFileType = sourcecode.c.objc; path = COItemFactory.m; sourceTree = "<group>"; };
		66E7672A148B3D1C009937E8 /* COObject.h */ = {isa = PBXFileReference; fileEncoding = 4; lastKnownFileType = sourcecode.c.h; path = COObject.h; sourceTree = "<group>"; };
		66E7672B148B3D1C009937E8 /* COObject.m */ = {isa = PBXFileReference; fileEncoding = 4; lastKnownFileType = sourcecode.c.objc; path = COObject.m; sourceTree = "<group>"; };
		66E7672C148B3D1C009937E8 /* COObjectContext.h */ = {isa = PBXFileReference; fileEncoding = 4; lastKnownFileType = sourcecode.c.h; path = COObjectContext.h; sourceTree = "<group>"; };
		66E7672D148B3D1C009937E8 /* COObjectContext.m */ = {isa = PBXFileReference; fileEncoding = 4; lastKnownFileType = sourcecode.c.objc; path = COObjectContext.m; sourceTree = "<group>"; };
		66E7672E148B3D1C009937E8 /* COPersistentRoot.h */ = {isa = PBXFileReference; fileEncoding = 4; lastKnownFileType = sourcecode.c.h; path = COPersistentRoot.h; sourceTree = "<group>"; };
		66E7672F148B3D1C009937E8 /* COPersistentRoot.m */ = {isa = PBXFileReference; fileEncoding = 4; lastKnownFileType = sourcecode.c.objc; path = COPersistentRoot.m; sourceTree = "<group>"; };
		66E76730148B3D1C009937E8 /* COPersistentRootDiff.h */ = {isa = PBXFileReference; fileEncoding = 4; lastKnownFileType = sourcecode.c.h; path = COPersistentRootDiff.h; sourceTree = "<group>"; };
		66E76731148B3D1C009937E8 /* COPersistentRootDiff.m */ = {isa = PBXFileReference; fileEncoding = 4; lastKnownFileType = sourcecode.c.objc; path = COPersistentRootDiff.m; sourceTree = "<group>"; };
		66E76732148B3D1C009937E8 /* COSimpleContext.h */ = {isa = PBXFileReference; fileEncoding = 4; lastKnownFileType = sourcecode.c.h; path = COSimpleContext.h; sourceTree = "<group>"; };
		66E76733148B3D1C009937E8 /* COSimpleContext.m */ = {isa = PBXFileReference; fileEncoding = 4; lastKnownFileType = sourcecode.c.objc; path = COSimpleContext.m; sourceTree = "<group>"; };
		66E76734148B3D1C009937E8 /* COStoreItemTree.h */ = {isa = PBXFileReference; fileEncoding = 4; lastKnownFileType = sourcecode.c.h; path = COStoreItemTree.h; sourceTree = "<group>"; };
		66E76735148B3D1C009937E8 /* COStoreItemTree.m */ = {isa = PBXFileReference; fileEncoding = 4; lastKnownFileType = sourcecode.c.objc; path = COStoreItemTree.m; sourceTree = "<group>"; };
		66E7673E148B3DE8009937E8 /* COItemPath.h */ = {isa = PBXFileReference; lastKnownFileType = sourcecode.c.h; path = COItemPath.h; sourceTree = "<group>"; };
		66E7673F148B3DE8009937E8 /* COItemPath.m */ = {isa = PBXFileReference; lastKnownFileType = sourcecode.c.objc; path = COItemPath.m; sourceTree = "<group>"; };
		66E877551455F0CB006CBE7E /* COStore.h */ = {isa = PBXFileReference; fileEncoding = 4; lastKnownFileType = sourcecode.c.h; path = COStore.h; sourceTree = "<group>"; };
		66E877561455F0CB006CBE7E /* COStore.m */ = {isa = PBXFileReference; fileEncoding = 4; lastKnownFileType = sourcecode.c.objc; path = COStore.m; sourceTree = "<group>"; };
		66E877691455FE5B006CBE7E /* ETUUID.h */ = {isa = PBXFileReference; fileEncoding = 4; lastKnownFileType = sourcecode.c.h; path = ETUUID.h; sourceTree = "<group>"; };
		66E8776A1455FE67006CBE7E /* ETUUID.m */ = {isa = PBXFileReference; fileEncoding = 4; lastKnownFileType = sourcecode.c.objc; path = ETUUID.m; sourceTree = "<group>"; };
		66EADD6414732AEE003181FC /* TestUndo.m */ = {isa = PBXFileReference; fileEncoding = 4; lastKnownFileType = sourcecode.c.objc; path = TestUndo.m; sourceTree = "<group>"; wrapsLines = 1; };
		66EADD67147345B9003181FC /* COStoreItem.h */ = {isa = PBXFileReference; fileEncoding = 4; lastKnownFileType = sourcecode.c.h; path = COStoreItem.h; sourceTree = "<group>"; };
		66EADD68147345B9003181FC /* COStoreItem.m */ = {isa = PBXFileReference; fileEncoding = 4; lastKnownFileType = sourcecode.c.objc; path = COStoreItem.m; sourceTree = "<group>"; };
		66EB7569148CA9D300C2114B /* StoreBrowser.app */ = {isa = PBXFileReference; explicitFileType = wrapper.application; includeInIndex = 0; path = StoreBrowser.app; sourceTree = BUILT_PRODUCTS_DIR; };
		66EB756B148CA9D300C2114B /* Cocoa.framework */ = {isa = PBXFileReference; lastKnownFileType = wrapper.framework; name = Cocoa.framework; path = System/Library/Frameworks/Cocoa.framework; sourceTree = SDKROOT; };
		66EB756E148CA9D300C2114B /* AppKit.framework */ = {isa = PBXFileReference; lastKnownFileType = wrapper.framework; name = AppKit.framework; path = System/Library/Frameworks/AppKit.framework; sourceTree = SDKROOT; };
		66EB756F148CA9D300C2114B /* CoreData.framework */ = {isa = PBXFileReference; lastKnownFileType = wrapper.framework; name = CoreData.framework; path = System/Library/Frameworks/CoreData.framework; sourceTree = SDKROOT; };
		66EB7570148CA9D300C2114B /* Foundation.framework */ = {isa = PBXFileReference; lastKnownFileType = wrapper.framework; name = Foundation.framework; path = System/Library/Frameworks/Foundation.framework; sourceTree = SDKROOT; };
		66EB7573148CA9D300C2114B /* StoreBrowser-Info.plist */ = {isa = PBXFileReference; lastKnownFileType = text.plist.xml; path = "StoreBrowser-Info.plist"; sourceTree = "<group>"; };
		66EB7575148CA9D300C2114B /* en */ = {isa = PBXFileReference; lastKnownFileType = text.plist.strings; name = en; path = en.lproj/InfoPlist.strings; sourceTree = "<group>"; };
		66EB7577148CA9D300C2114B /* main.m */ = {isa = PBXFileReference; lastKnownFileType = sourcecode.c.objc; path = main.m; sourceTree = "<group>"; };
		66EB7579148CA9D300C2114B /* StoreBrowser-Prefix.pch */ = {isa = PBXFileReference; lastKnownFileType = sourcecode.c.h; path = "StoreBrowser-Prefix.pch"; sourceTree = "<group>"; };
		66EB757B148CA9D300C2114B /* en */ = {isa = PBXFileReference; lastKnownFileType = text.rtf; name = en; path = en.lproj/Credits.rtf; sourceTree = "<group>"; };
		66EB757D148CA9D300C2114B /* AppDelegate.h */ = {isa = PBXFileReference; lastKnownFileType = sourcecode.c.h; path = AppDelegate.h; sourceTree = "<group>"; };
		66EB757E148CA9D300C2114B /* AppDelegate.m */ = {isa = PBXFileReference; lastKnownFileType = sourcecode.c.objc; path = AppDelegate.m; sourceTree = "<group>"; };
		66EB7581148CA9D400C2114B /* en */ = {isa = PBXFileReference; lastKnownFileType = file.xib; name = en; path = en.lproj/MainMenu.xib; sourceTree = "<group>"; };
		66EDFD90148EF6D700D0DC0B /* COFaultProvider.h */ = {isa = PBXFileReference; fileEncoding = 4; lastKnownFileType = sourcecode.c.h; path = COFaultProvider.h; sourceTree = "<group>"; };
		66EDFD91148EF72000D0DC0B /* COItem.h */ = {isa = PBXFileReference; fileEncoding = 4; lastKnownFileType = sourcecode.c.h; path = COItem.h; sourceTree = "<group>"; };
		66EDFD92148EF72000D0DC0B /* COItem.m */ = {isa = PBXFileReference; fileEncoding = 4; lastKnownFileType = sourcecode.c.objc; path = COItem.m; sourceTree = "<group>"; };
		66EDFD94148EF73200D0DC0B /* COType.h */ = {isa = PBXFileReference; fileEncoding = 4; lastKnownFileType = sourcecode.c.h; path = COType.h; sourceTree = "<group>"; };
		66EDFD95148EF73200D0DC0B /* COType.m */ = {isa = PBXFileReference; fileEncoding = 4; lastKnownFileType = sourcecode.c.objc; path = COType.m; sourceTree = "<group>"; };
		66EDFD97148EF88400D0DC0B /* COItemTree.h */ = {isa = PBXFileReference; fileEncoding = 4; path = COItemTree.h; sourceTree = "<group>"; };
		66EDFD98148EF88400D0DC0B /* COItemTree.m */ = {isa = PBXFileReference; fileEncoding = 4; lastKnownFileType = sourcecode.c.objc; path = COItemTree.m; sourceTree = "<group>"; };
		66EDFD9A148F557800D0DC0B /* COMutableLayer.h */ = {isa = PBXFileReference; fileEncoding = 4; lastKnownFileType = sourcecode.c.h; path = COMutableLayer.h; sourceTree = "<group>"; };
		66EDFD9B148F557800D0DC0B /* COMutableLayer.m */ = {isa = PBXFileReference; fileEncoding = 4; lastKnownFileType = sourcecode.c.objc; path = COMutableLayer.m; sourceTree = "<group>"; };
		66EE5D34146355A6008AA95B /* COPersistentRootEditingContext.h */ = {isa = PBXFileReference; fileEncoding = 4; lastKnownFileType = sourcecode.c.h; path = COPersistentRootEditingContext.h; sourceTree = "<group>"; };
		66EE5D35146355A6008AA95B /* COPersistentRootEditingContext.m */ = {isa = PBXFileReference; fileEncoding = 4; lastKnownFileType = sourcecode.c.objc; path = COPersistentRootEditingContext.m; sourceTree = "<group>"; };
		66EE5D3814637418008AA95B /* COPath.h */ = {isa = PBXFileReference; fileEncoding = 4; lastKnownFileType = sourcecode.c.h; path = COPath.h; sourceTree = "<group>"; };
		66EE5D3914637418008AA95B /* COPath.m */ = {isa = PBXFileReference; fileEncoding = 4; lastKnownFileType = sourcecode.c.objc; path = COPath.m; sourceTree = "<group>"; };
		66EE5D491463AD67008AA95B /* TestBranchesAndCopies.m */ = {isa = PBXFileReference; fileEncoding = 4; lastKnownFileType = sourcecode.c.objc; path = TestBranchesAndCopies.m; sourceTree = "<group>"; };
		66F4E315147C59F0004FC1BA /* TestTagging.m */ = {isa = PBXFileReference; fileEncoding = 4; lastKnownFileType = sourcecode.c.objc; path = TestTagging.m; sourceTree = "<group>"; };
		66F4E319147C606A004FC1BA /* TestGameEditor.m */ = {isa = PBXFileReference; fileEncoding = 4; lastKnownFileType = sourcecode.c.objc; path = TestGameEditor.m; sourceTree = "<group>"; };
		790B1AE81485B184001ED869 /* TestSimpleUseOfNestedPersistentRoots.m */ = {isa = PBXFileReference; fileEncoding = 4; lastKnownFileType = sourcecode.c.objc; path = TestSimpleUseOfNestedPersistentRoots.m; sourceTree = "<group>"; };
		79156DB91484BE4D00AB66B1 /* TestConcurrentContextModification.m */ = {isa = PBXFileReference; fileEncoding = 4; lastKnownFileType = sourcecode.c.objc; path = TestConcurrentContextModification.m; sourceTree = "<group>"; };
		791A0EB7148AF39000334CB1 /* TestCommon.h */ = {isa = PBXFileReference; fileEncoding = 4; lastKnownFileType = sourcecode.c.h; path = TestCommon.h; sourceTree = "<group>"; };
		792972ED148C4AC100FD35A9 /* TestReferencesBetweenPersistentRoots.m */ = {isa = PBXFileReference; fileEncoding = 4; lastKnownFileType = sourcecode.c.objc; path = TestReferencesBetweenPersistentRoots.m; sourceTree = "<group>"; };
		792972F4148C4CA800FD35A9 /* TestCompositeDocument.m */ = {isa = PBXFileReference; fileEncoding = 4; lastKnownFileType = sourcecode.c.objc; path = TestCompositeDocument.m; sourceTree = "<group>"; };
		792972F9148C4D6D00FD35A9 /* TestUserRequirements.m */ = {isa = PBXFileReference; fileEncoding = 4; lastKnownFileType = sourcecode.c.objc; path = TestUserRequirements.m; sourceTree = "<group>"; };
		79297307148C94FD00FD35A9 /* COItemFactory.h */ = {isa = PBXFileReference; fileEncoding = 4; lastKnownFileType = sourcecode.c.h; path = COItemFactory.h; sourceTree = "<group>"; };
		79297308148C94FD00FD35A9 /* COItemFactory.m */ = {isa = PBXFileReference; fileEncoding = 4; lastKnownFileType = sourcecode.c.objc; path = COItemFactory.m; sourceTree = "<group>"; };
		79926C17148CADF80095A665 /* EWPersistentRootWindowController.h */ = {isa = PBXFileReference; fileEncoding = 4; lastKnownFileType = sourcecode.c.h; path = EWPersistentRootWindowController.h; sourceTree = "<group>"; };
		79926C18148CADF80095A665 /* EWPersistentRootWindowController.m */ = {isa = PBXFileReference; fileEncoding = 4; lastKnownFileType = sourcecode.c.objc; path = EWPersistentRootWindowController.m; sourceTree = "<group>"; };
		79926C1E148CAE390095A665 /* PersistentRootWindow.xib */ = {isa = PBXFileReference; lastKnownFileType = file.xib; path = PersistentRootWindow.xib; sourceTree = "<group>"; };
		79ABB071148ADBA5008732D8 /* COPersistentRootEditingContext+Convenience.h */ = {isa = PBXFileReference; fileEncoding = 4; lastKnownFileType = sourcecode.c.h; path = "COPersistentRootEditingContext+Convenience.h"; sourceTree = "<group>"; };
		79ABB072148ADBA5008732D8 /* COPersistentRootEditingContext+Convenience.m */ = {isa = PBXFileReference; fileEncoding = 4; lastKnownFileType = sourcecode.c.objc; path = "COPersistentRootEditingContext+Convenience.m"; sourceTree = "<group>"; };
/* End PBXFileReference section */

/* Begin PBXFrameworksBuildPhase section */
		66E22EC31421D47100C00A98 /* Frameworks */ = {
			isa = PBXFrameworksBuildPhase;
			buildActionMask = 2147483647;
			files = (
				66E552B5146B7799008FDFAF /* libcrypto.dylib in Frameworks */,
				66E22EC91421D47100C00A98 /* Foundation.framework in Frameworks */,
			);
			runOnlyForDeploymentPostprocessing = 0;
		};
		66EB7566148CA9D300C2114B /* Frameworks */ = {
			isa = PBXFrameworksBuildPhase;
			buildActionMask = 2147483647;
			files = (
				79016345148D4886005A9226 /* libcrypto.dylib in Frameworks */,
				66EB756C148CA9D300C2114B /* Cocoa.framework in Frameworks */,
			);
			runOnlyForDeploymentPostprocessing = 0;
		};
/* End PBXFrameworksBuildPhase section */

/* Begin PBXGroup section */
		662811EB13F8B5000075BBC2 = {
			isa = PBXGroup;
			children = (
				66416D20142D3EE20016501D /* README */,
				66E2A3031430569C00487419 /* TODO */,
				66EE5D3814637418008AA95B /* COPath.h */,
				66EE5D3914637418008AA95B /* COPath.m */,
				66E877691455FE5B006CBE7E /* ETUUID.h */,
				66E8776A1455FE67006CBE7E /* ETUUID.m */,
				66DFAECA142A726100623060 /* test-Prefix.pch */,
				66DFAEC4142A726100623060 /* Common.h */,
				66EDFD8E148EF64600D0DC0B /* New Store Objects */,
				6628FB99142FA65D0072767A /* EWTest.h */,
				6628FB9A142FA65D0072767A /* EWTest.m */,
				66E2A305143057A100487419 /* Store */,
				791A0EBD148AF3C200334CB1 /* Tests */,
				79FB63BD1486ABEF00751E1E /* Tests - docs and code sketch */,
				79FB63B81486ABC600751E1E /* Tests - documented only */,
				6628FB9D142FA7840072767A /* Tests - old */,
				66DFAECB142A726100623060 /* test.1 */,
				66EB7571148CA9D300C2114B /* StoreBrowser */,
				662811F913F8B5010075BBC2 /* Frameworks */,
				662811F713F8B5010075BBC2 /* Products */,
				66E76724148B3CEA009937E8 /* Scraps */,
			);
			sourceTree = "<group>";
		};
		662811F713F8B5010075BBC2 /* Products */ = {
			isa = PBXGroup;
			children = (
				66E22EC61421D47100C00A98 /* nestedversioning */,
				66EB7569148CA9D300C2114B /* StoreBrowser.app */,
			);
			name = Products;
			sourceTree = "<group>";
		};
		662811F913F8B5010075BBC2 /* Frameworks */ = {
			isa = PBXGroup;
			children = (
				66E552B4146B7799008FDFAF /* libcrypto.dylib */,
				66E22EC81421D47100C00A98 /* Foundation.framework */,
				66EB756B148CA9D300C2114B /* Cocoa.framework */,
				66EB756D148CA9D300C2114B /* Other Frameworks */,
			);
			name = Frameworks;
			sourceTree = "<group>";
		};
		6628FB9D142FA7840072767A /* Tests - old */ = {
			isa = PBXGroup;
			children = (
				6628FB9E142FA7840072767A /* TestArrayDiff.m */,
				6628FBA2142FA7840072767A /* TestEditingContext.m */,
				6628FBA4142FA7840072767A /* TestPerformance.m */,
				6628FBA5142FA7840072767A /* TestRelationshipIntegrity.m */,
				6628FBA6142FA7840072767A /* TestStore.m */,
				6628FBA7142FA7840072767A /* TestSynchronization.m */,
				6628FBA8142FA7840072767A /* TestUtilities.m */,
			);
			name = "Tests - old";
			path = Tests;
			sourceTree = "<group>";
		};
		66E2A305143057A100487419 /* Store */ = {
			isa = PBXGroup;
			children = (
				66E877551455F0CB006CBE7E /* COStore.h */,
				66EADD67147345B9003181FC /* COStoreItem.h */,
				66E76734148B3D1C009937E8 /* COStoreItemTree.h */,
				66EE5D34146355A6008AA95B /* COPersistentRootEditingContext.h */,
				66E2FFB614899C7A00C66578 /* COPersistentRootEditingContext+PersistentRoots.h */,
				79ABB071148ADBA5008732D8 /* COPersistentRootEditingContext+Convenience.h */,
				79297307148C94FD00FD35A9 /* COItemFactory.h */,
				66E5CBAB148311A000D01039 /* Implementation */,
			);
			name = Store;
			sourceTree = "<group>";
		};
		66E5CBAB148311A000D01039 /* Implementation */ = {
			isa = PBXGroup;
			children = (
				66EE5D35146355A6008AA95B /* COPersistentRootEditingContext.m */,
				66E2FFB714899C7A00C66578 /* COPersistentRootEditingContext+PersistentRoots.m */,
				79ABB072148ADBA5008732D8 /* COPersistentRootEditingContext+Convenience.m */,
				66E5CBA814830C5700D01039 /* COStorePrivate.h */,
				66E877561455F0CB006CBE7E /* COStore.m */,
				66EADD68147345B9003181FC /* COStoreItem.m */,
				66E76735148B3D1C009937E8 /* COStoreItemTree.m */,
				79297308148C94FD00FD35A9 /* COItemFactory.m */,
			);
			name = Implementation;
			sourceTree = "<group>";
		};
		66E76724148B3CEA009937E8 /* Scraps */ = {
			isa = PBXGroup;
			children = (
				66E7673E148B3DE8009937E8 /* COItemPath.h */,
				66E7673F148B3DE8009937E8 /* COItemPath.m */,
				66E76726148B3D1C009937E8 /* COInMemoryObject.h */,
				66E76727148B3D1C009937E8 /* COInMemoryObject.m */,
				66E76728148B3D1C009937E8 /* COItemFactory.h */,
				66E76729148B3D1C009937E8 /* COItemFactory.m */,
				66E7672A148B3D1C009937E8 /* COObject.h */,
				66E7672B148B3D1C009937E8 /* COObject.m */,
				66E7672C148B3D1C009937E8 /* COObjectContext.h */,
				66E7672D148B3D1C009937E8 /* COObjectContext.m */,
				66E7672E148B3D1C009937E8 /* COPersistentRoot.h */,
				66E7672F148B3D1C009937E8 /* COPersistentRoot.m */,
				66E76730148B3D1C009937E8 /* COPersistentRootDiff.h */,
				66E76731148B3D1C009937E8 /* COPersistentRootDiff.m */,
				66E76732148B3D1C009937E8 /* COSimpleContext.h */,
				66E76733148B3D1C009937E8 /* COSimpleContext.m */,
			);
			path = Scraps;
			sourceTree = "<group>";
		};
		66EB756D148CA9D300C2114B /* Other Frameworks */ = {
			isa = PBXGroup;
			children = (
				66EB756E148CA9D300C2114B /* AppKit.framework */,
				66EB756F148CA9D300C2114B /* CoreData.framework */,
				66EB7570148CA9D300C2114B /* Foundation.framework */,
			);
			name = "Other Frameworks";
			sourceTree = "<group>";
		};
		66EB7571148CA9D300C2114B /* StoreBrowser */ = {
			isa = PBXGroup;
			children = (
				660E66E6148DCC0D0062308D /* folder.png */,
				660E66E7148DCC0D0062308D /* package-x-generic.png */,
				660E66E8148DCC0D0062308D /* text-x-generic.png */,
				66EB757D148CA9D300C2114B /* AppDelegate.h */,
				66EB757E148CA9D300C2114B /* AppDelegate.m */,
				66EB7580148CA9D400C2114B /* MainMenu.xib */,
				66EB7572148CA9D300C2114B /* Supporting Files */,
				79926C17148CADF80095A665 /* EWPersistentRootWindowController.h */,
				79926C18148CADF80095A665 /* EWPersistentRootWindowController.m */,
				660E66E2148D92E00062308D /* EWPersistentRootOutlineRow.h */,
				660E66E3148D92E00062308D /* EWPersistentRootOutlineRow.m */,
				79926C1E148CAE390095A665 /* PersistentRootWindow.xib */,
			);
			path = StoreBrowser;
			sourceTree = "<group>";
		};
		66EB7572148CA9D300C2114B /* Supporting Files */ = {
			isa = PBXGroup;
			children = (
				66EB7573148CA9D300C2114B /* StoreBrowser-Info.plist */,
				66EB7574148CA9D300C2114B /* InfoPlist.strings */,
				66EB7577148CA9D300C2114B /* main.m */,
				66EB7579148CA9D300C2114B /* StoreBrowser-Prefix.pch */,
				66EB757A148CA9D300C2114B /* Credits.rtf */,
			);
			name = "Supporting Files";
			sourceTree = "<group>";
		};
		66EDFD8E148EF64600D0DC0B /* New Store Objects */ = {
			isa = PBXGroup;
			children = (
				66EDFD90148EF6D700D0DC0B /* COFaultProvider.h */,
				66EDFD91148EF72000D0DC0B /* COItem.h */,
				66EDFD92148EF72000D0DC0B /* COItem.m */,
				66EDFD94148EF73200D0DC0B /* COType.h */,
				66EDFD95148EF73200D0DC0B /* COType.m */,
				66EDFD97148EF88400D0DC0B /* COItemTree.h */,
				66EDFD98148EF88400D0DC0B /* COItemTree.m */,
				66EDFD9A148F557800D0DC0B /* COMutableLayer.h */,
				66EDFD9B148F557800D0DC0B /* COMutableLayer.m */,
			);
			name = "New Store Objects";
			sourceTree = "<group>";
		};
		791A0EBD148AF3C200334CB1 /* Tests */ = {
			isa = PBXGroup;
			children = (
				791A0EB7148AF39000334CB1 /* TestCommon.h */,
				66DFAEBF142A726100623060 /* main.m */,
				66EADD6414732AEE003181FC /* TestUndo.m */,
				66F4E315147C59F0004FC1BA /* TestTagging.m */,
			);
			path = Tests;
			sourceTree = "<group>";
		};
		79FB63B81486ABC600751E1E /* Tests - documented only */ = {
			isa = PBXGroup;
			children = (
				790B1AE81485B184001ED869 /* TestSimpleUseOfNestedPersistentRoots.m */,
				6628FBA1142FA7840072767A /* TestCopyEmbeddedObjects.m */,
				6628FBA3142FA7840072767A /* TestHistoryTrack.m */,
				79156DB91484BE4D00AB66B1 /* TestConcurrentContextModification.m */,
				66F4E319147C606A004FC1BA /* TestGameEditor.m */,
				66E46D47146A3D490042123E /* TestDeletion.m */,
				66E0189E146468F6000EB1E0 /* TestBLOB.m */,
				792972ED148C4AC100FD35A9 /* TestReferencesBetweenPersistentRoots.m */,
				792972F4148C4CA800FD35A9 /* TestCompositeDocument.m */,
				792972F9148C4D6D00FD35A9 /* TestUserRequirements.m */,
			);
			name = "Tests - documented only";
			path = Tests;
			sourceTree = "<group>";
		};
		79FB63BD1486ABEF00751E1E /* Tests - docs and code sketch */ = {
			isa = PBXGroup;
			children = (
				66EE5D491463AD67008AA95B /* TestBranchesAndCopies.m */,
				66E0189B146455C8000EB1E0 /* TestPhotoMontage.m */,
				66E5CABB147B4E42002DE8FD /* TestPhotoManager.m */,
			);
			name = "Tests - docs and code sketch";
			path = Tests;
			sourceTree = "<group>";
		};
/* End PBXGroup section */

/* Begin PBXNativeTarget section */
		66E22EC51421D47100C00A98 /* nestedversioning */ = {
			isa = PBXNativeTarget;
			buildConfigurationList = 66E22ED11421D47100C00A98 /* Build configuration list for PBXNativeTarget "nestedversioning" */;
			buildPhases = (
				66E22EC21421D47100C00A98 /* Sources */,
				66E22EC31421D47100C00A98 /* Frameworks */,
				66E22EC41421D47100C00A98 /* CopyFiles */,
			);
			buildRules = (
			);
			dependencies = (
			);
			name = nestedversioning;
			productName = test;
			productReference = 66E22EC61421D47100C00A98 /* nestedversioning */;
			productType = "com.apple.product-type.tool";
		};
		66EB7568148CA9D300C2114B /* StoreBrowser */ = {
			isa = PBXNativeTarget;
			buildConfigurationList = 66EB7583148CA9D400C2114B /* Build configuration list for PBXNativeTarget "StoreBrowser" */;
			buildPhases = (
				66EB7565148CA9D300C2114B /* Sources */,
				66EB7566148CA9D300C2114B /* Frameworks */,
				66EB7567148CA9D300C2114B /* Resources */,
			);
			buildRules = (
			);
			dependencies = (
			);
			name = StoreBrowser;
			productName = StoreBrowser;
			productReference = 66EB7569148CA9D300C2114B /* StoreBrowser.app */;
			productType = "com.apple.product-type.application";
		};
/* End PBXNativeTarget section */

/* Begin PBXProject section */
		662811ED13F8B5000075BBC2 /* Project object */ = {
			isa = PBXProject;
			attributes = {
				LastUpgradeCheck = 0420;
			};
			buildConfigurationList = 662811F013F8B5000075BBC2 /* Build configuration list for PBXProject "nestedversioning" */;
			compatibilityVersion = "Xcode 3.2";
			developmentRegion = English;
			hasScannedForEncodings = 0;
			knownRegions = (
				en,
			);
			mainGroup = 662811EB13F8B5000075BBC2;
			productRefGroup = 662811F713F8B5010075BBC2 /* Products */;
			projectDirPath = "";
			projectRoot = "";
			targets = (
				66E22EC51421D47100C00A98 /* nestedversioning */,
				66EB7568148CA9D300C2114B /* StoreBrowser */,
			);
		};
/* End PBXProject section */

/* Begin PBXResourcesBuildPhase section */
		66EB7567148CA9D300C2114B /* Resources */ = {
			isa = PBXResourcesBuildPhase;
			buildActionMask = 2147483647;
			files = (
				66EB7576148CA9D300C2114B /* InfoPlist.strings in Resources */,
				66EB757C148CA9D300C2114B /* Credits.rtf in Resources */,
				66EB7582148CA9D400C2114B /* MainMenu.xib in Resources */,
				79926C1F148CAE390095A665 /* PersistentRootWindow.xib in Resources */,
				660E66E9148DCC0D0062308D /* folder.png in Resources */,
				660E66EA148DCC0D0062308D /* package-x-generic.png in Resources */,
				660E66EB148DCC0D0062308D /* text-x-generic.png in Resources */,
			);
			runOnlyForDeploymentPostprocessing = 0;
		};
/* End PBXResourcesBuildPhase section */

/* Begin PBXSourcesBuildPhase section */
		66E22EC21421D47100C00A98 /* Sources */ = {
			isa = PBXSourcesBuildPhase;
			buildActionMask = 2147483647;
			files = (
				66E76749148B4813009937E8 /* COStoreItemTree.m in Sources */,
				66DFAED0142A726100623060 /* main.m in Sources */,
				6628FB9B142FA65D0072767A /* EWTest.m in Sources */,
				66E877571455F0CB006CBE7E /* COStore.m in Sources */,
				66E8776B1455FE67006CBE7E /* ETUUID.m in Sources */,
				66EE5D36146355A6008AA95B /* COPersistentRootEditingContext.m in Sources */,
				66EE5D3A14637418008AA95B /* COPath.m in Sources */,
				66EE5D4A1463AD68008AA95B /* TestBranchesAndCopies.m in Sources */,
				66E0189C146455C8000EB1E0 /* TestPhotoMontage.m in Sources */,
				66E0189F146468F6000EB1E0 /* TestBLOB.m in Sources */,
				66E46D48146A3D490042123E /* TestDeletion.m in Sources */,
				66EADD6514732AEE003181FC /* TestUndo.m in Sources */,
				66EADD69147345B9003181FC /* COStoreItem.m in Sources */,
				66E5CABC147B4E42002DE8FD /* TestPhotoManager.m in Sources */,
				66F4E316147C59F0004FC1BA /* TestTagging.m in Sources */,
				66F4E31A147C606A004FC1BA /* TestGameEditor.m in Sources */,
				79156DBA1484BE4D00AB66B1 /* TestConcurrentContextModification.m in Sources */,
				790B1AE91485B184001ED869 /* TestSimpleUseOfNestedPersistentRoots.m in Sources */,
				66E2FFB814899C7B00C66578 /* COPersistentRootEditingContext+PersistentRoots.m in Sources */,
				79ABB073148ADBA5008732D8 /* COPersistentRootEditingContext+Convenience.m in Sources */,
				792972EE148C4AC100FD35A9 /* TestReferencesBetweenPersistentRoots.m in Sources */,
				792972F5148C4CA800FD35A9 /* TestCompositeDocument.m in Sources */,
				792972FA148C4D6D00FD35A9 /* TestUserRequirements.m in Sources */,
				79297309148C94FD00FD35A9 /* COItemFactory.m in Sources */,
				66EDFD93148EF72000D0DC0B /* COItem.m in Sources */,
				66EDFD96148EF73200D0DC0B /* COType.m in Sources */,
				66EDFD99148EF88400D0DC0B /* COItemTree.m in Sources */,
				66EDFD9C148F557800D0DC0B /* COMutableLayer.m in Sources */,
			);
			runOnlyForDeploymentPostprocessing = 0;
		};
		66EB7565148CA9D300C2114B /* Sources */ = {
			isa = PBXSourcesBuildPhase;
			buildActionMask = 2147483647;
			files = (
				66EB7578148CA9D300C2114B /* main.m in Sources */,
				66EB757F148CA9D300C2114B /* AppDelegate.m in Sources */,
				79926C19148CADF80095A665 /* EWPersistentRootWindowController.m in Sources */,
				79016346148D4899005A9226 /* COPath.m in Sources */,
				79016347148D4899005A9226 /* ETUUID.m in Sources */,
				79016348148D4899005A9226 /* COPersistentRootEditingContext.m in Sources */,
				79016349148D4899005A9226 /* COPersistentRootEditingContext+PersistentRoots.m in Sources */,
				7901634A148D4899005A9226 /* COPersistentRootEditingContext+Convenience.m in Sources */,
				7901634B148D4899005A9226 /* COStore.m in Sources */,
				7901634C148D4899005A9226 /* COStoreItem.m in Sources */,
				7901634D148D4899005A9226 /* COStoreItemTree.m in Sources */,
				7901634E148D4899005A9226 /* COItemFactory.m in Sources */,
				660E66E4148D92E00062308D /* EWPersistentRootOutlineRow.m in Sources */,
			);
			runOnlyForDeploymentPostprocessing = 0;
		};
/* End PBXSourcesBuildPhase section */

/* Begin PBXVariantGroup section */
		66EB7574148CA9D300C2114B /* InfoPlist.strings */ = {
			isa = PBXVariantGroup;
			children = (
				66EB7575148CA9D300C2114B /* en */,
			);
			name = InfoPlist.strings;
			sourceTree = "<group>";
		};
		66EB757A148CA9D300C2114B /* Credits.rtf */ = {
			isa = PBXVariantGroup;
			children = (
				66EB757B148CA9D300C2114B /* en */,
			);
			name = Credits.rtf;
			sourceTree = "<group>";
		};
		66EB7580148CA9D400C2114B /* MainMenu.xib */ = {
			isa = PBXVariantGroup;
			children = (
				66EB7581148CA9D400C2114B /* en */,
			);
			name = MainMenu.xib;
			sourceTree = "<group>";
		};
/* End PBXVariantGroup section */

/* Begin XCBuildConfiguration section */
		6628122A13F8B5010075BBC2 /* Debug */ = {
			isa = XCBuildConfiguration;
			buildSettings = {
				ALWAYS_SEARCH_USER_PATHS = NO;
				ARCHS = "$(ARCHS_STANDARD_64_BIT)";
				COPY_PHASE_STRIP = NO;
				GCC_C_LANGUAGE_STANDARD = gnu99;
				GCC_DYNAMIC_NO_PIC = NO;
				GCC_ENABLE_OBJC_EXCEPTIONS = YES;
				GCC_OPTIMIZATION_LEVEL = 0;
				GCC_PREPROCESSOR_DEFINITIONS = (
					"DEBUG=1",
					"$(inherited)",
				);
				GCC_SYMBOLS_PRIVATE_EXTERN = NO;
				GCC_VERSION = com.apple.compilers.llvm.clang.1_0;
				GCC_WARN_64_TO_32_BIT_CONVERSION = YES;
				GCC_WARN_ABOUT_MISSING_PROTOTYPES = YES;
				GCC_WARN_ABOUT_RETURN_TYPE = YES;
				GCC_WARN_UNUSED_VARIABLE = YES;
				MACOSX_DEPLOYMENT_TARGET = 10.7;
				ONLY_ACTIVE_ARCH = YES;
				SDKROOT = macosx;
			};
			name = Debug;
		};
		6628122B13F8B5010075BBC2 /* Release */ = {
			isa = XCBuildConfiguration;
			buildSettings = {
				ALWAYS_SEARCH_USER_PATHS = NO;
				ARCHS = "$(ARCHS_STANDARD_64_BIT)";
				COPY_PHASE_STRIP = YES;
				DEBUG_INFORMATION_FORMAT = "dwarf-with-dsym";
				GCC_C_LANGUAGE_STANDARD = gnu99;
				GCC_ENABLE_OBJC_EXCEPTIONS = YES;
				GCC_VERSION = com.apple.compilers.llvm.clang.1_0;
				GCC_WARN_64_TO_32_BIT_CONVERSION = YES;
				GCC_WARN_ABOUT_MISSING_PROTOTYPES = YES;
				GCC_WARN_ABOUT_RETURN_TYPE = YES;
				GCC_WARN_UNUSED_VARIABLE = YES;
				MACOSX_DEPLOYMENT_TARGET = 10.7;
				SDKROOT = macosx;
			};
			name = Release;
		};
		66E22ED21421D47100C00A98 /* Debug */ = {
			isa = XCBuildConfiguration;
			buildSettings = {
				GCC_PRECOMPILE_PREFIX_HEADER = YES;
				GCC_PREFIX_HEADER = "test-Prefix.pch";
				PRODUCT_NAME = nestedversioning;
			};
			name = Debug;
		};
		66E22ED31421D47100C00A98 /* Release */ = {
			isa = XCBuildConfiguration;
			buildSettings = {
				GCC_PRECOMPILE_PREFIX_HEADER = YES;
				GCC_PREFIX_HEADER = "test-Prefix.pch";
				PRODUCT_NAME = nestedversioning;
			};
			name = Release;
		};
		66EB7584148CA9D400C2114B /* Debug */ = {
			isa = XCBuildConfiguration;
			buildSettings = {
				GCC_PRECOMPILE_PREFIX_HEADER = YES;
				GCC_PREFIX_HEADER = "StoreBrowser/StoreBrowser-Prefix.pch";
				INFOPLIST_FILE = "StoreBrowser/StoreBrowser-Info.plist";
				MACOSX_DEPLOYMENT_TARGET = "";
				PRODUCT_NAME = "$(TARGET_NAME)";
				WRAPPER_EXTENSION = app;
			};
			name = Debug;
		};
		66EB7585148CA9D400C2114B /* Release */ = {
			isa = XCBuildConfiguration;
			buildSettings = {
				GCC_PRECOMPILE_PREFIX_HEADER = YES;
				GCC_PREFIX_HEADER = "StoreBrowser/StoreBrowser-Prefix.pch";
				INFOPLIST_FILE = "StoreBrowser/StoreBrowser-Info.plist";
				MACOSX_DEPLOYMENT_TARGET = "";
				PRODUCT_NAME = "$(TARGET_NAME)";
				WRAPPER_EXTENSION = app;
			};
			name = Release;
		};
/* End XCBuildConfiguration section */

/* Begin XCConfigurationList section */
		662811F013F8B5000075BBC2 /* Build configuration list for PBXProject "nestedversioning" */ = {
			isa = XCConfigurationList;
			buildConfigurations = (
				6628122A13F8B5010075BBC2 /* Debug */,
				6628122B13F8B5010075BBC2 /* Release */,
			);
			defaultConfigurationIsVisible = 0;
			defaultConfigurationName = Release;
		};
		66E22ED11421D47100C00A98 /* Build configuration list for PBXNativeTarget "nestedversioning" */ = {
			isa = XCConfigurationList;
			buildConfigurations = (
				66E22ED21421D47100C00A98 /* Debug */,
				66E22ED31421D47100C00A98 /* Release */,
			);
			defaultConfigurationIsVisible = 0;
			defaultConfigurationName = Release;
		};
		66EB7583148CA9D400C2114B /* Build configuration list for PBXNativeTarget "StoreBrowser" */ = {
			isa = XCConfigurationList;
			buildConfigurations = (
				66EB7584148CA9D400C2114B /* Debug */,
				66EB7585148CA9D400C2114B /* Release */,
			);
			defaultConfigurationIsVisible = 0;
			defaultConfigurationName = Release;
		};
/* End XCConfigurationList section */
	};
	rootObject = 662811ED13F8B5000075BBC2 /* Project object */;
}
